PODS:
  - Action (3.5.0):
    - RxCocoa (~> 4.0)
    - RxSwift (~> 4.0)
  - ActionSheetPicker-3.0 (2.3.0)
  - Alamofire (4.7.3)
  - APIKit (3.2.1):
    - Result (~> 3.0)
  - BaiduMobStat (4.9.1)
  - BigInt (3.1.0):
    - SipHash (~> 1.2)
  - ChameleonFramework/Default (2.1.0)
  - ChameleonFramework/Swift (2.1.0):
    - ChameleonFramework/Default
  - CryptoSwift (0.12.0)
  - Differentiator (3.1.0)
  - Eureka (4.2.0)
  - JSONRPCKit (3.0.0):
    - Result (~> 3.2.0)
  - KeychainSwift (11.0.0)
  - KMNavigationBarTransition (1.1.5)
  - libEd25519Blake2b (0.0.6)
  - MBProgressHUD (1.1.0)
  - MJRefresh (3.1.15.7)
  - Moya (11.0.2):
    - Moya/Core (= 11.0.2)
  - Moya/Core (11.0.2):
    - Alamofire (~> 4.1)
    - Result (~> 3.0)
  - "NSObject+Rx (4.3.0)":
    - RxSwift (~> 4.0)
  - ObjectMapper (3.3.0)
  - PromiseKit (6.4.0):
    - PromiseKit/CorePromise (= 6.4.0)
    - PromiseKit/Foundation (= 6.4.0)
    - PromiseKit/UIKit (= 6.4.0)
  - PromiseKit/CorePromise (6.4.0)
  - PromiseKit/Foundation (6.4.0):
    - PromiseKit/CorePromise
  - PromiseKit/UIKit (6.4.0):
    - PromiseKit/CorePromise
  - R.swift (4.0.0):
    - R.swift.Library (~> 4.0.0)
  - R.swift.Library (4.0.0)
  - Result (3.2.4)
  - ReusableKit (2.0.1):
    - ReusableKit/Core (= 2.0.1)
  - ReusableKit/Core (2.0.1)
  - RxCocoa (4.3.0):
    - RxSwift (~> 4.0)
  - RxDataSources (3.1.0):
    - Differentiator (~> 3.0)
    - RxCocoa (~> 4.0)
    - RxSwift (~> 4.0)
  - RxGesture (1.2.1):
    - RxCocoa (~> 4.0)
    - RxSwift (~> 4.0)
  - RxSwift (4.3.0)
  - SipHash (1.2.2)
  - SnapKit (4.0.0)
  - SwiftLint (0.27.0)
  - Then (2.3.0)
  - Toast-Swift (3.0.1)
  - Vite-keystore (0.0.1):
    - BigInt (~> 3.0)
    - CryptoSwift (~> 0.12.0)
    - KeychainSwift
    - libEd25519Blake2b (~> 0.0.6)
    - ObjectMapper

DEPENDENCIES:
  - Action
  - ActionSheetPicker-3.0
  - APIKit
  - BaiduMobStat
  - BigInt (~> 3.0)
  - ChameleonFramework/Swift (from `https://github.com/ViccAlexander/Chameleon.git`)
  - Eureka
  - JSONRPCKit
  - KeychainSwift
  - KMNavigationBarTransition
  - MBProgressHUD
  - MJRefresh
  - Moya
  - "NSObject+Rx"
  - ObjectMapper
  - PromiseKit (~> 6.0)
  - R.swift
  - ReusableKit
  - RxCocoa
  - RxDataSources (~> 3.0)
  - RxGesture
  - RxSwift (~> 4.0)
  - SnapKit (~> 4.0.0)
  - SwiftLint
  - Then
  - Toast-Swift (~> 3.0.1)
  - Vite-keystore (from `../vite-keystore-ios`)

SPEC REPOS:
  https://github.com/cocoapods/specs.git:
    - Action
    - ActionSheetPicker-3.0
    - Alamofire
    - APIKit
    - BaiduMobStat
    - BigInt
    - CryptoSwift
    - Differentiator
    - Eureka
    - JSONRPCKit
    - KeychainSwift
    - KMNavigationBarTransition
    - libEd25519Blake2b
    - MBProgressHUD
    - MJRefresh
    - Moya
    - "NSObject+Rx"
    - ObjectMapper
    - PromiseKit
    - R.swift
    - R.swift.Library
    - Result
    - ReusableKit
    - RxCocoa
    - RxDataSources
    - RxGesture
    - RxSwift
    - SipHash
    - SnapKit
    - SwiftLint
    - Then
    - Toast-Swift

EXTERNAL SOURCES:
  ChameleonFramework:
    :git: https://github.com/ViccAlexander/Chameleon.git
  Vite-keystore:
    :path: "../vite-keystore-ios"

CHECKOUT OPTIONS:
  ChameleonFramework:
    :commit: 6dd284bde21ea2e7f9fd89bc36f40df16e16369d
    :git: https://github.com/ViccAlexander/Chameleon.git

SPEC CHECKSUMS:
  Action: d60087ebce41b969d1afdad01e2fa1372a82f26e
  ActionSheetPicker-3.0: eef157d75e151f255c5333d26656c7fbfe905a51
  Alamofire: c7287b6e5d7da964a70935e5db17046b7fde6568
  APIKit: a39ff72ac44efc15513fd1b98800f63c525be61b
  BaiduMobStat: e2dbfd44f1535adf3c0001cbd3212eb61c4fe639
  BigInt: 76b5dfdfa3e2e478d4ffdf161aeede5502e2742f
  ChameleonFramework: d21a3cc247abfe5e37609a283a8238b03575cf64
  CryptoSwift: 1c07ca50843dd48bc54e6ea53d7a4dba3b645716
  Differentiator: be49ca3408f0ecfc761e4c7763d20c62be01b9ad
  Eureka: 0748c7bbb2560130e43c7bfa83e99c98854a1f42
  JSONRPCKit: 50e0dc5e7f873e87f81562feb8836b7d1974da6d
  KeychainSwift: bea6bd9f98af7b8d7ca4aa79fe105c00fab532db
  KMNavigationBarTransition: 7a52c9bc25b39b6e3343e980b453facee1591b82
  libEd25519Blake2b: e73e268d598795e86d75094c6d7ed11c457cd067
  MBProgressHUD: e7baa36a220447d8aeb12769bf0585582f3866d9
  MJRefresh: 697f8ec75ebdbe9207767bb682cf0f51b0d8a41f
  Moya: a725035953bc1c0eb1be505ab903984501d82440
  "NSObject+Rx": 9a5eeff5e08156f849fa973514456f28eef08742
  ObjectMapper: b612bf8c8e99c4dc0bb6013a51f7c27966ed5da9
  PromiseKit: ae3616f45d7bb9bf4ff1e91abc9b7a8c48a340e0
  R.swift: d6a5ec2f55a8441dc0ed9f1f8b37d7d11ae85c66
  R.swift.Library: c3af34921024333546e23b70e70d0b4e0cffca75
  Result: d2d07204ce72856f1fd9130bbe42c35a7b0fea10
  ReusableKit: 11b5bde14553a35bcf3979412dbfd1e690392f14
  RxCocoa: 71b9cce833fbcb89a8eec11816dd225830c2bd3c
  RxDataSources: a843bad90c29817f5923ec8163f4af2de084ceb3
  RxGesture: c278eb05b187abd47e11e65464ae4de53ab71d95
  RxSwift: a9717a34df3179fe63563f76e046ad345078dd3a
  SipHash: fad90a4683e420c52ef28063063dbbce248ea6d4
  SnapKit: a42d492c16e80209130a3379f73596c3454b7694
  SwiftLint: 3207c1faa2240bf8973b191820a116113cd11073
  Then: ee21c97b85ff6062b9b0080c9abb1eea46743345
  Toast-Swift: ba0b01b095aada709d915f9beb1d38184a2721c3
  Vite-keystore: 7067da9e87220f31c8378bc7b6424c8c2775510a

PODFILE CHECKSUM: 0a34cc3838e78b67d08cd18744c41654db2f40f8

COCOAPODS: 1.5.3
