PODS:
  - Action (4.3.0):
    - RxCocoa (~> 6.0)
    - RxSwift (~> 6.0)
  - ActionSheetPicker-3.0 (2.3.0)
  - ActiveLabel (1.1.0)
  - Alamofire (4.9.1)
  - APIKit (5.0.0)
  - Bagel (1.3.2):
    - CocoaAsyncSocket
  - BigInt (5.2.0)
  - Charts (4.1.0):
    - Charts/Core (= 4.1.0)
  - Charts/Core (4.1.0):
    - SwiftAlgorithms (~> 1.0)
  - CHIPageControl (0.2):
    - CHIPageControl/Aji (= 0.2)
    - CHIPageControl/Aleppo (= 0.2)
    - CHIPageControl/Chimayo (= 0.2)
    - CHIPageControl/Fresno (= 0.2)
    - CHIPageControl/Jalapeno (= 0.2)
    - CHIPageControl/Jaloro (= 0.2)
    - CHIPageControl/Paprika (= 0.2)
    - CHIPageControl/Puya (= 0.2)
  - CHIPageControl/Aji (0.2)
  - CHIPageControl/Aleppo (0.2)
  - CHIPageControl/Chimayo (0.2)
  - CHIPageControl/Fresno (0.2)
  - CHIPageControl/Jalapeno (0.2)
  - CHIPageControl/Jaloro (0.2)
  - CHIPageControl/Paprika (0.2)
  - CHIPageControl/Puya (0.2)
  - CocoaAsyncSocket (7.6.3)
  - CryptoSwift (1.4.0)
  - DACircularProgress (2.3.1)
  - Differentiator (5.0.0)
  - Eureka (5.3.2)
  - FSPagerView (0.8.3)
  - HDWalletKit (0.3.6):
    - CryptoSwift (~> 1.4.0)
    - secp256k1.c (~> 0.1)
  - JSONRPCKit (3.0.0):
    - Result (~> 3.2.0)
  - KeychainSwift (13.0.0)
  - Kingfisher (4.10.1)
  - KMNavigationBarTransition (1.1.8)
  - MBProgressHUD (1.1.0)
  - MJRefresh (3.1.15.7)
  - Moya (11.0.2):
    - Moya/Core (= 11.0.2)
  - Moya/Core (11.0.2):
    - Alamofire (~> 4.1)
    - Result (~> 3.0)
  - "NSObject+Rx (5.2.2)":
    - RxSwift (~> 6.2)
  - NYXImagesKit (2.3)
  - ObjcExceptionBridging (1.0.1):
    - ObjcExceptionBridging/ObjcExceptionBridging (= 1.0.1)
  - ObjcExceptionBridging/ObjcExceptionBridging (1.0.1)
  - ObjectMapper (3.5.1)
  - pop (1.0.12)
  - PPBadgeViewSwift (3.1.0)
  - PromiseKit (6.8.5):
    - PromiseKit/CorePromise (= 6.8.5)
    - PromiseKit/Foundation (= 6.8.5)
    - PromiseKit/UIKit (= 6.8.5)
  - PromiseKit/Alamofire (6.8.5):
    - Alamofire (~> 4.0)
    - PromiseKit/CorePromise
  - PromiseKit/CorePromise (6.8.5)
  - PromiseKit/Foundation (6.8.5):
    - PromiseKit/CorePromise
  - PromiseKit/UIKit (6.8.5):
    - PromiseKit/CorePromise
  - R.swift (5.0.0.alpha.3):
    - R.swift.Library (~> 5.0.0.alpha.2)
  - R.swift.Library (5.0.1)
  - RazzleDazzle (0.1.5)
  - ReactorKit (3.2.0):
    - RxSwift (~> 6.0)
    - WeakMapTable (~> 1.1)
  - Result (3.2.4)
  - ReusableKit (4.0.0):
    - ReusableKit/Core (= 4.0.0)
  - ReusableKit/Core (4.0.0)
  - RxCocoa (6.6.0):
    - RxRelay (= 6.6.0)
    - RxSwift (= 6.6.0)
  - RxDataSources (5.0.0):
    - Differentiator (~> 5.0)
    - RxCocoa (~> 6.0)
    - RxSwift (~> 6.0)
  - RxGesture (4.0.4):
    - RxCocoa (~> 6.0)
    - RxSwift (~> 6.0)
  - RxOptional (5.0.2):
    - RxCocoa (~> 6.0)
    - RxSwift (~> 6.0)
  - RxRelay (6.6.0):
    - RxSwift (= 6.6.0)
  - RxSwift (6.6.0)
  - secp256k1.c (0.1.2)
  - SnapKit (4.0.1)
  - Starscream (3.1.1)
  - SwiftAlgorithms (1.0.0)
  - SwiftLint (0.31.0)
  - SwiftProtobuf (1.17.0)
  - SwiftyJSON (4.3.0)
  - Then (2.6.0)
  - Toast-Swift (4.0.1)
  - TrezorCryptoEd25519WithBlake2b (0.0.1)
  - URLNavigator (2.5.1)
  - Vite_HDWalletKit (1.4.0):
    - BigInt
    - CryptoSwift (= 1.4.0)
    - TrezorCryptoEd25519WithBlake2b (~> 0.0.1)
  - ViteBusiness (0.0.1):
    - Action (~> 4.0)
    - ActionSheetPicker-3.0
    - ActiveLabel (= 1.1.0)
    - Alamofire
    - APIKit
    - BigInt
    - Charts (= 4.1.0)
    - CHIPageControl
    - CryptoSwift
    - DACircularProgress (= 2.3.1)
    - Eureka (~> 5.3.0)
    - FSPagerView
    - JSONRPCKit (~> 3.0.0)
    - KeychainSwift
    - Kingfisher (~> 4.0)
    - KMNavigationBarTransition (= 1.1.8)
    - MBProgressHUD
    - MJRefresh
    - Moya
    - "NSObject+Rx (~> 5.2.2)"
    - NYXImagesKit (= 2.3)
    - ObjectMapper (= 3.5.1)
    - pop (~> 1.0)
    - PPBadgeViewSwift (= 3.1.0)
    - PromiseKit (~> 6.0)
    - PromiseKit/Alamofire
    - R.swift (= 5.0.0.alpha.3)
    - RazzleDazzle
    - ReactorKit (~> 3.2.0)
    - ReusableKit (~> 4.0)
    - RxCocoa (~> 6.0)
    - RxDataSources (~> 5.0)
    - RxGesture (~> 4.0.4)
    - RxOptional (~> 5.0)
    - RxSwift (~> 6.0)
    - SnapKit (~> 4.0.0)
    - Starscream
    - SwiftLint
    - SwiftProtobuf
    - SwiftyJSON
    - Then
    - Toast-Swift (~> 4.0.1)
    - URLNavigator
    - Vite_HDWalletKit
    - ViteWallet
    - web3swift
    - XCGLogger (~> 7.0)
  - ViteCommunity (0.1.0):
    - FSPagerView
    - Moya
    - R.swift
    - URLNavigator
    - ViteBusiness
  - ViteWallet (0.1.0):
    - APIKit
    - BigInt
    - CryptoSwift
    - JSONRPCKit
    - ObjectMapper
    - PromiseKit
    - SwiftyJSON
    - Vite_HDWalletKit
  - WeakMapTable (1.2.0)
  - web3swift (2.3.0):
    - BigInt (~> 5.0)
    - CryptoSwift (~> 1.4.0)
    - PromiseKit (~> 6.8.4)
    - secp256k1.c (~> 0.1)
    - Starscream (~> 3.1.0)
  - XCGLogger (7.0.0):
    - XCGLogger/Core (= 7.0.0)
  - XCGLogger/Core (7.0.0):
    - ObjcExceptionBridging

DEPENDENCIES:
  - Action (~> 4.0)
  - ActionSheetPicker-3.0
  - APIKit
  - Bagel (~> 1.3.2)
  - BigInt (~> 5.0)
  - Charts (from `https://github.com/danielgindi/Charts.git`, tag `v4.1.0`)
  - CHIPageControl
  - DACircularProgress (= 2.3.1)
  - Eureka (~> 5.3.0)
  - FSPagerView
  - HDWalletKit (from `https://github.com/vitelabs/HDWallet.git`, commit `26df860a4ce7cb26e299aa4f3e0338e8e7041b26`)
  - JSONRPCKit (~> 3.0.0)
  - KeychainSwift (= 13.0.0)
  - Kingfisher (~> 4.0)
  - KMNavigationBarTransition
  - MBProgressHUD
  - MJRefresh (= 3.1.15.7)
  - Moya
  - "NSObject+Rx (~> 5.2.2)"
  - NYXImagesKit (= 2.3)
  - ObjectMapper
  - pop (~> 1.0)
  - PromiseKit (~> 6.8.4)
  - R.swift (= 5.0.0.alpha.3)
  - RazzleDazzle (from `https://github.com/mazhigbee-pb/RazzleDazzle.git`, branch `xcode-13-beta-fixes`)
  - ReactorKit (~> 3.2.0)
  - ReusableKit (~> 4.0)
  - RxCocoa (~> 6.0)
  - RxDataSources (~> 5.0)
  - RxGesture (~> 4.0.4)
  - RxOptional (~> 5.0)
  - RxSwift (~> 6.0)
  - SnapKit (~> 4.0.0)
  - SwiftLint (= 0.31.0)
  - SwiftProtobuf (= 1.17.0)
  - SwiftyJSON
  - Then
  - Toast-Swift (~> 4.0.1)
  - Vite_HDWalletKit (from `https://github.com/vitelabs/vite-hd-wallet-kit-ios.git`, commit `db67644220ab1582459d08d47119ed26dcba8d47`)
  - ViteBusiness (from `https://github.com/vitelabs/vite-business-ios.git`, commit `5426dea7ce6fc2a02ce23985ced7fc9d961ec52e`)
  - "ViteCommunity (from `git@github.com:vitelabs/vite-community-ios.git`, commit `ab006971c2b605c60c83424fe5b96846cbdf4216`)"
  - ViteWallet (from `https://github.com/vitelabs/vite-swift-kit.git`, commit `981a92d5012a0dcae0324b29e8657e78bced55ed`)
  - web3swift (from `https://github.com/vitelabs/web3swift.git`, commit `d2507cce4faa17916efa14fd84922a3e6b411634`)
  - XCGLogger (~> 7.0)

SPEC REPOS:
  https://github.com/CocoaPods/Specs.git:
    - Action
    - ActionSheetPicker-3.0
    - ActiveLabel
    - Alamofire
    - APIKit
    - Bagel
    - BigInt
    - CHIPageControl
    - CocoaAsyncSocket
    - CryptoSwift
    - DACircularProgress
    - Differentiator
    - Eureka
    - FSPagerView
    - JSONRPCKit
    - KeychainSwift
    - Kingfisher
    - KMNavigationBarTransition
    - MBProgressHUD
    - MJRefresh
    - Moya
    - "NSObject+Rx"
    - NYXImagesKit
    - ObjcExceptionBridging
    - ObjectMapper
    - pop
    - PPBadgeViewSwift
    - PromiseKit
    - R.swift
    - R.swift.Library
    - ReactorKit
    - Result
    - ReusableKit
    - RxCocoa
    - RxDataSources
    - RxGesture
    - RxOptional
    - RxRelay
    - RxSwift
    - secp256k1.c
    - SnapKit
    - Starscream
    - SwiftAlgorithms
    - SwiftLint
    - SwiftProtobuf
    - SwiftyJSON
    - Then
    - Toast-Swift
    - TrezorCryptoEd25519WithBlake2b
    - URLNavigator
    - WeakMapTable
    - XCGLogger

EXTERNAL SOURCES:
  Charts:
    :git: https://github.com/danielgindi/Charts.git
    :tag: v4.1.0
  HDWalletKit:
    :commit: 26df860a4ce7cb26e299aa4f3e0338e8e7041b26
    :git: https://github.com/vitelabs/HDWallet.git
  RazzleDazzle:
    :branch: xcode-13-beta-fixes
    :git: https://github.com/mazhigbee-pb/RazzleDazzle.git
  Vite_HDWalletKit:
    :commit: db67644220ab1582459d08d47119ed26dcba8d47
    :git: https://github.com/vitelabs/vite-hd-wallet-kit-ios.git
  ViteBusiness:
    :commit: 5426dea7ce6fc2a02ce23985ced7fc9d961ec52e
    :git: https://github.com/vitelabs/vite-business-ios.git
  ViteCommunity:
    :commit: ab006971c2b605c60c83424fe5b96846cbdf4216
    :git: "git@github.com:vitelabs/vite-community-ios.git"
  ViteWallet:
    :commit: 981a92d5012a0dcae0324b29e8657e78bced55ed
    :git: https://github.com/vitelabs/vite-swift-kit.git
  web3swift:
    :commit: d2507cce4faa17916efa14fd84922a3e6b411634
    :git: https://github.com/vitelabs/web3swift.git

CHECKOUT OPTIONS:
  Charts:
    :git: https://github.com/danielgindi/Charts.git
    :tag: v4.1.0
  HDWalletKit:
    :commit: 26df860a4ce7cb26e299aa4f3e0338e8e7041b26
    :git: https://github.com/vitelabs/HDWallet.git
  RazzleDazzle:
    :commit: 5d07292537f20a0b97dcd0d0ff5206fc94a6cbbc
    :git: https://github.com/mazhigbee-pb/RazzleDazzle.git
  Vite_HDWalletKit:
    :commit: db67644220ab1582459d08d47119ed26dcba8d47
    :git: https://github.com/vitelabs/vite-hd-wallet-kit-ios.git
  ViteBusiness:
    :commit: 5426dea7ce6fc2a02ce23985ced7fc9d961ec52e
    :git: https://github.com/vitelabs/vite-business-ios.git
  ViteCommunity:
    :commit: ab006971c2b605c60c83424fe5b96846cbdf4216
    :git: "git@github.com:vitelabs/vite-community-ios.git"
  ViteWallet:
    :commit: 981a92d5012a0dcae0324b29e8657e78bced55ed
    :git: https://github.com/vitelabs/vite-swift-kit.git
  web3swift:
    :commit: d2507cce4faa17916efa14fd84922a3e6b411634
    :git: https://github.com/vitelabs/web3swift.git

SPEC CHECKSUMS:
  Action: 9891cd1b0a9047557d7e58e8dfae743e19d08197
  ActionSheetPicker-3.0: eef157d75e151f255c5333d26656c7fbfe905a51
  ActiveLabel: 5e3f4de79a1952d4604b845a0610d4776e4b82b3
  Alamofire: 85e8a02c69d6020a0d734f6054870d7ecb75cf18
  APIKit: b27d79b022733b2f50e7a092e67c4cb9ea30f968
  Bagel: 199e0105ac694d6eee9db54dd006c940da6ce81b
  BigInt: f668a80089607f521586bbe29513d708491ef2f7
  Charts: 354f86803d11d9c35de280587fef50d1af063978
  CHIPageControl: a787bf7205c9b7e7fbfc412be36c5e8636b68f86
  CocoaAsyncSocket: eafaa68a7e0ec99ead0a7b35015e0bf25d2c8987
  CryptoSwift: 7cc902df1784de3b389a387756c7d710f197730c
  DACircularProgress: 4dd437c0fc3da5161cb289e07ac449493d41db71
  Differentiator: e8497ceab83c1b10ca233716d547b9af21b9344d
  Eureka: 1c2b8b5892bfb0e972d0fe05f8c09fd89f8625ec
  FSPagerView: 670405b2f18e2a87fa37f20b00de783e562c25a8
  HDWalletKit: d55aa7a373cb3e2c1ad66d05d7b60f4d62a5a04c
  JSONRPCKit: 50e0dc5e7f873e87f81562feb8836b7d1974da6d
  KeychainSwift: 23d6c16cbc33f20fafa30c3d783241b4b87d998c
  Kingfisher: c148cd7b47ebde9989f6bc7c27dcaa79d81279a0
  KMNavigationBarTransition: 7ee1a05ff758bce9258845a803f7a8b00585bd58
  MBProgressHUD: e7baa36a220447d8aeb12769bf0585582f3866d9
  MJRefresh: 697f8ec75ebdbe9207767bb682cf0f51b0d8a41f
  Moya: a725035953bc1c0eb1be505ab903984501d82440
  "NSObject+Rx": 61cf1f7306a73dcef8b36649198af0813ec18dfd
  NYXImagesKit: 8163e3335a40eaa173ca5bbbf81fafb57d3947eb
  ObjcExceptionBridging: c30e00eb3700467e695faeea30e26e18bd445001
  ObjectMapper: 70187b8941977c62ccfb423caf6b50be405cabf0
  pop: d582054913807fd11fd50bfe6a539d91c7e1a55a
  PPBadgeViewSwift: 18a219a9897f418342c22dd1a54f7b18ac56546b
  PromiseKit: 9616b0afef31eae56ab9ce044c8ec2b8612a15cd
  R.swift: ca4207ecc94545a1611ca0b2ae1197458b6ba30a
  R.swift.Library: cfe85d569d9bae6cb262922db130e7c3a7a5fad1
  RazzleDazzle: 6689b7ffb2e6b115ef2249828473e854e004b67c
  ReactorKit: e8b11d6b9c415405f381669b095c154a05b59eca
  Result: d2d07204ce72856f1fd9130bbe42c35a7b0fea10
  ReusableKit: 8caaff6dc6e2d4c12beb395010086930454b12c3
  RxCocoa: 44a80de90e25b739b5aeaae3c8c371a32e3343cc
  RxDataSources: aa47cc1ed6c500fa0dfecac5c979b723542d79cf
  RxGesture: f3efb47ed2d26a8082f7b660d4a59970e275a7f8
  RxOptional: 3664964c96b69dd20c9cf78bdfe546615e26eca8
  RxRelay: 45eaa5db8ee4fb50e5ebd57deec0159e97fa51e6
  RxSwift: a4b44f7d24599f674deebd1818eab82e58410632
  secp256k1.c: db47b726585d80f027423682eb369729e61b3b20
  SnapKit: 0de968a9fec17499afa29683b05d0c775b6d1c29
  Starscream: 4bb2f9942274833f7b4d296a55504dcfc7edb7b0
  SwiftAlgorithms: 38dda4731d19027fdeee1125f973111bf3386b53
  SwiftLint: 7a0227733d786395817373b2d0ca799fd0093ff3
  SwiftProtobuf: 9c85136c6ba74b0a1b84279dbf0f6db8efb714e0
  SwiftyJSON: 6faa0040f8b59dead0ee07436cbf76b73c08fd08
  Then: 90cd104fd951cec1980a03f57704ad8f784d4d79
  Toast-Swift: e42a638589a2f95036b4bb7626cfbdde7daf0393
  TrezorCryptoEd25519WithBlake2b: e70fc022094a2f2aa8b86117ab1085d7a7b62098
  URLNavigator: e9c0426ba6e6ac57f34d018bbf3df840797f984d
  Vite_HDWalletKit: 4745b9c3a8ddff3fc00623057dcd194e08fea909
  ViteBusiness: 710650bb5e1a75b78e86417ea3accc567b87dd62
  ViteCommunity: 53ba654a4dfaf02a0c5513f76a817df86177f993
  ViteWallet: 3e4470f11ad780bfecbecf5f720ee75a0259d7ad
  WeakMapTable: 05c694ce8439a7a9ebabb56187287a63c57673d6
  web3swift: 22ac889fe28306c5d79704711f20b5ed4b21ba5e
  XCGLogger: 0434f15e3909cdc450bb63faf638b8792ab782ab

PODFILE CHECKSUM: d0ceed26af95731cfa4510d7533fa0c057b2b51b

COCOAPODS: 1.11.3
