PODS:
  - Action (3.9.1):
    - RxCocoa (~> 4.3)
    - RxSwift (~> 4.3)
  - ActionSheetPicker-3.0 (2.3.0)
  - Alamofire (4.8.0)
  - APIKit (3.2.1):
    - Result (~> 3.0)
  - BaiduMobStat (4.9.1)
  - BigInt (3.1.0):
    - SipHash (~> 1.2)
  - CHIPageControl (0.1.7):
    - CHIPageControl/Aji (= 0.1.7)
    - CHIPageControl/Aleppo (= 0.1.7)
    - CHIPageControl/Chimayo (= 0.1.7)
    - CHIPageControl/Fresno (= 0.1.7)
    - CHIPageControl/Jalapeno (= 0.1.7)
    - CHIPageControl/Jaloro (= 0.1.7)
    - CHIPageControl/Paprika (= 0.1.7)
    - CHIPageControl/Puya (= 0.1.7)
  - CHIPageControl/Aji (0.1.7)
  - CHIPageControl/Aleppo (0.1.7)
  - CHIPageControl/Chimayo (0.1.7)
  - CHIPageControl/Fresno (0.1.7)
  - CHIPageControl/Jalapeno (0.1.7)
  - CHIPageControl/Jaloro (0.1.7)
  - CHIPageControl/Paprika (0.1.7)
  - CHIPageControl/Puya (0.1.7)
  - Crashlytics (3.12.0):
    - Fabric (~> 1.9.0)
  - CryptoSwift (0.12.0)
  - DACircularProgress (2.3.1)
  - Differentiator (3.1.0)
  - DNSPageView (1.1.2)
  - Eureka (4.3.0)
  - Fabric (1.9.0)
  - FBRetainCycleDetector (0.1.4)
  - FSPagerView (0.8.2)
  - JSONRPCKit (3.0.0):
    - Result (~> 3.2.0)
  - KeychainSwift (13.0.0)
  - Kingfisher (4.10.1)
  - KMNavigationBarTransition (1.1.5)
  - MBProgressHUD (1.1.0)
  - MJRefresh (3.1.15.7)
  - MLeaksFinder (1.0.0):
    - FBRetainCycleDetector
  - Moya (11.0.2):
    - Moya/Core (= 11.0.2)
  - Moya/Core (11.0.2):
    - Alamofire (~> 4.1)
    - Result (~> 3.0)
  - "NSObject+Rx (4.4.1)":
    - RxSwift (~> 4.3)
  - NYXImagesKit (2.3)
  - ObjcExceptionBridging (1.0.1):
    - ObjcExceptionBridging/ObjcExceptionBridging (= 1.0.1)
  - ObjcExceptionBridging/ObjcExceptionBridging (1.0.1)
  - ObjectMapper (3.4.1)
  - pop (1.0.12)
  - PromiseKit (6.7.0):
    - PromiseKit/CorePromise (= 6.7.0)
    - PromiseKit/Foundation (= 6.7.0)
    - PromiseKit/UIKit (= 6.7.0)
  - PromiseKit/CorePromise (6.7.0)
  - PromiseKit/Foundation (6.7.0):
    - PromiseKit/CorePromise
  - PromiseKit/UIKit (6.7.0):
    - PromiseKit/CorePromise
  - QQ_XGPush (3.2.2)
  - R.swift (5.0.0.alpha.3):
    - R.swift.Library (~> 5.0.0.alpha.2)
  - R.swift.Library (5.0.0.alpha.2)
  - RazzleDazzle (0.1.5)
  - ReactorKit (1.2.1):
    - RxSwift (>= 4.0.0)
  - Result (3.2.4)
  - ReusableKit (2.1.0):
    - ReusableKit/Core (= 2.1.0)
  - ReusableKit/Core (2.1.0)
  - RxAtomic (4.4.0)
  - RxCocoa (4.4.0):
    - RxSwift (~> 4.0)
  - RxDataSources (3.1.0):
    - Differentiator (~> 3.0)
    - RxCocoa (~> 4.0)
    - RxSwift (~> 4.0)
  - RxGesture (2.1.0):
    - RxCocoa (~> 4.4.0)
    - RxSwift (~> 4.4.0)
  - RxOptional (3.6.2):
    - RxCocoa (~> 4.0)
    - RxSwift (~> 4.0)
  - RxSwift (4.4.0):
    - RxAtomic (~> 4.4)
  - SipHash (1.2.2)
  - SnapKit (4.0.1)
  - SwiftDate (5.0.13)
  - SwiftLint (0.29.1)
  - SwiftyJSON (4.2.0)
  - Then (2.4.0)
  - Toast-Swift (4.0.1)
  - TrezorCryptoEd25519WithBlake2b (0.0.1)
  - Vite_HDWalletKit (1.2.0):
    - BigInt (~> 3.0)
    - CryptoSwift (~> 0.12.0)
    - TrezorCryptoEd25519WithBlake2b (~> 0.0.1)
  - ViteBusiness (0.0.1):
    - Action
    - ActionSheetPicker-3.0
    - Alamofire
    - APIKit
    - BaiduMobStat
    - BigInt (~> 3.0)
    - CHIPageControl
    - Crashlytics
    - CryptoSwift
    - DACircularProgress (= 2.3.1)
    - Eureka (~> 4.3.0)
    - Fabric
    - JSONRPCKit (~> 3.0.0)
    - KeychainSwift
    - Kingfisher (~> 4.0)
    - KMNavigationBarTransition
    - MBProgressHUD
    - MJRefresh
    - MLeaksFinder
    - Moya
    - "NSObject+Rx"
    - NYXImagesKit (= 2.3)
    - ObjectMapper
    - pop (~> 1.0)
    - PromiseKit (~> 6.0)
    - R.swift (= 5.0.0.alpha.3)
    - RazzleDazzle
    - ReactorKit
    - ReusableKit (~> 2.1.0)
    - RxCocoa
    - RxDataSources (~> 3.0)
    - RxGesture
    - RxOptional
    - RxSwift (~> 4.0)
    - SnapKit (~> 4.0.0)
    - SwiftLint
    - SwiftyJSON
    - Then
    - Toast-Swift (~> 4.0.1)
    - Vite_HDWalletKit
    - ViteBusiness/Default (= 0.0.1)
    - ViteUtils
    - ViteWallet
    - XCGLogger (~> 6.1.0)
  - ViteBusiness/Default (0.0.1):
    - Action
    - ActionSheetPicker-3.0
    - Alamofire
    - APIKit
    - BaiduMobStat
    - BigInt (~> 3.0)
    - CHIPageControl
    - Crashlytics
    - CryptoSwift
    - DACircularProgress (= 2.3.1)
    - Eureka (~> 4.3.0)
    - Fabric
    - JSONRPCKit (~> 3.0.0)
    - KeychainSwift
    - Kingfisher (~> 4.0)
    - KMNavigationBarTransition
    - MBProgressHUD
    - MJRefresh
    - MLeaksFinder
    - Moya
    - "NSObject+Rx"
    - NYXImagesKit (= 2.3)
    - ObjectMapper
    - pop (~> 1.0)
    - PromiseKit (~> 6.0)
    - R.swift (= 5.0.0.alpha.3)
    - RazzleDazzle
    - ReactorKit
    - ReusableKit (~> 2.1.0)
    - RxCocoa
    - RxDataSources (~> 3.0)
    - RxGesture
    - RxOptional
    - RxSwift (~> 4.0)
    - SnapKit (~> 4.0.0)
    - SwiftLint
    - SwiftyJSON
    - Then
    - Toast-Swift (~> 4.0.1)
    - Vite_HDWalletKit
    - ViteUtils
    - ViteWallet
    - XCGLogger (~> 6.1.0)
  - ViteBusiness/Enterprise (0.0.1):
    - Action
    - ActionSheetPicker-3.0
    - Alamofire
    - APIKit
    - BaiduMobStat
    - BigInt (~> 3.0)
    - CHIPageControl
    - Crashlytics
    - CryptoSwift
    - DACircularProgress (= 2.3.1)
    - Eureka (~> 4.3.0)
    - Fabric
    - JSONRPCKit (~> 3.0.0)
    - KeychainSwift
    - Kingfisher (~> 4.0)
    - KMNavigationBarTransition
    - MBProgressHUD
    - MJRefresh
    - MLeaksFinder
    - Moya
    - "NSObject+Rx"
    - NYXImagesKit (= 2.3)
    - ObjectMapper
    - pop (~> 1.0)
    - PromiseKit (~> 6.0)
    - R.swift (= 5.0.0.alpha.3)
    - RazzleDazzle
    - ReactorKit
    - ReusableKit (~> 2.1.0)
    - RxCocoa
    - RxDataSources (~> 3.0)
    - RxGesture
    - RxOptional
    - RxSwift (~> 4.0)
    - SnapKit (~> 4.0.0)
    - SwiftLint
    - SwiftyJSON
    - Then
    - Toast-Swift (~> 4.0.1)
    - Vite_HDWalletKit
    - ViteBusiness/Default
    - ViteUtils
    - ViteWallet
    - XCGLogger (~> 6.1.0)
  - ViteBusiness/Official (0.0.1):
    - Action
    - ActionSheetPicker-3.0
    - Alamofire
    - APIKit
    - BaiduMobStat
    - BigInt (~> 3.0)
    - CHIPageControl
    - Crashlytics
    - CryptoSwift
    - DACircularProgress (= 2.3.1)
    - Eureka (~> 4.3.0)
    - Fabric
    - JSONRPCKit (~> 3.0.0)
    - KeychainSwift
    - Kingfisher (~> 4.0)
    - KMNavigationBarTransition
    - MBProgressHUD
    - MJRefresh
    - MLeaksFinder
    - Moya
    - "NSObject+Rx"
    - NYXImagesKit (= 2.3)
    - ObjectMapper
    - pop (~> 1.0)
    - PromiseKit (~> 6.0)
    - R.swift (= 5.0.0.alpha.3)
    - RazzleDazzle
    - ReactorKit
    - ReusableKit (~> 2.1.0)
    - RxCocoa
    - RxDataSources (~> 3.0)
    - RxGesture
    - RxOptional
    - RxSwift (~> 4.0)
    - SnapKit (~> 4.0.0)
    - SwiftLint
    - SwiftyJSON
    - Then
    - Toast-Swift (~> 4.0.1)
    - Vite_HDWalletKit
    - ViteBusiness/Default
    - ViteUtils
    - ViteWallet
    - XCGLogger (~> 6.1.0)
  - ViteBusiness/Test (0.0.1):
    - Action
    - ActionSheetPicker-3.0
    - Alamofire
    - APIKit
    - BaiduMobStat
    - BigInt (~> 3.0)
    - CHIPageControl
    - Crashlytics
    - CryptoSwift
    - DACircularProgress (= 2.3.1)
    - Eureka (~> 4.3.0)
    - Fabric
    - JSONRPCKit (~> 3.0.0)
    - KeychainSwift
    - Kingfisher (~> 4.0)
    - KMNavigationBarTransition
    - MBProgressHUD
    - MJRefresh
    - MLeaksFinder
    - Moya
    - "NSObject+Rx"
    - NYXImagesKit (= 2.3)
    - ObjectMapper
    - pop (~> 1.0)
    - PromiseKit (~> 6.0)
    - R.swift (= 5.0.0.alpha.3)
    - RazzleDazzle
    - ReactorKit
    - ReusableKit (~> 2.1.0)
    - RxCocoa
    - RxDataSources (~> 3.0)
    - RxGesture
    - RxOptional
    - RxSwift (~> 4.0)
    - SnapKit (~> 4.0.0)
    - SwiftLint
    - SwiftyJSON
    - Then
    - Toast-Swift (~> 4.0.1)
    - Vite_HDWalletKit
    - ViteBusiness/Default
    - ViteUtils
    - ViteWallet
    - XCGLogger (~> 6.1.0)
  - ViteCommunity/Default (0.1.0):
    - DNSPageView
    - FSPagerView
    - Moya
    - QQ_XGPush
    - R.swift
    - SwiftDate
    - ViteBusiness
    - ViteUtils
  - ViteCommunity/Enterprise (0.1.0):
    - DNSPageView
    - FSPagerView
    - Moya
    - QQ_XGPush
    - R.swift
    - SwiftDate
    - ViteBusiness
    - ViteCommunity/Default
    - ViteUtils
  - ViteCommunity/Official (0.1.0):
    - DNSPageView
    - FSPagerView
    - Moya
    - QQ_XGPush
    - R.swift
    - SwiftDate
    - ViteBusiness
    - ViteCommunity/Default
    - ViteUtils
  - ViteCommunity/Test (0.1.0):
    - DNSPageView
    - FSPagerView
    - Moya
    - QQ_XGPush
    - R.swift
    - SwiftDate
    - ViteBusiness
    - ViteCommunity/Default
    - ViteUtils
  - ViteUtils (0.0.1):
    - CryptoSwift
    - "NSObject+Rx"
    - ObjectMapper
    - RxCocoa
    - RxSwift
    - SnapKit
    - SwiftyJSON
    - Then
    - XCGLogger
  - ViteWallet (0.1.0):
    - APIKit
    - BigInt
    - CryptoSwift
    - JSONRPCKit
    - ObjectMapper
    - PromiseKit
    - Vite_HDWalletKit
  - XCGLogger (6.1.0):
    - XCGLogger/Core (= 6.1.0)
  - XCGLogger/Core (6.1.0):
    - ObjcExceptionBridging

DEPENDENCIES:
  - Action
  - ActionSheetPicker-3.0
  - APIKit
  - BaiduMobStat
  - BigInt (~> 3.0)
  - CHIPageControl
  - Crashlytics
  - DACircularProgress (= 2.3.1)
  - DNSPageView
  - Eureka (~> 4.3.0)
  - Fabric
  - FSPagerView
  - JSONRPCKit (~> 3.0.0)
  - KeychainSwift
  - Kingfisher (~> 4.0)
  - KMNavigationBarTransition
  - MBProgressHUD
  - MJRefresh
  - MLeaksFinder
  - Moya
  - "NSObject+Rx"
  - NYXImagesKit (= 2.3)
  - ObjectMapper
  - pop (~> 1.0)
  - PromiseKit (~> 6.0)
  - R.swift (= 5.0.0.alpha.3)
  - RazzleDazzle
  - ReactorKit
  - ReusableKit (~> 2.1.0)
  - RxCocoa
  - RxDataSources (~> 3.0)
  - RxGesture
  - RxOptional
  - RxSwift (~> 4.0)
  - SnapKit (~> 4.0.0)
  - SwiftLint
  - SwiftyJSON
  - Then
  - Toast-Swift (~> 4.0.1)
  - Vite_HDWalletKit (= 1.2.0)
  - ViteBusiness (from `https://github.com/vitelabs/vite-business-ios.git`, commit `1efb57779258921bae12e70cb020c40db3533a27`)
  - ViteBusiness/Enterprise (from `https://github.com/vitelabs/vite-business-ios.git`, commit `1efb57779258921bae12e70cb020c40db3533a27`)
  - ViteBusiness/Official (from `https://github.com/vitelabs/vite-business-ios.git`, commit `1efb57779258921bae12e70cb020c40db3533a27`)
  - ViteBusiness/Test (from `https://github.com/vitelabs/vite-business-ios.git`, commit `1efb57779258921bae12e70cb020c40db3533a27`)
  - ViteCommunity/Enterprise (from `https://github.com/vitelabs/vite-community-ios.git`, commit `566d1703d01d222a9f1464ab8e811bf476dfe9fa`)
  - ViteCommunity/Official (from `https://github.com/vitelabs/vite-community-ios.git`, commit `566d1703d01d222a9f1464ab8e811bf476dfe9fa`)
  - ViteCommunity/Test (from `https://github.com/vitelabs/vite-community-ios.git`, commit `566d1703d01d222a9f1464ab8e811bf476dfe9fa`)
  - ViteUtils (from `https://github.com/vitelabs/vite-utils-ios.git`, commit `5616db33516147f2b9126293f3676258abfa64d6`)
  - ViteWallet (from `https://github.com/vitelabs/vite-wallet-ios.git`, commit `fbb842cdf99e101fd9659016825739f63ccecc03`)
  - XCGLogger (~> 6.1.0)

SPEC REPOS:
  https://github.com/cocoapods/specs.git:
    - Action
    - ActionSheetPicker-3.0
    - Alamofire
    - APIKit
    - BaiduMobStat
    - BigInt
    - CHIPageControl
    - Crashlytics
    - CryptoSwift
    - DACircularProgress
    - Differentiator
    - DNSPageView
    - Eureka
    - Fabric
    - FBRetainCycleDetector
    - FSPagerView
    - JSONRPCKit
    - KeychainSwift
    - Kingfisher
    - KMNavigationBarTransition
    - MBProgressHUD
    - MJRefresh
    - MLeaksFinder
    - Moya
    - "NSObject+Rx"
    - NYXImagesKit
    - ObjcExceptionBridging
    - ObjectMapper
    - pop
    - PromiseKit
    - QQ_XGPush
    - R.swift
    - R.swift.Library
    - RazzleDazzle
    - ReactorKit
    - Result
    - ReusableKit
    - RxAtomic
    - RxCocoa
    - RxDataSources
    - RxGesture
    - RxOptional
    - RxSwift
    - SipHash
    - SnapKit
    - SwiftDate
    - SwiftLint
    - SwiftyJSON
    - Then
    - Toast-Swift
    - TrezorCryptoEd25519WithBlake2b
    - Vite_HDWalletKit
    - XCGLogger

EXTERNAL SOURCES:
  ViteBusiness:
    :commit: 1efb57779258921bae12e70cb020c40db3533a27
    :git: https://github.com/vitelabs/vite-business-ios.git
  ViteCommunity:
    :commit: 566d1703d01d222a9f1464ab8e811bf476dfe9fa
    :git: https://github.com/vitelabs/vite-community-ios.git
  ViteUtils:
    :commit: 5616db33516147f2b9126293f3676258abfa64d6
    :git: https://github.com/vitelabs/vite-utils-ios.git
  ViteWallet:
    :commit: fbb842cdf99e101fd9659016825739f63ccecc03
    :git: https://github.com/vitelabs/vite-wallet-ios.git

CHECKOUT OPTIONS:
  ViteBusiness:
    :commit: 1efb57779258921bae12e70cb020c40db3533a27
    :git: https://github.com/vitelabs/vite-business-ios.git
  ViteCommunity:
    :commit: 566d1703d01d222a9f1464ab8e811bf476dfe9fa
    :git: https://github.com/vitelabs/vite-community-ios.git
  ViteUtils:
    :commit: 5616db33516147f2b9126293f3676258abfa64d6
    :git: https://github.com/vitelabs/vite-utils-ios.git
  ViteWallet:
    :commit: fbb842cdf99e101fd9659016825739f63ccecc03
    :git: https://github.com/vitelabs/vite-wallet-ios.git

SPEC CHECKSUMS:
  Action: 2f461c203c480b17aa99b3bb166e4329ecff6908
  ActionSheetPicker-3.0: eef157d75e151f255c5333d26656c7fbfe905a51
  Alamofire: 3ec537f71edc9804815215393ae2b1a8ea33a844
  APIKit: a39ff72ac44efc15513fd1b98800f63c525be61b
  BaiduMobStat: e2dbfd44f1535adf3c0001cbd3212eb61c4fe639
  BigInt: 76b5dfdfa3e2e478d4ffdf161aeede5502e2742f
  CHIPageControl: bbe1ddd0c688c02ec65b7f7e7d34551a3d16f37c
  Crashlytics: 07fb167b1694128c1c9a5a5cc319b0e9c3ca0933
  CryptoSwift: 1c07ca50843dd48bc54e6ea53d7a4dba3b645716
  DACircularProgress: 4dd437c0fc3da5161cb289e07ac449493d41db71
  Differentiator: be49ca3408f0ecfc761e4c7763d20c62be01b9ad
  DNSPageView: 7bb82f6d666a9c8cfea0865f8fc24424a09b2ba5
  Eureka: 6d711cb30ca333b4bc893110285a722ae3840114
  Fabric: f988e33c97f08930a413e08123064d2e5f68d655
  FBRetainCycleDetector: 46f8179bbb1c587deee3ea838a1a3ee02acf5015
  FSPagerView: 816a18842306973cc7cc6df8a5332272f7815c30
  JSONRPCKit: 50e0dc5e7f873e87f81562feb8836b7d1974da6d
  KeychainSwift: 23d6c16cbc33f20fafa30c3d783241b4b87d998c
  Kingfisher: c148cd7b47ebde9989f6bc7c27dcaa79d81279a0
  KMNavigationBarTransition: 7a52c9bc25b39b6e3343e980b453facee1591b82
  MBProgressHUD: e7baa36a220447d8aeb12769bf0585582f3866d9
  MJRefresh: 697f8ec75ebdbe9207767bb682cf0f51b0d8a41f
  MLeaksFinder: 8c435bd2f6d070af18cff082b503b21adc130fc0
  Moya: a725035953bc1c0eb1be505ab903984501d82440
  "NSObject+Rx": 9884a92f19b610795c431e10b4e601913b59c9e9
  NYXImagesKit: 8163e3335a40eaa173ca5bbbf81fafb57d3947eb
  ObjcExceptionBridging: c30e00eb3700467e695faeea30e26e18bd445001
  ObjectMapper: 5311bd50ca732930959e7ca1a2de43ab823a5ced
  pop: d582054913807fd11fd50bfe6a539d91c7e1a55a
  PromiseKit: 453ddcc947fe7b302f3ef41882b81d31c554df7f
  QQ_XGPush: ab74daad9c70491fe9e97d12bc8cc04115b4fef5
  R.swift: ca4207ecc94545a1611ca0b2ae1197458b6ba30a
  R.swift.Library: 3c21b823839bf5a6769dc7f96cb44479dab51b1b
  RazzleDazzle: 0b1b9fc8ceed04bfdd4b3e8182e98ef7edacd1d1
  ReactorKit: 8be57f0527ad1ac2963cd5c338274a46a01e57a3
  Result: d2d07204ce72856f1fd9130bbe42c35a7b0fea10
  ReusableKit: d0b040de03b293288b0ca27a78602691d3346d9b
  RxAtomic: eacf60db868c96bfd63320e28619fe29c179656f
  RxCocoa: df63ebf7b9a70d6b4eeea407ed5dd4efc8979749
  RxDataSources: a843bad90c29817f5923ec8163f4af2de084ceb3
  RxGesture: 7f6dfb45dbde06e618c24442d38493e3144f2c95
  RxOptional: 80426a0ddbd092573e4c482d8cc13302078c4d5e
  RxSwift: 5976ecd04fc2fefd648827c23de5e11157faa973
  SipHash: fad90a4683e420c52ef28063063dbbce248ea6d4
  SnapKit: 0de968a9fec17499afa29683b05d0c775b6d1c29
  SwiftDate: f4aea5fa9dee812485f34041121a4cbde01b0dee
  SwiftLint: 6772320e40b52049053a518c17db9b0634a0b45a
  SwiftyJSON: c4bcba26dd9ec7a027fc8eade48e2c911f229e96
  Then: 71866660c7af35a7343831f7668e7cd2b62ee0f2
  Toast-Swift: e42a638589a2f95036b4bb7626cfbdde7daf0393
  TrezorCryptoEd25519WithBlake2b: e70fc022094a2f2aa8b86117ab1085d7a7b62098
  Vite_HDWalletKit: 8d3f78883b58def92610e44704a93db7b566656c
  ViteBusiness: 1adaebdd81a9af70dd3bba16bcce1a81e7372f76
  ViteCommunity: 580eabc8e41917ae479d1685f2a2cdbccf7ba33d
  ViteUtils: 0f801d38c70e82233b34fc6603afc0d29a54d265
  ViteWallet: cc4401e88efddbd8e3f44378d4ceade078d2d82a
  XCGLogger: 7f7f43f15dfe3a305fa1342b7dc29af656289abd

PODFILE CHECKSUM: 77ae1dceae3bb0d822031e18cbbfaa9b9ec1b4e5

COCOAPODS: 1.5.3
