// !$*UTF8*$!
{
	archiveVersion = 1;
	classes = {
	};
	objectVersion = 50;
	objects = {

/* Begin PBXBuildFile section */
		4C0024E421258005001DF390 /* R.generated.swift in Sources */ = {isa = PBXBuildFile; fileRef = 4C0024E321258005001DF390 /* R.generated.swift */; };
		4C1FF4F0212A74730055067D /* Localizable.strings in Resources */ = {isa = PBXBuildFile; fileRef = 4C1FF4F2212A74730055067D /* Localizable.strings */; };
		4C880F58213E880F0091CE00 /* LaunchScreen.storyboard in Resources */ = {isa = PBXBuildFile; fileRef = 4C880F57213E880E0091CE00 /* LaunchScreen.storyboard */; };
		4CA71A6B21F9B41300F0CFB3 /* main.swift in Sources */ = {isa = PBXBuildFile; fileRef = 4CA71A6A21F9B41200F0CFB3 /* main.swift */; };
		4CA71A6F21F9B42400F0CFB3 /* main.swift in Sources */ = {isa = PBXBuildFile; fileRef = 4CA71A6A21F9B41200F0CFB3 /* main.swift */; };
		4CA71A7121F9B48F00F0CFB3 /* DenyPtrace.c in Sources */ = {isa = PBXBuildFile; fileRef = 4CA71A7021F9B48F00F0CFB3 /* DenyPtrace.c */; };
		4CA71A7521F9B48F00F0CFB3 /* DenyPtrace.c in Sources */ = {isa = PBXBuildFile; fileRef = 4CA71A7021F9B48F00F0CFB3 /* DenyPtrace.c */; };
		4CCE425B2124553C0080E92B /* ViteTests.swift in Sources */ = {isa = PBXBuildFile; fileRef = 4CCE425A2124553C0080E92B /* ViteTests.swift */; };
		4CEB292D214BC09100E5F7F4 /* ViteInputValidTest.swift in Sources */ = {isa = PBXBuildFile; fileRef = 4CEB292C214BC09100E5F7F4 /* ViteInputValidTest.swift */; };
		632E4384E79C0C331629A071 /* Pods_ViteOfficial.framework in Frameworks */ = {isa = PBXBuildFile; fileRef = F6D5EA07B9D417853474809E /* Pods_ViteOfficial.framework */; };
		74649F1221F706A7004D0CCD /* GoogleService-Info.plist in Resources */ = {isa = PBXBuildFile; fileRef = 74649F1121F706A7004D0CCD /* GoogleService-Info.plist */; };
		74920B5721C10E500010C746 /* Assets.xcassets in Resources */ = {isa = PBXBuildFile; fileRef = 74920B5621C10E500010C746 /* Assets.xcassets */; };
		74920B5A21C10E500010C746 /* Assets.xcassets in Resources */ = {isa = PBXBuildFile; fileRef = 74920B5621C10E500010C746 /* Assets.xcassets */; };
		74920B6721C22D7D0010C746 /* AppDelegate.swift in Sources */ = {isa = PBXBuildFile; fileRef = 74920B6621C22D7D0010C746 /* AppDelegate.swift */; };
		74920B6A21C22D7D0010C746 /* AppDelegate.swift in Sources */ = {isa = PBXBuildFile; fileRef = 74920B6621C22D7D0010C746 /* AppDelegate.swift */; };
		74FBDCFD21C7C06100685241 /* NotificationService.swift in Sources */ = {isa = PBXBuildFile; fileRef = 74FBDCFC21C7C06100685241 /* NotificationService.swift */; };
		74FBDD0121C7C06100685241 /* PushService.appex in Embed App Extensions */ = {isa = PBXBuildFile; fileRef = 74FBDCFA21C7C06000685241 /* PushService.appex */; settings = {ATTRIBUTES = (RemoveHeadersOnCopy, ); }; };
		74FBDD0E21C7C12900685241 /* libz.tbd in Frameworks */ = {isa = PBXBuildFile; fileRef = 74FBDD0D21C7C12900685241 /* libz.tbd */; };
		74FBDD1021C7C12E00685241 /* libsqlite3.tbd in Frameworks */ = {isa = PBXBuildFile; fileRef = 74FBDD0F21C7C12E00685241 /* libsqlite3.tbd */; };
		7EFEF82B6B816D533451F28F /* Pods_ViteTests.framework in Frameworks */ = {isa = PBXBuildFile; fileRef = 2B38E8D9FA0F6C8091C7E97C /* Pods_ViteTests.framework */; };
		8E0FB697216B5B95001525EB /* ViteCryptoTest.swift in Sources */ = {isa = PBXBuildFile; fileRef = 8E0FB696216B5B95001525EB /* ViteCryptoTest.swift */; };
		8E1F93FA22B39E6A00D5C0A8 /* DenyPtrace.c in Sources */ = {isa = PBXBuildFile; fileRef = 4CA71A7021F9B48F00F0CFB3 /* DenyPtrace.c */; };
		8E1F93FB22B39E6A00D5C0A8 /* AppDelegate.swift in Sources */ = {isa = PBXBuildFile; fileRef = 74920B6621C22D7D0010C746 /* AppDelegate.swift */; };
		8E1F93FC22B39E6A00D5C0A8 /* R.generated.swift in Sources */ = {isa = PBXBuildFile; fileRef = 4C0024E321258005001DF390 /* R.generated.swift */; };
		8E1F93FD22B39E6A00D5C0A8 /* main.swift in Sources */ = {isa = PBXBuildFile; fileRef = 4CA71A6A21F9B41200F0CFB3 /* main.swift */; };
		8E1F940122B39E6A00D5C0A8 /* LaunchScreen.storyboard in Resources */ = {isa = PBXBuildFile; fileRef = 4C880F57213E880E0091CE00 /* LaunchScreen.storyboard */; };
		8E1F940222B39E6A00D5C0A8 /* GoogleService-Info.plist in Resources */ = {isa = PBXBuildFile; fileRef = 74649F1121F706A7004D0CCD /* GoogleService-Info.plist */; };
		8E1F940322B39E6A00D5C0A8 /* Localizable.strings in Resources */ = {isa = PBXBuildFile; fileRef = 4C1FF4F2212A74730055067D /* Localizable.strings */; };
		8E1F940422B39E6A00D5C0A8 /* Assets.xcassets in Resources */ = {isa = PBXBuildFile; fileRef = 74920B5621C10E500010C746 /* Assets.xcassets */; };
		8E1F940722B39E6A00D5C0A8 /* PushService.appex in Embed App Extensions */ = {isa = PBXBuildFile; fileRef = 74FBDCFA21C7C06000685241 /* PushService.appex */; settings = {ATTRIBUTES = (RemoveHeadersOnCopy, ); }; };
		8E646F9522B3B6EC0007CE0E /* DenyPtrace.c in Sources */ = {isa = PBXBuildFile; fileRef = 4CA71A7021F9B48F00F0CFB3 /* DenyPtrace.c */; };
		8E646F9622B3B6EC0007CE0E /* AppDelegate.swift in Sources */ = {isa = PBXBuildFile; fileRef = 74920B6621C22D7D0010C746 /* AppDelegate.swift */; };
		8E646F9722B3B6EC0007CE0E /* R.generated.swift in Sources */ = {isa = PBXBuildFile; fileRef = 4C0024E321258005001DF390 /* R.generated.swift */; };
		8E646F9822B3B6EC0007CE0E /* main.swift in Sources */ = {isa = PBXBuildFile; fileRef = 4CA71A6A21F9B41200F0CFB3 /* main.swift */; };
		8E646F9B22B3B6EC0007CE0E /* LaunchScreen.storyboard in Resources */ = {isa = PBXBuildFile; fileRef = 4C880F57213E880E0091CE00 /* LaunchScreen.storyboard */; };
		8E646F9C22B3B6EC0007CE0E /* GoogleService-Info.plist in Resources */ = {isa = PBXBuildFile; fileRef = 74649F1121F706A7004D0CCD /* GoogleService-Info.plist */; };
		8E646F9D22B3B6EC0007CE0E /* Localizable.strings in Resources */ = {isa = PBXBuildFile; fileRef = 4C1FF4F2212A74730055067D /* Localizable.strings */; };
		8E646F9E22B3B6EC0007CE0E /* Assets.xcassets in Resources */ = {isa = PBXBuildFile; fileRef = 74920B5621C10E500010C746 /* Assets.xcassets */; };
		8E646FA122B3B6EC0007CE0E /* PushService.appex in Embed App Extensions */ = {isa = PBXBuildFile; fileRef = 74FBDCFA21C7C06000685241 /* PushService.appex */; settings = {ATTRIBUTES = (RemoveHeadersOnCopy, ); }; };
		8E646FAF22B3B9290007CE0E /* DenyPtrace.c in Sources */ = {isa = PBXBuildFile; fileRef = 4CA71A7021F9B48F00F0CFB3 /* DenyPtrace.c */; };
		8E646FB022B3B9290007CE0E /* AppDelegate.swift in Sources */ = {isa = PBXBuildFile; fileRef = 74920B6621C22D7D0010C746 /* AppDelegate.swift */; };
		8E646FB122B3B9290007CE0E /* R.generated.swift in Sources */ = {isa = PBXBuildFile; fileRef = 4C0024E321258005001DF390 /* R.generated.swift */; };
		8E646FB222B3B9290007CE0E /* main.swift in Sources */ = {isa = PBXBuildFile; fileRef = 4CA71A6A21F9B41200F0CFB3 /* main.swift */; };
		8E646FB522B3B9290007CE0E /* LaunchScreen.storyboard in Resources */ = {isa = PBXBuildFile; fileRef = 4C880F57213E880E0091CE00 /* LaunchScreen.storyboard */; };
		8E646FB622B3B9290007CE0E /* GoogleService-Info.plist in Resources */ = {isa = PBXBuildFile; fileRef = 74649F1121F706A7004D0CCD /* GoogleService-Info.plist */; };
		8E646FB722B3B9290007CE0E /* Localizable.strings in Resources */ = {isa = PBXBuildFile; fileRef = 4C1FF4F2212A74730055067D /* Localizable.strings */; };
		8E646FB822B3B9290007CE0E /* Assets.xcassets in Resources */ = {isa = PBXBuildFile; fileRef = 74920B5621C10E500010C746 /* Assets.xcassets */; };
		8E6F3E14214220DF003CDFC2 /* ViteNetworkTests.swift in Sources */ = {isa = PBXBuildFile; fileRef = 8E6F3E13214220DF003CDFC2 /* ViteNetworkTests.swift */; };
		8E79261621515D3A007FEBAB /* ViteURITest.swift in Sources */ = {isa = PBXBuildFile; fileRef = 8E79261521515D3A007FEBAB /* ViteURITest.swift */; };
/* End PBXBuildFile section */

/* Begin PBXContainerItemProxy section */
		4CCE42572124553C0080E92B /* PBXContainerItemProxy */ = {
			isa = PBXContainerItemProxy;
			containerPortal = 4CCE423A2124553B0080E92B /* Project object */;
			proxyType = 1;
			remoteGlobalIDString = 4CCE42412124553B0080E92B;
			remoteInfo = Vite;
		};
		74FBDCFF21C7C06100685241 /* PBXContainerItemProxy */ = {
			isa = PBXContainerItemProxy;
			containerPortal = 4CCE423A2124553B0080E92B /* Project object */;
			proxyType = 1;
			remoteGlobalIDString = 74FBDCF921C7C06000685241;
			remoteInfo = PushService;
		};
		8E1F93F622B39E6A00D5C0A8 /* PBXContainerItemProxy */ = {
			isa = PBXContainerItemProxy;
			containerPortal = 4CCE423A2124553B0080E92B /* Project object */;
			proxyType = 1;
			remoteGlobalIDString = 74FBDCF921C7C06000685241;
			remoteInfo = PushService;
		};
		8E646F9222B3B6EC0007CE0E /* PBXContainerItemProxy */ = {
			isa = PBXContainerItemProxy;
			containerPortal = 4CCE423A2124553B0080E92B /* Project object */;
			proxyType = 1;
			remoteGlobalIDString = 74FBDCF921C7C06000685241;
			remoteInfo = PushService;
		};
/* End PBXContainerItemProxy section */

/* Begin PBXCopyFilesBuildPhase section */
		74FBDD0521C7C06100685241 /* Embed App Extensions */ = {
			isa = PBXCopyFilesBuildPhase;
			buildActionMask = 2147483647;
			dstPath = "";
			dstSubfolderSpec = 13;
			files = (
				74FBDD0121C7C06100685241 /* PushService.appex in Embed App Extensions */,
			);
			name = "Embed App Extensions";
			runOnlyForDeploymentPostprocessing = 0;
		};
		8E1F940622B39E6A00D5C0A8 /* Embed App Extensions */ = {
			isa = PBXCopyFilesBuildPhase;
			buildActionMask = 2147483647;
			dstPath = "";
			dstSubfolderSpec = 13;
			files = (
				8E1F940722B39E6A00D5C0A8 /* PushService.appex in Embed App Extensions */,
			);
			name = "Embed App Extensions";
			runOnlyForDeploymentPostprocessing = 0;
		};
		8E646FA022B3B6EC0007CE0E /* Embed App Extensions */ = {
			isa = PBXCopyFilesBuildPhase;
			buildActionMask = 2147483647;
			dstPath = "";
			dstSubfolderSpec = 13;
			files = (
				8E646FA122B3B6EC0007CE0E /* PushService.appex in Embed App Extensions */,
			);
			name = "Embed App Extensions";
			runOnlyForDeploymentPostprocessing = 0;
		};
/* End PBXCopyFilesBuildPhase section */

/* Begin PBXFileReference section */
		007BB00A2EAF52611D6BC23C /* Pods_ViteDapp.framework */ = {isa = PBXFileReference; explicitFileType = wrapper.framework; includeInIndex = 0; path = Pods_ViteDapp.framework; sourceTree = BUILT_PRODUCTS_DIR; };
		1725C021B18A1BEBBB6166A6 /* Pods-ViteTests.test.xcconfig */ = {isa = PBXFileReference; includeInIndex = 1; lastKnownFileType = text.xcconfig; name = "Pods-ViteTests.test.xcconfig"; path = "Pods/Target Support Files/Pods-ViteTests/Pods-ViteTests.test.xcconfig"; sourceTree = "<group>"; };
		180B38E8FC01091FE6DAB873 /* Pods-Vite.dev.xcconfig */ = {isa = PBXFileReference; includeInIndex = 1; lastKnownFileType = text.xcconfig; name = "Pods-Vite.dev.xcconfig"; path = "Pods/Target Support Files/Pods-Vite/Pods-Vite.dev.xcconfig"; sourceTree = "<group>"; };
		24CA0AC73F3F3BC6213EB453 /* Pods-ViteTest.internal.xcconfig */ = {isa = PBXFileReference; includeInIndex = 1; lastKnownFileType = text.xcconfig; name = "Pods-ViteTest.internal.xcconfig"; path = "Pods/Target Support Files/Pods-ViteTest/Pods-ViteTest.internal.xcconfig"; sourceTree = "<group>"; };
		2B38E8D9FA0F6C8091C7E97C /* Pods_ViteTests.framework */ = {isa = PBXFileReference; explicitFileType = wrapper.framework; includeInIndex = 0; path = Pods_ViteTests.framework; sourceTree = BUILT_PRODUCTS_DIR; };
		33A95135424604B2DA773E81 /* Pods-ViteTests.debug.xcconfig */ = {isa = PBXFileReference; includeInIndex = 1; lastKnownFileType = text.xcconfig; name = "Pods-ViteTests.debug.xcconfig"; path = "Pods/Target Support Files/Pods-ViteTests/Pods-ViteTests.debug.xcconfig"; sourceTree = "<group>"; };
		4C0024E221257CD9001DF390 /* Vite.entitlements */ = {isa = PBXFileReference; lastKnownFileType = text.plist.entitlements; path = Vite.entitlements; sourceTree = "<group>"; };
		4C0024E321258005001DF390 /* R.generated.swift */ = {isa = PBXFileReference; fileEncoding = 4; lastKnownFileType = sourcecode.swift; path = R.generated.swift; sourceTree = SOURCE_ROOT; };
		4C1FF4F1212A74730055067D /* en */ = {isa = PBXFileReference; lastKnownFileType = text.plist.strings; name = en; path = en.lproj/Localizable.strings; sourceTree = "<group>"; };
		4C1FF4F4212A76410055067D /* zh-Hans */ = {isa = PBXFileReference; lastKnownFileType = text.plist.strings; name = "zh-Hans"; path = "zh-Hans.lproj/Localizable.strings"; sourceTree = "<group>"; };
		4C880F57213E880E0091CE00 /* LaunchScreen.storyboard */ = {isa = PBXFileReference; fileEncoding = 4; lastKnownFileType = file.storyboard; path = LaunchScreen.storyboard; sourceTree = "<group>"; };
		4C9AFD71214F8F4C005B12C2 /* JavaScriptCore.framework */ = {isa = PBXFileReference; lastKnownFileType = wrapper.framework; name = JavaScriptCore.framework; path = System/Library/Frameworks/JavaScriptCore.framework; sourceTree = SDKROOT; };
		4C9AFD73214F8F54005B12C2 /* Security.framework */ = {isa = PBXFileReference; lastKnownFileType = wrapper.framework; name = Security.framework; path = System/Library/Frameworks/Security.framework; sourceTree = SDKROOT; };
		4C9AFD75214F8F5E005B12C2 /* CoreLocation.framework */ = {isa = PBXFileReference; lastKnownFileType = wrapper.framework; name = CoreLocation.framework; path = System/Library/Frameworks/CoreLocation.framework; sourceTree = SDKROOT; };
		4C9AFD77214F8F66005B12C2 /* SystemConfiguration.framework */ = {isa = PBXFileReference; lastKnownFileType = wrapper.framework; name = SystemConfiguration.framework; path = System/Library/Frameworks/SystemConfiguration.framework; sourceTree = SDKROOT; };
		4C9AFD79214F8F6D005B12C2 /* CoreTelephony.framework */ = {isa = PBXFileReference; lastKnownFileType = wrapper.framework; name = CoreTelephony.framework; path = System/Library/Frameworks/CoreTelephony.framework; sourceTree = SDKROOT; };
		4C9AFD7B214F8F74005B12C2 /* CoreGraphics.framework */ = {isa = PBXFileReference; lastKnownFileType = wrapper.framework; name = CoreGraphics.framework; path = System/Library/Frameworks/CoreGraphics.framework; sourceTree = SDKROOT; };
		4C9AFD7D214F8F7C005B12C2 /* UIKit.framework */ = {isa = PBXFileReference; lastKnownFileType = wrapper.framework; name = UIKit.framework; path = System/Library/Frameworks/UIKit.framework; sourceTree = SDKROOT; };
		4C9AFD7F214F8F83005B12C2 /* Foundation.framework */ = {isa = PBXFileReference; lastKnownFileType = wrapper.framework; name = Foundation.framework; path = System/Library/Frameworks/Foundation.framework; sourceTree = SDKROOT; };
		4C9AFD81214F8F8E005B12C2 /* libz.1.2.5.tbd */ = {isa = PBXFileReference; lastKnownFileType = "sourcecode.text-based-dylib-definition"; name = libz.1.2.5.tbd; path = usr/lib/libz.1.2.5.tbd; sourceTree = SDKROOT; };
		4C9AFD83214F8F9C005B12C2 /* libstdc++.tbd */ = {isa = PBXFileReference; lastKnownFileType = "sourcecode.text-based-dylib-definition"; name = "libstdc++.tbd"; path = "usr/lib/libstdc++.tbd"; sourceTree = SDKROOT; };
		4C9AFD85214F9087005B12C2 /* libicucore.tbd */ = {isa = PBXFileReference; lastKnownFileType = "sourcecode.text-based-dylib-definition"; name = libicucore.tbd; path = usr/lib/libicucore.tbd; sourceTree = SDKROOT; };
		4C9AFD89214FB81C005B12C2 /* Vite-Bridging-Header.h */ = {isa = PBXFileReference; lastKnownFileType = sourcecode.c.h; path = "Vite-Bridging-Header.h"; sourceTree = "<group>"; };
		4CA71A6A21F9B41200F0CFB3 /* main.swift */ = {isa = PBXFileReference; lastKnownFileType = sourcecode.swift; path = main.swift; sourceTree = "<group>"; };
		4CA71A7021F9B48F00F0CFB3 /* DenyPtrace.c */ = {isa = PBXFileReference; fileEncoding = 4; lastKnownFileType = sourcecode.c.c; path = DenyPtrace.c; sourceTree = "<group>"; };
		4CCE42422124553B0080E92B /* Vite.app */ = {isa = PBXFileReference; explicitFileType = wrapper.application; includeInIndex = 0; path = Vite.app; sourceTree = BUILT_PRODUCTS_DIR; };
		4CCE42512124553C0080E92B /* Info.plist */ = {isa = PBXFileReference; lastKnownFileType = text.plist.xml; path = Info.plist; sourceTree = "<group>"; };
		4CCE42562124553C0080E92B /* ViteTests.xctest */ = {isa = PBXFileReference; explicitFileType = wrapper.cfbundle; includeInIndex = 0; path = ViteTests.xctest; sourceTree = BUILT_PRODUCTS_DIR; };
		4CCE425A2124553C0080E92B /* ViteTests.swift */ = {isa = PBXFileReference; lastKnownFileType = sourcecode.swift; path = ViteTests.swift; sourceTree = "<group>"; };
		4CCE425C2124553C0080E92B /* Info.plist */ = {isa = PBXFileReference; lastKnownFileType = text.plist.xml; path = Info.plist; sourceTree = "<group>"; };
		4CCE42672124553C0080E92B /* Info.plist */ = {isa = PBXFileReference; lastKnownFileType = text.plist.xml; path = Info.plist; sourceTree = "<group>"; };
		4CEB292C214BC09100E5F7F4 /* ViteInputValidTest.swift */ = {isa = PBXFileReference; lastKnownFileType = sourcecode.swift; path = ViteInputValidTest.swift; sourceTree = "<group>"; };
		6C477C1209DFD179BADA20F4 /* Pods-ViteTest.test.xcconfig */ = {isa = PBXFileReference; includeInIndex = 1; lastKnownFileType = text.xcconfig; name = "Pods-ViteTest.test.xcconfig"; path = "Pods/Target Support Files/Pods-ViteTest/Pods-ViteTest.test.xcconfig"; sourceTree = "<group>"; };
		74649F1121F706A7004D0CCD /* GoogleService-Info.plist */ = {isa = PBXFileReference; fileEncoding = 4; lastKnownFileType = text.plist.xml; name = "GoogleService-Info.plist"; path = "Resource/Firebase/official/GoogleService-Info.plist"; sourceTree = "<group>"; };
		74649F1521F706B5004D0CCD /* GoogleService-Info.plist */ = {isa = PBXFileReference; fileEncoding = 4; lastKnownFileType = text.plist.xml; name = "GoogleService-Info.plist"; path = "Resource/Firebase/enterprise/GoogleService-Info.plist"; sourceTree = "<group>"; };
		74920B5621C10E500010C746 /* Assets.xcassets */ = {isa = PBXFileReference; lastKnownFileType = folder.assetcatalog; path = Assets.xcassets; sourceTree = "<group>"; };
		74920B6621C22D7D0010C746 /* AppDelegate.swift */ = {isa = PBXFileReference; fileEncoding = 4; lastKnownFileType = sourcecode.swift; path = AppDelegate.swift; sourceTree = "<group>"; };
		74FBDCFA21C7C06000685241 /* PushService.appex */ = {isa = PBXFileReference; explicitFileType = "wrapper.app-extension"; includeInIndex = 0; path = PushService.appex; sourceTree = BUILT_PRODUCTS_DIR; };
		74FBDCFC21C7C06100685241 /* NotificationService.swift */ = {isa = PBXFileReference; lastKnownFileType = sourcecode.swift; path = NotificationService.swift; sourceTree = "<group>"; };
		74FBDCFE21C7C06100685241 /* Info.plist */ = {isa = PBXFileReference; lastKnownFileType = text.plist.xml; path = Info.plist; sourceTree = "<group>"; };
		74FBDD0621C7C08900685241 /* PushService-Bridging-Header.h */ = {isa = PBXFileReference; lastKnownFileType = sourcecode.c.h; path = "PushService-Bridging-Header.h"; sourceTree = "<group>"; };
		74FBDD0D21C7C12900685241 /* libz.tbd */ = {isa = PBXFileReference; lastKnownFileType = "sourcecode.text-based-dylib-definition"; name = libz.tbd; path = usr/lib/libz.tbd; sourceTree = SDKROOT; };
		74FBDD0F21C7C12E00685241 /* libsqlite3.tbd */ = {isa = PBXFileReference; lastKnownFileType = "sourcecode.text-based-dylib-definition"; name = libsqlite3.tbd; path = usr/lib/libsqlite3.tbd; sourceTree = SDKROOT; };
		7742AD5C37CDC695C9E4CF73 /* Pods_Vite.framework */ = {isa = PBXFileReference; explicitFileType = wrapper.framework; includeInIndex = 0; path = Pods_Vite.framework; sourceTree = BUILT_PRODUCTS_DIR; };
		7F69169716358C197F03A9E5 /* Pods_Vite_official.framework */ = {isa = PBXFileReference; explicitFileType = wrapper.framework; includeInIndex = 0; path = Pods_Vite_official.framework; sourceTree = BUILT_PRODUCTS_DIR; };
		809405AD75A88451B51B58D6 /* Pods-ViteOfficial.release.xcconfig */ = {isa = PBXFileReference; includeInIndex = 1; lastKnownFileType = text.xcconfig; name = "Pods-ViteOfficial.release.xcconfig"; path = "Pods/Target Support Files/Pods-ViteOfficial/Pods-ViteOfficial.release.xcconfig"; sourceTree = "<group>"; };
		8E0FB696216B5B95001525EB /* ViteCryptoTest.swift */ = {isa = PBXFileReference; lastKnownFileType = sourcecode.swift; path = ViteCryptoTest.swift; sourceTree = "<group>"; };
		8E1F941022B39E6A00D5C0A8 /* ViteOfficial.app */ = {isa = PBXFileReference; explicitFileType = wrapper.application; includeInIndex = 0; path = ViteOfficial.app; sourceTree = BUILT_PRODUCTS_DIR; };
		8E646FA822B3B6EC0007CE0E /* ViteTest.app */ = {isa = PBXFileReference; explicitFileType = wrapper.application; includeInIndex = 0; path = ViteTest.app; sourceTree = BUILT_PRODUCTS_DIR; };
		8E646FC022B3B9290007CE0E /* ViteDapp.app */ = {isa = PBXFileReference; explicitFileType = wrapper.application; includeInIndex = 0; path = ViteDapp.app; sourceTree = BUILT_PRODUCTS_DIR; };
		8E646FC322B3BC800007CE0E /* Info.plist */ = {isa = PBXFileReference; lastKnownFileType = text.plist.xml; path = Info.plist; sourceTree = "<group>"; };
		8E646FC522B3BC800007CE0E /* Info.plist */ = {isa = PBXFileReference; lastKnownFileType = text.plist.xml; path = Info.plist; sourceTree = "<group>"; };
		8E646FC722B3BC800007CE0E /* Info.plist */ = {isa = PBXFileReference; lastKnownFileType = text.plist.xml; path = Info.plist; sourceTree = "<group>"; };
		8E6F3E13214220DF003CDFC2 /* ViteNetworkTests.swift */ = {isa = PBXFileReference; lastKnownFileType = sourcecode.swift; path = ViteNetworkTests.swift; sourceTree = "<group>"; };
		8E79261521515D3A007FEBAB /* ViteURITest.swift */ = {isa = PBXFileReference; lastKnownFileType = sourcecode.swift; path = ViteURITest.swift; sourceTree = "<group>"; };
		9093049F3DD9E9AC0B48FFE3 /* Pods-ViteTests.internal.xcconfig */ = {isa = PBXFileReference; includeInIndex = 1; lastKnownFileType = text.xcconfig; name = "Pods-ViteTests.internal.xcconfig"; path = "Pods/Target Support Files/Pods-ViteTests/Pods-ViteTests.internal.xcconfig"; sourceTree = "<group>"; };
		B6EDA48390C3C0344001F0F0 /* Pods-ViteTests.release.xcconfig */ = {isa = PBXFileReference; includeInIndex = 1; lastKnownFileType = text.xcconfig; name = "Pods-ViteTests.release.xcconfig"; path = "Pods/Target Support Files/Pods-ViteTests/Pods-ViteTests.release.xcconfig"; sourceTree = "<group>"; };
		C34885FE588DF3B38BFDF1CC /* Pods-ViteTests.dev.xcconfig */ = {isa = PBXFileReference; includeInIndex = 1; lastKnownFileType = text.xcconfig; name = "Pods-ViteTests.dev.xcconfig"; path = "Pods/Target Support Files/Pods-ViteTests/Pods-ViteTests.dev.xcconfig"; sourceTree = "<group>"; };
		D55D99607767985694E66AD0 /* Pods_Vite_test.framework */ = {isa = PBXFileReference; explicitFileType = wrapper.framework; includeInIndex = 0; path = Pods_Vite_test.framework; sourceTree = BUILT_PRODUCTS_DIR; };
		DCC46B6C5CD40D7094A6AAD4 /* Pods_ViteTest.framework */ = {isa = PBXFileReference; explicitFileType = wrapper.framework; includeInIndex = 0; path = Pods_ViteTest.framework; sourceTree = BUILT_PRODUCTS_DIR; };
		E371DBD76F35FAF8F3007466 /* Pods_Vite_enterprise.framework */ = {isa = PBXFileReference; explicitFileType = wrapper.framework; includeInIndex = 0; path = Pods_Vite_enterprise.framework; sourceTree = BUILT_PRODUCTS_DIR; };
		E5EF60202B89DEC8B075E04F /* Pods_ViteUITests.framework */ = {isa = PBXFileReference; explicitFileType = wrapper.framework; includeInIndex = 0; path = Pods_ViteUITests.framework; sourceTree = BUILT_PRODUCTS_DIR; };
		F6D5EA07B9D417853474809E /* Pods_ViteOfficial.framework */ = {isa = PBXFileReference; explicitFileType = wrapper.framework; includeInIndex = 0; path = Pods_ViteOfficial.framework; sourceTree = BUILT_PRODUCTS_DIR; };
		FC163815C5FDAAC0577B3462 /* Pods-ViteOfficial.debug.xcconfig */ = {isa = PBXFileReference; includeInIndex = 1; lastKnownFileType = text.xcconfig; name = "Pods-ViteOfficial.debug.xcconfig"; path = "Pods/Target Support Files/Pods-ViteOfficial/Pods-ViteOfficial.debug.xcconfig"; sourceTree = "<group>"; };
/* End PBXFileReference section */

/* Begin PBXFrameworksBuildPhase section */
		4CCE423F2124553B0080E92B /* Frameworks */ = {
			isa = PBXFrameworksBuildPhase;
			buildActionMask = 2147483647;
			files = (
			);
			runOnlyForDeploymentPostprocessing = 0;
		};
		4CCE42532124553C0080E92B /* Frameworks */ = {
			isa = PBXFrameworksBuildPhase;
			buildActionMask = 2147483647;
			files = (
				7EFEF82B6B816D533451F28F /* Pods_ViteTests.framework in Frameworks */,
			);
			runOnlyForDeploymentPostprocessing = 0;
		};
		74FBDCF721C7C06000685241 /* Frameworks */ = {
			isa = PBXFrameworksBuildPhase;
			buildActionMask = 2147483647;
			files = (
				74FBDD1021C7C12E00685241 /* libsqlite3.tbd in Frameworks */,
				74FBDD0E21C7C12900685241 /* libz.tbd in Frameworks */,
			);
			runOnlyForDeploymentPostprocessing = 0;
		};
		8E1F93FE22B39E6A00D5C0A8 /* Frameworks */ = {
			isa = PBXFrameworksBuildPhase;
			buildActionMask = 2147483647;
			files = (
				632E4384E79C0C331629A071 /* Pods_ViteOfficial.framework in Frameworks */,
			);
			runOnlyForDeploymentPostprocessing = 0;
		};
		8E646F9922B3B6EC0007CE0E /* Frameworks */ = {
			isa = PBXFrameworksBuildPhase;
			buildActionMask = 2147483647;
			files = (
			);
			runOnlyForDeploymentPostprocessing = 0;
		};
		8E646FB322B3B9290007CE0E /* Frameworks */ = {
			isa = PBXFrameworksBuildPhase;
			buildActionMask = 2147483647;
			files = (
			);
			runOnlyForDeploymentPostprocessing = 0;
		};
/* End PBXFrameworksBuildPhase section */

/* Begin PBXGroup section */
		3769396FEE468F6F2DD10DB6 /* Pods */ = {
			isa = PBXGroup;
			children = (
				33A95135424604B2DA773E81 /* Pods-ViteTests.debug.xcconfig */,
				B6EDA48390C3C0344001F0F0 /* Pods-ViteTests.release.xcconfig */,
				1725C021B18A1BEBBB6166A6 /* Pods-ViteTests.test.xcconfig */,
				9093049F3DD9E9AC0B48FFE3 /* Pods-ViteTests.internal.xcconfig */,
				180B38E8FC01091FE6DAB873 /* Pods-Vite.dev.xcconfig */,
				C34885FE588DF3B38BFDF1CC /* Pods-ViteTests.dev.xcconfig */,
				24CA0AC73F3F3BC6213EB453 /* Pods-ViteTest.internal.xcconfig */,
				6C477C1209DFD179BADA20F4 /* Pods-ViteTest.test.xcconfig */,
				FC163815C5FDAAC0577B3462 /* Pods-ViteOfficial.debug.xcconfig */,
				809405AD75A88451B51B58D6 /* Pods-ViteOfficial.release.xcconfig */,
			);
			name = Pods;
			sourceTree = "<group>";
		};
		4C1FF4EC212A73FB0055067D /* Resource */ = {
			isa = PBXGroup;
			children = (
				4C1FF4ED212A73FB0055067D /* Localization */,
			);
			path = Resource;
			sourceTree = "<group>";
		};
		4C1FF4ED212A73FB0055067D /* Localization */ = {
			isa = PBXGroup;
			children = (
				4C1FF4F2212A74730055067D /* Localizable.strings */,
			);
			path = Localization;
			sourceTree = "<group>";
		};
		4CCE42392124553B0080E92B = {
			isa = PBXGroup;
			children = (
				4CCE42442124553B0080E92B /* Vite */,
				8E646FC222B3BC800007CE0E /* ViteOfficial */,
				8E646FC622B3BC800007CE0E /* ViteTest */,
				8E646FC422B3BC800007CE0E /* ViteDapp */,
				4CCE42592124553C0080E92B /* ViteTests */,
				4CCE42642124553C0080E92B /* ViteUITests */,
				74FBDCFB21C7C06100685241 /* PushService */,
				4CCE42432124553B0080E92B /* Products */,
				3769396FEE468F6F2DD10DB6 /* Pods */,
				63EB5F834DEBA43A777880E2 /* Frameworks */,
			);
			sourceTree = "<group>";
		};
		4CCE42432124553B0080E92B /* Products */ = {
			isa = PBXGroup;
			children = (
				4CCE42422124553B0080E92B /* Vite.app */,
				4CCE42562124553C0080E92B /* ViteTests.xctest */,
				74FBDCFA21C7C06000685241 /* PushService.appex */,
				8E1F941022B39E6A00D5C0A8 /* ViteOfficial.app */,
				8E646FA822B3B6EC0007CE0E /* ViteTest.app */,
				8E646FC022B3B9290007CE0E /* ViteDapp.app */,
			);
			name = Products;
			sourceTree = "<group>";
		};
		4CCE42442124553B0080E92B /* Vite */ = {
			isa = PBXGroup;
			children = (
				4C0024E221257CD9001DF390 /* Vite.entitlements */,
				74920B6621C22D7D0010C746 /* AppDelegate.swift */,
				4CA71A6A21F9B41200F0CFB3 /* main.swift */,
				4CA71A7021F9B48F00F0CFB3 /* DenyPtrace.c */,
				4C0024E321258005001DF390 /* R.generated.swift */,
				4C9AFD89214FB81C005B12C2 /* Vite-Bridging-Header.h */,
				74920B5621C10E500010C746 /* Assets.xcassets */,
				4C1FF4EC212A73FB0055067D /* Resource */,
				4CCE42512124553C0080E92B /* Info.plist */,
				74649F1121F706A7004D0CCD /* GoogleService-Info.plist */,
				74649F1521F706B5004D0CCD /* GoogleService-Info.plist */,
				4C880F57213E880E0091CE00 /* LaunchScreen.storyboard */,
			);
			path = Vite;
			sourceTree = "<group>";
		};
		4CCE42592124553C0080E92B /* ViteTests */ = {
			isa = PBXGroup;
			children = (
				4CCE425A2124553C0080E92B /* ViteTests.swift */,
				8E6F3E13214220DF003CDFC2 /* ViteNetworkTests.swift */,
				4CEB292C214BC09100E5F7F4 /* ViteInputValidTest.swift */,
				8E79261521515D3A007FEBAB /* ViteURITest.swift */,
				8E0FB696216B5B95001525EB /* ViteCryptoTest.swift */,
				4CCE425C2124553C0080E92B /* Info.plist */,
			);
			path = ViteTests;
			sourceTree = "<group>";
		};
		4CCE42642124553C0080E92B /* ViteUITests */ = {
			isa = PBXGroup;
			children = (
				4CCE42672124553C0080E92B /* Info.plist */,
			);
			path = ViteUITests;
			sourceTree = "<group>";
		};
		63EB5F834DEBA43A777880E2 /* Frameworks */ = {
			isa = PBXGroup;
			children = (
				74FBDD0F21C7C12E00685241 /* libsqlite3.tbd */,
				74FBDD0D21C7C12900685241 /* libz.tbd */,
				4C9AFD85214F9087005B12C2 /* libicucore.tbd */,
				4C9AFD83214F8F9C005B12C2 /* libstdc++.tbd */,
				4C9AFD81214F8F8E005B12C2 /* libz.1.2.5.tbd */,
				4C9AFD7F214F8F83005B12C2 /* Foundation.framework */,
				4C9AFD7D214F8F7C005B12C2 /* UIKit.framework */,
				4C9AFD7B214F8F74005B12C2 /* CoreGraphics.framework */,
				4C9AFD79214F8F6D005B12C2 /* CoreTelephony.framework */,
				4C9AFD77214F8F66005B12C2 /* SystemConfiguration.framework */,
				4C9AFD75214F8F5E005B12C2 /* CoreLocation.framework */,
				4C9AFD73214F8F54005B12C2 /* Security.framework */,
				4C9AFD71214F8F4C005B12C2 /* JavaScriptCore.framework */,
				7742AD5C37CDC695C9E4CF73 /* Pods_Vite.framework */,
				E5EF60202B89DEC8B075E04F /* Pods_ViteUITests.framework */,
				E371DBD76F35FAF8F3007466 /* Pods_Vite_enterprise.framework */,
				D55D99607767985694E66AD0 /* Pods_Vite_test.framework */,
				2B38E8D9FA0F6C8091C7E97C /* Pods_ViteTests.framework */,
				7F69169716358C197F03A9E5 /* Pods_Vite_official.framework */,
				F6D5EA07B9D417853474809E /* Pods_ViteOfficial.framework */,
				DCC46B6C5CD40D7094A6AAD4 /* Pods_ViteTest.framework */,
				007BB00A2EAF52611D6BC23C /* Pods_ViteDapp.framework */,
			);
			name = Frameworks;
			sourceTree = "<group>";
		};
		74FBDCFB21C7C06100685241 /* PushService */ = {
			isa = PBXGroup;
			children = (
				74FBDCFC21C7C06100685241 /* NotificationService.swift */,
				74FBDCFE21C7C06100685241 /* Info.plist */,
				74FBDD0621C7C08900685241 /* PushService-Bridging-Header.h */,
			);
			path = PushService;
			sourceTree = "<group>";
		};
		8E646FC222B3BC800007CE0E /* ViteOfficial */ = {
			isa = PBXGroup;
			children = (
				8E646FC322B3BC800007CE0E /* Info.plist */,
			);
			path = ViteOfficial;
			sourceTree = "<group>";
		};
		8E646FC422B3BC800007CE0E /* ViteDapp */ = {
			isa = PBXGroup;
			children = (
				8E646FC522B3BC800007CE0E /* Info.plist */,
			);
			path = ViteDapp;
			sourceTree = "<group>";
		};
		8E646FC622B3BC800007CE0E /* ViteTest */ = {
			isa = PBXGroup;
			children = (
				8E646FC722B3BC800007CE0E /* Info.plist */,
			);
			path = ViteTest;
			sourceTree = "<group>";
		};
/* End PBXGroup section */

/* Begin PBXNativeTarget section */
		4CCE42412124553B0080E92B /* Vite */ = {
			isa = PBXNativeTarget;
			buildConfigurationList = 4CCE426A2124553C0080E92B /* Build configuration list for PBXNativeTarget "Vite" */;
			buildPhases = (
				4C0024D821257569001DF390 /* Run R.Swift */,
				4CCE423E2124553B0080E92B /* Sources */,
				4CCE423F2124553B0080E92B /* Frameworks */,
				4CCE42402124553B0080E92B /* Resources */,
				4C0024DB21257868001DF390 /* Run SwiftLint */,
				74FBDD0521C7C06100685241 /* Embed App Extensions */,
				74649F0E21F6F3BE004D0CCD /* Run Fabric */,
			);
			buildRules = (
			);
			dependencies = (
				74FBDD0021C7C06100685241 /* PBXTargetDependency */,
			);
			name = Vite;
			productName = Vite;
			productReference = 4CCE42422124553B0080E92B /* Vite.app */;
			productType = "com.apple.product-type.application";
		};
		4CCE42552124553C0080E92B /* ViteTests */ = {
			isa = PBXNativeTarget;
			buildConfigurationList = 4CCE426D2124553C0080E92B /* Build configuration list for PBXNativeTarget "ViteTests" */;
			buildPhases = (
				2D750E93D496371FC6B74780 /* [CP] Check Pods Manifest.lock */,
				4CCE42522124553C0080E92B /* Sources */,
				4CCE42532124553C0080E92B /* Frameworks */,
				4CCE42542124553C0080E92B /* Resources */,
			);
			buildRules = (
			);
			dependencies = (
				4CCE42582124553C0080E92B /* PBXTargetDependency */,
			);
			name = ViteTests;
			productName = ViteTests;
			productReference = 4CCE42562124553C0080E92B /* ViteTests.xctest */;
			productType = "com.apple.product-type.bundle.unit-test";
		};
		74FBDCF921C7C06000685241 /* PushService */ = {
			isa = PBXNativeTarget;
			buildConfigurationList = 74FBDD0421C7C06100685241 /* Build configuration list for PBXNativeTarget "PushService" */;
			buildPhases = (
				74FBDCF621C7C06000685241 /* Sources */,
				74FBDCF721C7C06000685241 /* Frameworks */,
				74FBDCF821C7C06000685241 /* Resources */,
			);
			buildRules = (
			);
			dependencies = (
			);
			name = PushService;
			productName = PushService;
			productReference = 74FBDCFA21C7C06000685241 /* PushService.appex */;
			productType = "com.apple.product-type.app-extension";
		};
		8E1F93F422B39E6A00D5C0A8 /* ViteOfficial */ = {
			isa = PBXNativeTarget;
			buildConfigurationList = 8E1F940B22B39E6A00D5C0A8 /* Build configuration list for PBXNativeTarget "ViteOfficial" */;
			buildPhases = (
				1FC85AFC2F6A00C4522918A4 /* [CP] Check Pods Manifest.lock */,
				8E1F93F822B39E6A00D5C0A8 /* Run R.Swift */,
				8E1F93F922B39E6A00D5C0A8 /* Sources */,
				8E1F93FE22B39E6A00D5C0A8 /* Frameworks */,
				8E1F940022B39E6A00D5C0A8 /* Resources */,
				8E1F940522B39E6A00D5C0A8 /* Run SwiftLint */,
				8E1F940622B39E6A00D5C0A8 /* Embed App Extensions */,
				8E1F940A22B39E6A00D5C0A8 /* Run Fabric */,
				4D0E21FEFA7A5BD15585AD1B /* [CP] Embed Pods Frameworks */,
				2ED443EAE43485A58039DCAC /* [CP] Copy Pods Resources */,
			);
			buildRules = (
			);
			dependencies = (
				8E1F93F522B39E6A00D5C0A8 /* PBXTargetDependency */,
			);
			name = ViteOfficial;
			productName = Vite;
			productReference = 8E1F941022B39E6A00D5C0A8 /* ViteOfficial.app */;
			productType = "com.apple.product-type.application";
		};
		8E646F9022B3B6EC0007CE0E /* ViteTest */ = {
			isa = PBXNativeTarget;
			buildConfigurationList = 8E646FA322B3B6EC0007CE0E /* Build configuration list for PBXNativeTarget "ViteTest" */;
			buildPhases = (
				8E646F9322B3B6EC0007CE0E /* Run R.Swift */,
				8E646F9422B3B6EC0007CE0E /* Sources */,
				8E646F9922B3B6EC0007CE0E /* Frameworks */,
				8E646F9A22B3B6EC0007CE0E /* Resources */,
				8E646F9F22B3B6EC0007CE0E /* Run SwiftLint */,
				8E646FA022B3B6EC0007CE0E /* Embed App Extensions */,
				8E646FA222B3B6EC0007CE0E /* Run Fabric */,
			);
			buildRules = (
			);
			dependencies = (
				8E646F9122B3B6EC0007CE0E /* PBXTargetDependency */,
			);
			name = ViteTest;
			productName = Vite;
			productReference = 8E646FA822B3B6EC0007CE0E /* ViteTest.app */;
			productType = "com.apple.product-type.application";
		};
		8E646FAA22B3B9290007CE0E /* ViteDapp */ = {
			isa = PBXNativeTarget;
			buildConfigurationList = 8E646FBD22B3B9290007CE0E /* Build configuration list for PBXNativeTarget "ViteDapp" */;
			buildPhases = (
				8E646FAD22B3B9290007CE0E /* Run R.Swift */,
				8E646FAE22B3B9290007CE0E /* Sources */,
				8E646FB322B3B9290007CE0E /* Frameworks */,
				8E646FB422B3B9290007CE0E /* Resources */,
				8E646FB922B3B9290007CE0E /* Run SwiftLint */,
				8E646FBC22B3B9290007CE0E /* Run Fabric */,
			);
			buildRules = (
			);
			dependencies = (
			);
			name = ViteDapp;
			productName = Vite;
			productReference = 8E646FC022B3B9290007CE0E /* ViteDapp.app */;
			productType = "com.apple.product-type.application";
		};
/* End PBXNativeTarget section */

/* Begin PBXProject section */
		4CCE423A2124553B0080E92B /* Project object */ = {
			isa = PBXProject;
			attributes = {
				CLASSPREFIX = Vite;
				DefaultBuildSystemTypeForWorkspace = Original;
				LastSwiftUpdateCheck = 1010;
				LastUpgradeCheck = 0940;
				ORGANIZATIONNAME = "vite labs";
				TargetAttributes = {
					4CCE42412124553B0080E92B = {
						CreatedOnToolsVersion = 9.4.1;
						SystemCapabilities = {
							com.apple.Keychain = {
								enabled = 1;
							};
							com.apple.Push = {
								enabled = 1;
							};
						};
					};
					4CCE42552124553C0080E92B = {
						CreatedOnToolsVersion = 9.4.1;
						LastSwiftMigration = 1010;
						TestTargetID = 4CCE42412124553B0080E92B;
					};
					74FBDCF921C7C06000685241 = {
						CreatedOnToolsVersion = 10.1;
						LastSwiftMigration = 1010;
					};
					8E1F93F422B39E6A00D5C0A8 = {
						SystemCapabilities = {
							com.apple.Push = {
								enabled = 1;
							};
						};
					};
					8E646FAA22B3B9290007CE0E = {
						SystemCapabilities = {
							com.apple.Push = {
								enabled = 0;
							};
						};
					};
				};
			};
			buildConfigurationList = 4CCE423D2124553B0080E92B /* Build configuration list for PBXProject "Vite" */;
			compatibilityVersion = "Xcode 9.3";
			developmentRegion = en;
			hasScannedForEncodings = 0;
			knownRegions = (
				en,
				Base,
				"zh-Hans",
			);
			mainGroup = 4CCE42392124553B0080E92B;
			productRefGroup = 4CCE42432124553B0080E92B /* Products */;
			projectDirPath = "";
			projectRoot = "";
			targets = (
				4CCE42412124553B0080E92B /* Vite */,
				8E1F93F422B39E6A00D5C0A8 /* ViteOfficial */,
				8E646F9022B3B6EC0007CE0E /* ViteTest */,
				8E646FAA22B3B9290007CE0E /* ViteDapp */,
				4CCE42552124553C0080E92B /* ViteTests */,
				74FBDCF921C7C06000685241 /* PushService */,
			);
		};
/* End PBXProject section */

/* Begin PBXResourcesBuildPhase section */
		4CCE42402124553B0080E92B /* Resources */ = {
			isa = PBXResourcesBuildPhase;
			buildActionMask = 2147483647;
			files = (
				4C880F58213E880F0091CE00 /* LaunchScreen.storyboard in Resources */,
				74649F1221F706A7004D0CCD /* GoogleService-Info.plist in Resources */,
				4C1FF4F0212A74730055067D /* Localizable.strings in Resources */,
				74920B5721C10E500010C746 /* Assets.xcassets in Resources */,
			);
			runOnlyForDeploymentPostprocessing = 0;
		};
		4CCE42542124553C0080E92B /* Resources */ = {
			isa = PBXResourcesBuildPhase;
			buildActionMask = 2147483647;
			files = (
				74920B5A21C10E500010C746 /* Assets.xcassets in Resources */,
			);
			runOnlyForDeploymentPostprocessing = 0;
		};
		74FBDCF821C7C06000685241 /* Resources */ = {
			isa = PBXResourcesBuildPhase;
			buildActionMask = 2147483647;
			files = (
			);
			runOnlyForDeploymentPostprocessing = 0;
		};
		8E1F940022B39E6A00D5C0A8 /* Resources */ = {
			isa = PBXResourcesBuildPhase;
			buildActionMask = 2147483647;
			files = (
				8E1F940122B39E6A00D5C0A8 /* LaunchScreen.storyboard in Resources */,
				8E1F940222B39E6A00D5C0A8 /* GoogleService-Info.plist in Resources */,
				8E1F940322B39E6A00D5C0A8 /* Localizable.strings in Resources */,
				8E1F940422B39E6A00D5C0A8 /* Assets.xcassets in Resources */,
			);
			runOnlyForDeploymentPostprocessing = 0;
		};
		8E646F9A22B3B6EC0007CE0E /* Resources */ = {
			isa = PBXResourcesBuildPhase;
			buildActionMask = 2147483647;
			files = (
				8E646F9B22B3B6EC0007CE0E /* LaunchScreen.storyboard in Resources */,
				8E646F9C22B3B6EC0007CE0E /* GoogleService-Info.plist in Resources */,
				8E646F9D22B3B6EC0007CE0E /* Localizable.strings in Resources */,
				8E646F9E22B3B6EC0007CE0E /* Assets.xcassets in Resources */,
			);
			runOnlyForDeploymentPostprocessing = 0;
		};
		8E646FB422B3B9290007CE0E /* Resources */ = {
			isa = PBXResourcesBuildPhase;
			buildActionMask = 2147483647;
			files = (
				8E646FB522B3B9290007CE0E /* LaunchScreen.storyboard in Resources */,
				8E646FB622B3B9290007CE0E /* GoogleService-Info.plist in Resources */,
				8E646FB722B3B9290007CE0E /* Localizable.strings in Resources */,
				8E646FB822B3B9290007CE0E /* Assets.xcassets in Resources */,
			);
			runOnlyForDeploymentPostprocessing = 0;
		};
/* End PBXResourcesBuildPhase section */

/* Begin PBXShellScriptBuildPhase section */
		1FC85AFC2F6A00C4522918A4 /* [CP] Check Pods Manifest.lock */ = {
			isa = PBXShellScriptBuildPhase;
			buildActionMask = 2147483647;
			files = (
			);
			inputFileListPaths = (
			);
			inputPaths = (
				"${PODS_PODFILE_DIR_PATH}/Podfile.lock",
				"${PODS_ROOT}/Manifest.lock",
			);
			name = "[CP] Check Pods Manifest.lock";
			outputFileListPaths = (
			);
			outputPaths = (
				"$(DERIVED_FILE_DIR)/Pods-ViteOfficial-checkManifestLockResult.txt",
			);
			runOnlyForDeploymentPostprocessing = 0;
			shellPath = /bin/sh;
			shellScript = "diff \"${PODS_PODFILE_DIR_PATH}/Podfile.lock\" \"${PODS_ROOT}/Manifest.lock\" > /dev/null\nif [ $? != 0 ] ; then\n    # print error to STDERR\n    echo \"error: The sandbox is not in sync with the Podfile.lock. Run 'pod install' or update your CocoaPods installation.\" >&2\n    exit 1\nfi\n# This output is used by Xcode 'outputs' to avoid re-running this script phase.\necho \"SUCCESS\" > \"${SCRIPT_OUTPUT_FILE_0}\"\n";
			showEnvVarsInLog = 0;
		};
		2D750E93D496371FC6B74780 /* [CP] Check Pods Manifest.lock */ = {
			isa = PBXShellScriptBuildPhase;
			buildActionMask = 2147483647;
			files = (
			);
			inputFileListPaths = (
			);
			inputPaths = (
				"${PODS_PODFILE_DIR_PATH}/Podfile.lock",
				"${PODS_ROOT}/Manifest.lock",
			);
			name = "[CP] Check Pods Manifest.lock";
			outputFileListPaths = (
			);
			outputPaths = (
				"$(DERIVED_FILE_DIR)/Pods-ViteTests-checkManifestLockResult.txt",
			);
			runOnlyForDeploymentPostprocessing = 0;
			shellPath = /bin/sh;
			shellScript = "diff \"${PODS_PODFILE_DIR_PATH}/Podfile.lock\" \"${PODS_ROOT}/Manifest.lock\" > /dev/null\nif [ $? != 0 ] ; then\n    # print error to STDERR\n    echo \"error: The sandbox is not in sync with the Podfile.lock. Run 'pod install' or update your CocoaPods installation.\" >&2\n    exit 1\nfi\n# This output is used by Xcode 'outputs' to avoid re-running this script phase.\necho \"SUCCESS\" > \"${SCRIPT_OUTPUT_FILE_0}\"\n";
			showEnvVarsInLog = 0;
		};
		2ED443EAE43485A58039DCAC /* [CP] Copy Pods Resources */ = {
			isa = PBXShellScriptBuildPhase;
			buildActionMask = 2147483647;
			files = (
			);
			inputFileListPaths = (
			);
			inputPaths = (
				"${SRCROOT}/Pods/Target Support Files/Pods-ViteOfficial/Pods-ViteOfficial-resources.sh",
				"${PODS_CONFIGURATION_BUILD_DIR}/ViteBusiness/ViteBusiness.bundle",
				"${PODS_CONFIGURATION_BUILD_DIR}/ViteCommunity/ViteCommunity.bundle",
			);
			name = "[CP] Copy Pods Resources";
			outputFileListPaths = (
			);
			outputPaths = (
				"${TARGET_BUILD_DIR}/${UNLOCALIZED_RESOURCES_FOLDER_PATH}/ViteBusiness.bundle",
				"${TARGET_BUILD_DIR}/${UNLOCALIZED_RESOURCES_FOLDER_PATH}/ViteCommunity.bundle",
			);
			runOnlyForDeploymentPostprocessing = 0;
			shellPath = /bin/sh;
			shellScript = "\"${SRCROOT}/Pods/Target Support Files/Pods-ViteOfficial/Pods-ViteOfficial-resources.sh\"\n";
			showEnvVarsInLog = 0;
		};
		4C0024D821257569001DF390 /* Run R.Swift */ = {
			isa = PBXShellScriptBuildPhase;
			buildActionMask = 2147483647;
			files = (
			);
			inputPaths = (
			);
			name = "Run R.Swift";
			outputPaths = (
			);
			runOnlyForDeploymentPostprocessing = 0;
			shellPath = /bin/sh;
			shellScript = "\"$PODS_ROOT/R.swift/rswift\" generate \"$SRCROOT\"\n";
		};
		4C0024DB21257868001DF390 /* Run SwiftLint */ = {
			isa = PBXShellScriptBuildPhase;
			buildActionMask = 2147483647;
			files = (
			);
			inputPaths = (
			);
			name = "Run SwiftLint";
			outputPaths = (
			);
			runOnlyForDeploymentPostprocessing = 0;
			shellPath = /bin/sh;
			shellScript = "\"${PODS_ROOT}/SwiftLint/swiftlint\"\n";
		};
		4D0E21FEFA7A5BD15585AD1B /* [CP] Embed Pods Frameworks */ = {
			isa = PBXShellScriptBuildPhase;
			buildActionMask = 2147483647;
			files = (
			);
			inputFileListPaths = (
			);
			inputPaths = (
				"${SRCROOT}/Pods/Target Support Files/Pods-ViteOfficial/Pods-ViteOfficial-frameworks.sh",
				"${BUILT_PRODUCTS_DIR}/APIKit/APIKit.framework",
				"${BUILT_PRODUCTS_DIR}/Action/Action.framework",
				"${BUILT_PRODUCTS_DIR}/ActionSheetPicker-3.0/ActionSheetPicker_3_0.framework",
				"${BUILT_PRODUCTS_DIR}/ActiveLabel/ActiveLabel.framework",
				"${BUILT_PRODUCTS_DIR}/Alamofire/Alamofire.framework",
				"${BUILT_PRODUCTS_DIR}/Bagel/Bagel.framework",
				"${BUILT_PRODUCTS_DIR}/BigInt/BigInt.framework",
				"${BUILT_PRODUCTS_DIR}/CHIPageControl/CHIPageControl.framework",
				"${BUILT_PRODUCTS_DIR}/CocoaAsyncSocket/CocoaAsyncSocket.framework",
				"${BUILT_PRODUCTS_DIR}/CryptoSwift/CryptoSwift.framework",
				"${BUILT_PRODUCTS_DIR}/DACircularProgress/DACircularProgress.framework",
				"${BUILT_PRODUCTS_DIR}/DNSPageView/DNSPageView.framework",
				"${BUILT_PRODUCTS_DIR}/Differentiator/Differentiator.framework",
				"${BUILT_PRODUCTS_DIR}/Eureka/Eureka.framework",
				"${BUILT_PRODUCTS_DIR}/FBRetainCycleDetector/FBRetainCycleDetector.framework",
				"${BUILT_PRODUCTS_DIR}/FSPagerView/FSPagerView.framework",
				"${BUILT_PRODUCTS_DIR}/GoogleUtilities/GoogleUtilities.framework",
				"${BUILT_PRODUCTS_DIR}/JSONRPCKit/JSONRPCKit.framework",
				"${BUILT_PRODUCTS_DIR}/KMNavigationBarTransition/KMNavigationBarTransition.framework",
				"${BUILT_PRODUCTS_DIR}/KeychainSwift/KeychainSwift.framework",
				"${BUILT_PRODUCTS_DIR}/Kingfisher/Kingfisher.framework",
				"${BUILT_PRODUCTS_DIR}/MBProgressHUD/MBProgressHUD.framework",
				"${BUILT_PRODUCTS_DIR}/MJRefresh/MJRefresh.framework",
				"${BUILT_PRODUCTS_DIR}/MLeaksFinder/MLeaksFinder.framework",
				"${BUILT_PRODUCTS_DIR}/Moya/Moya.framework",
				"${BUILT_PRODUCTS_DIR}/NSObject+Rx/NSObject_Rx.framework",
				"${BUILT_PRODUCTS_DIR}/NYXImagesKit/NYXImagesKit.framework",
				"${BUILT_PRODUCTS_DIR}/ObjcExceptionBridging/ObjcExceptionBridging.framework",
				"${BUILT_PRODUCTS_DIR}/ObjectMapper/ObjectMapper.framework",
				"${BUILT_PRODUCTS_DIR}/PromiseKit/PromiseKit.framework",
				"${BUILT_PRODUCTS_DIR}/Protobuf/Protobuf.framework",
				"${BUILT_PRODUCTS_DIR}/R.swift.Library/Rswift.framework",
				"${BUILT_PRODUCTS_DIR}/RazzleDazzle/RazzleDazzle.framework",
				"${BUILT_PRODUCTS_DIR}/ReactorKit/ReactorKit.framework",
				"${BUILT_PRODUCTS_DIR}/Result/Result.framework",
				"${BUILT_PRODUCTS_DIR}/ReusableKit/ReusableKit.framework",
				"${BUILT_PRODUCTS_DIR}/RxAtomic/RxAtomic.framework",
				"${BUILT_PRODUCTS_DIR}/RxCocoa/RxCocoa.framework",
				"${BUILT_PRODUCTS_DIR}/RxDataSources/RxDataSources.framework",
				"${BUILT_PRODUCTS_DIR}/RxGesture/RxGesture.framework",
				"${BUILT_PRODUCTS_DIR}/RxOptional/RxOptional.framework",
				"${BUILT_PRODUCTS_DIR}/RxSwift/RxSwift.framework",
				"${BUILT_PRODUCTS_DIR}/SipHash/SipHash.framework",
				"${BUILT_PRODUCTS_DIR}/SnapKit/SnapKit.framework",
				"${BUILT_PRODUCTS_DIR}/Starscream/Starscream.framework",
				"${BUILT_PRODUCTS_DIR}/SwiftyJSON/SwiftyJSON.framework",
				"${BUILT_PRODUCTS_DIR}/Then/Then.framework",
				"${BUILT_PRODUCTS_DIR}/Toast-Swift/Toast_Swift.framework",
				"${BUILT_PRODUCTS_DIR}/TrezorCryptoEd25519WithBlake2b/TrezorCryptoEd25519WithBlake2b.framework",
				"${BUILT_PRODUCTS_DIR}/ViteEthereum/ViteEthereum.framework",
				"${BUILT_PRODUCTS_DIR}/ViteWallet/ViteWallet.framework",
				"${BUILT_PRODUCTS_DIR}/Vite_GrinWallet/Vite_GrinWallet.framework",
				"${BUILT_PRODUCTS_DIR}/Vite_HDWalletKit/Vite_HDWalletKit.framework",
				"${BUILT_PRODUCTS_DIR}/XCGLogger/XCGLogger.framework",
				"${BUILT_PRODUCTS_DIR}/nanopb/nanopb.framework",
				"${BUILT_PRODUCTS_DIR}/pop/pop.framework",
				"${BUILT_PRODUCTS_DIR}/secp256k1_swift/secp256k1_swift.framework",
				"${BUILT_PRODUCTS_DIR}/web3swift/Web3swift.framework",
			);
			name = "[CP] Embed Pods Frameworks";
			outputFileListPaths = (
			);
			outputPaths = (
				"${TARGET_BUILD_DIR}/${FRAMEWORKS_FOLDER_PATH}/APIKit.framework",
				"${TARGET_BUILD_DIR}/${FRAMEWORKS_FOLDER_PATH}/Action.framework",
				"${TARGET_BUILD_DIR}/${FRAMEWORKS_FOLDER_PATH}/ActionSheetPicker_3_0.framework",
				"${TARGET_BUILD_DIR}/${FRAMEWORKS_FOLDER_PATH}/ActiveLabel.framework",
				"${TARGET_BUILD_DIR}/${FRAMEWORKS_FOLDER_PATH}/Alamofire.framework",
				"${TARGET_BUILD_DIR}/${FRAMEWORKS_FOLDER_PATH}/Bagel.framework",
				"${TARGET_BUILD_DIR}/${FRAMEWORKS_FOLDER_PATH}/BigInt.framework",
				"${TARGET_BUILD_DIR}/${FRAMEWORKS_FOLDER_PATH}/CHIPageControl.framework",
				"${TARGET_BUILD_DIR}/${FRAMEWORKS_FOLDER_PATH}/CocoaAsyncSocket.framework",
				"${TARGET_BUILD_DIR}/${FRAMEWORKS_FOLDER_PATH}/CryptoSwift.framework",
				"${TARGET_BUILD_DIR}/${FRAMEWORKS_FOLDER_PATH}/DACircularProgress.framework",
				"${TARGET_BUILD_DIR}/${FRAMEWORKS_FOLDER_PATH}/DNSPageView.framework",
				"${TARGET_BUILD_DIR}/${FRAMEWORKS_FOLDER_PATH}/Differentiator.framework",
				"${TARGET_BUILD_DIR}/${FRAMEWORKS_FOLDER_PATH}/Eureka.framework",
				"${TARGET_BUILD_DIR}/${FRAMEWORKS_FOLDER_PATH}/FBRetainCycleDetector.framework",
				"${TARGET_BUILD_DIR}/${FRAMEWORKS_FOLDER_PATH}/FSPagerView.framework",
				"${TARGET_BUILD_DIR}/${FRAMEWORKS_FOLDER_PATH}/GoogleUtilities.framework",
				"${TARGET_BUILD_DIR}/${FRAMEWORKS_FOLDER_PATH}/JSONRPCKit.framework",
				"${TARGET_BUILD_DIR}/${FRAMEWORKS_FOLDER_PATH}/KMNavigationBarTransition.framework",
				"${TARGET_BUILD_DIR}/${FRAMEWORKS_FOLDER_PATH}/KeychainSwift.framework",
				"${TARGET_BUILD_DIR}/${FRAMEWORKS_FOLDER_PATH}/Kingfisher.framework",
				"${TARGET_BUILD_DIR}/${FRAMEWORKS_FOLDER_PATH}/MBProgressHUD.framework",
				"${TARGET_BUILD_DIR}/${FRAMEWORKS_FOLDER_PATH}/MJRefresh.framework",
				"${TARGET_BUILD_DIR}/${FRAMEWORKS_FOLDER_PATH}/MLeaksFinder.framework",
				"${TARGET_BUILD_DIR}/${FRAMEWORKS_FOLDER_PATH}/Moya.framework",
				"${TARGET_BUILD_DIR}/${FRAMEWORKS_FOLDER_PATH}/NSObject_Rx.framework",
				"${TARGET_BUILD_DIR}/${FRAMEWORKS_FOLDER_PATH}/NYXImagesKit.framework",
				"${TARGET_BUILD_DIR}/${FRAMEWORKS_FOLDER_PATH}/ObjcExceptionBridging.framework",
				"${TARGET_BUILD_DIR}/${FRAMEWORKS_FOLDER_PATH}/ObjectMapper.framework",
				"${TARGET_BUILD_DIR}/${FRAMEWORKS_FOLDER_PATH}/PromiseKit.framework",
				"${TARGET_BUILD_DIR}/${FRAMEWORKS_FOLDER_PATH}/Protobuf.framework",
				"${TARGET_BUILD_DIR}/${FRAMEWORKS_FOLDER_PATH}/Rswift.framework",
				"${TARGET_BUILD_DIR}/${FRAMEWORKS_FOLDER_PATH}/RazzleDazzle.framework",
				"${TARGET_BUILD_DIR}/${FRAMEWORKS_FOLDER_PATH}/ReactorKit.framework",
				"${TARGET_BUILD_DIR}/${FRAMEWORKS_FOLDER_PATH}/Result.framework",
				"${TARGET_BUILD_DIR}/${FRAMEWORKS_FOLDER_PATH}/ReusableKit.framework",
				"${TARGET_BUILD_DIR}/${FRAMEWORKS_FOLDER_PATH}/RxAtomic.framework",
				"${TARGET_BUILD_DIR}/${FRAMEWORKS_FOLDER_PATH}/RxCocoa.framework",
				"${TARGET_BUILD_DIR}/${FRAMEWORKS_FOLDER_PATH}/RxDataSources.framework",
				"${TARGET_BUILD_DIR}/${FRAMEWORKS_FOLDER_PATH}/RxGesture.framework",
				"${TARGET_BUILD_DIR}/${FRAMEWORKS_FOLDER_PATH}/RxOptional.framework",
				"${TARGET_BUILD_DIR}/${FRAMEWORKS_FOLDER_PATH}/RxSwift.framework",
				"${TARGET_BUILD_DIR}/${FRAMEWORKS_FOLDER_PATH}/SipHash.framework",
				"${TARGET_BUILD_DIR}/${FRAMEWORKS_FOLDER_PATH}/SnapKit.framework",
				"${TARGET_BUILD_DIR}/${FRAMEWORKS_FOLDER_PATH}/Starscream.framework",
				"${TARGET_BUILD_DIR}/${FRAMEWORKS_FOLDER_PATH}/SwiftyJSON.framework",
				"${TARGET_BUILD_DIR}/${FRAMEWORKS_FOLDER_PATH}/Then.framework",
				"${TARGET_BUILD_DIR}/${FRAMEWORKS_FOLDER_PATH}/Toast_Swift.framework",
				"${TARGET_BUILD_DIR}/${FRAMEWORKS_FOLDER_PATH}/TrezorCryptoEd25519WithBlake2b.framework",
				"${TARGET_BUILD_DIR}/${FRAMEWORKS_FOLDER_PATH}/ViteEthereum.framework",
				"${TARGET_BUILD_DIR}/${FRAMEWORKS_FOLDER_PATH}/ViteWallet.framework",
				"${TARGET_BUILD_DIR}/${FRAMEWORKS_FOLDER_PATH}/Vite_GrinWallet.framework",
				"${TARGET_BUILD_DIR}/${FRAMEWORKS_FOLDER_PATH}/Vite_HDWalletKit.framework",
				"${TARGET_BUILD_DIR}/${FRAMEWORKS_FOLDER_PATH}/XCGLogger.framework",
				"${TARGET_BUILD_DIR}/${FRAMEWORKS_FOLDER_PATH}/nanopb.framework",
				"${TARGET_BUILD_DIR}/${FRAMEWORKS_FOLDER_PATH}/pop.framework",
				"${TARGET_BUILD_DIR}/${FRAMEWORKS_FOLDER_PATH}/secp256k1_swift.framework",
				"${TARGET_BUILD_DIR}/${FRAMEWORKS_FOLDER_PATH}/Web3swift.framework",
			);
			runOnlyForDeploymentPostprocessing = 0;
			shellPath = /bin/sh;
			shellScript = "\"${SRCROOT}/Pods/Target Support Files/Pods-ViteOfficial/Pods-ViteOfficial-frameworks.sh\"\n";
			showEnvVarsInLog = 0;
		};
		74649F0E21F6F3BE004D0CCD /* Run Fabric */ = {
			isa = PBXShellScriptBuildPhase;
			buildActionMask = 2147483647;
			files = (
			);
			inputFileListPaths = (
			);
			inputPaths = (
				"$(BUILT_PRODUCTS_DIR)/$(INFOPLIST_PATH)",
			);
			name = "Run Fabric";
			outputFileListPaths = (
			);
			outputPaths = (
			);
			runOnlyForDeploymentPostprocessing = 0;
			shellPath = /bin/sh;
			shellScript = "\"${PODS_ROOT}/Fabric/run\"\n";
		};
		8E1F93F822B39E6A00D5C0A8 /* Run R.Swift */ = {
			isa = PBXShellScriptBuildPhase;
			buildActionMask = 2147483647;
			files = (
			);
			inputPaths = (
			);
			name = "Run R.Swift";
			outputPaths = (
			);
			runOnlyForDeploymentPostprocessing = 0;
			shellPath = /bin/sh;
			shellScript = "\"$PODS_ROOT/R.swift/rswift\" generate \"$SRCROOT\"\n";
		};
		8E1F940522B39E6A00D5C0A8 /* Run SwiftLint */ = {
			isa = PBXShellScriptBuildPhase;
			buildActionMask = 2147483647;
			files = (
			);
			inputPaths = (
			);
			name = "Run SwiftLint";
			outputPaths = (
			);
			runOnlyForDeploymentPostprocessing = 0;
			shellPath = /bin/sh;
			shellScript = "\"${PODS_ROOT}/SwiftLint/swiftlint\"\n";
		};
		8E1F940A22B39E6A00D5C0A8 /* Run Fabric */ = {
			isa = PBXShellScriptBuildPhase;
			buildActionMask = 2147483647;
			files = (
			);
			inputFileListPaths = (
			);
			inputPaths = (
				"$(BUILT_PRODUCTS_DIR)/$(INFOPLIST_PATH)",
			);
			name = "Run Fabric";
			outputFileListPaths = (
			);
			outputPaths = (
			);
			runOnlyForDeploymentPostprocessing = 0;
			shellPath = /bin/sh;
			shellScript = "\"${PODS_ROOT}/Fabric/run\"\n";
		};
		8E646F9322B3B6EC0007CE0E /* Run R.Swift */ = {
			isa = PBXShellScriptBuildPhase;
			buildActionMask = 2147483647;
			files = (
			);
			inputPaths = (
			);
			name = "Run R.Swift";
			outputPaths = (
			);
			runOnlyForDeploymentPostprocessing = 0;
			shellPath = /bin/sh;
			shellScript = "\"$PODS_ROOT/R.swift/rswift\" generate \"$SRCROOT\"\n";
		};
		8E646F9F22B3B6EC0007CE0E /* Run SwiftLint */ = {
			isa = PBXShellScriptBuildPhase;
			buildActionMask = 2147483647;
			files = (
			);
			inputPaths = (
			);
			name = "Run SwiftLint";
			outputPaths = (
			);
			runOnlyForDeploymentPostprocessing = 0;
			shellPath = /bin/sh;
			shellScript = "\"${PODS_ROOT}/SwiftLint/swiftlint\"\n";
		};
		8E646FA222B3B6EC0007CE0E /* Run Fabric */ = {
			isa = PBXShellScriptBuildPhase;
			buildActionMask = 2147483647;
			files = (
			);
			inputFileListPaths = (
			);
			inputPaths = (
				"$(BUILT_PRODUCTS_DIR)/$(INFOPLIST_PATH)",
			);
			name = "Run Fabric";
			outputFileListPaths = (
			);
			outputPaths = (
			);
			runOnlyForDeploymentPostprocessing = 0;
			shellPath = /bin/sh;
			shellScript = "\"${PODS_ROOT}/Fabric/run\"\n";
		};
		8E646FAD22B3B9290007CE0E /* Run R.Swift */ = {
			isa = PBXShellScriptBuildPhase;
			buildActionMask = 2147483647;
			files = (
			);
			inputPaths = (
			);
			name = "Run R.Swift";
			outputPaths = (
			);
			runOnlyForDeploymentPostprocessing = 0;
			shellPath = /bin/sh;
			shellScript = "\"$PODS_ROOT/R.swift/rswift\" generate \"$SRCROOT\"\n";
		};
		8E646FB922B3B9290007CE0E /* Run SwiftLint */ = {
			isa = PBXShellScriptBuildPhase;
			buildActionMask = 2147483647;
			files = (
			);
			inputPaths = (
			);
			name = "Run SwiftLint";
			outputPaths = (
			);
			runOnlyForDeploymentPostprocessing = 0;
			shellPath = /bin/sh;
			shellScript = "\"${PODS_ROOT}/SwiftLint/swiftlint\"\n";
		};
		8E646FBC22B3B9290007CE0E /* Run Fabric */ = {
			isa = PBXShellScriptBuildPhase;
			buildActionMask = 2147483647;
			files = (
			);
			inputFileListPaths = (
			);
			inputPaths = (
				"$(BUILT_PRODUCTS_DIR)/$(INFOPLIST_PATH)",
			);
			name = "Run Fabric";
			outputFileListPaths = (
			);
			outputPaths = (
			);
			runOnlyForDeploymentPostprocessing = 0;
			shellPath = /bin/sh;
			shellScript = "\"${PODS_ROOT}/Fabric/run\"\n";
		};
/* End PBXShellScriptBuildPhase section */

/* Begin PBXSourcesBuildPhase section */
		4CCE423E2124553B0080E92B /* Sources */ = {
			isa = PBXSourcesBuildPhase;
			buildActionMask = 2147483647;
			files = (
				4CA71A7121F9B48F00F0CFB3 /* DenyPtrace.c in Sources */,
				74920B6721C22D7D0010C746 /* AppDelegate.swift in Sources */,
				4C0024E421258005001DF390 /* R.generated.swift in Sources */,
				4CA71A6B21F9B41300F0CFB3 /* main.swift in Sources */,
			);
			runOnlyForDeploymentPostprocessing = 0;
		};
		4CCE42522124553C0080E92B /* Sources */ = {
			isa = PBXSourcesBuildPhase;
			buildActionMask = 2147483647;
			files = (
				74920B6A21C22D7D0010C746 /* AppDelegate.swift in Sources */,
				4CA71A6F21F9B42400F0CFB3 /* main.swift in Sources */,
				8E79261621515D3A007FEBAB /* ViteURITest.swift in Sources */,
				8E0FB697216B5B95001525EB /* ViteCryptoTest.swift in Sources */,
				4CA71A7521F9B48F00F0CFB3 /* DenyPtrace.c in Sources */,
				4CEB292D214BC09100E5F7F4 /* ViteInputValidTest.swift in Sources */,
				8E6F3E14214220DF003CDFC2 /* ViteNetworkTests.swift in Sources */,
				4CCE425B2124553C0080E92B /* ViteTests.swift in Sources */,
			);
			runOnlyForDeploymentPostprocessing = 0;
		};
		74FBDCF621C7C06000685241 /* Sources */ = {
			isa = PBXSourcesBuildPhase;
			buildActionMask = 2147483647;
			files = (
				74FBDCFD21C7C06100685241 /* NotificationService.swift in Sources */,
			);
			runOnlyForDeploymentPostprocessing = 0;
		};
		8E1F93F922B39E6A00D5C0A8 /* Sources */ = {
			isa = PBXSourcesBuildPhase;
			buildActionMask = 2147483647;
			files = (
				8E1F93FA22B39E6A00D5C0A8 /* DenyPtrace.c in Sources */,
				8E1F93FB22B39E6A00D5C0A8 /* AppDelegate.swift in Sources */,
				8E1F93FC22B39E6A00D5C0A8 /* R.generated.swift in Sources */,
				8E1F93FD22B39E6A00D5C0A8 /* main.swift in Sources */,
			);
			runOnlyForDeploymentPostprocessing = 0;
		};
		8E646F9422B3B6EC0007CE0E /* Sources */ = {
			isa = PBXSourcesBuildPhase;
			buildActionMask = 2147483647;
			files = (
				8E646F9522B3B6EC0007CE0E /* DenyPtrace.c in Sources */,
				8E646F9622B3B6EC0007CE0E /* AppDelegate.swift in Sources */,
				8E646F9722B3B6EC0007CE0E /* R.generated.swift in Sources */,
				8E646F9822B3B6EC0007CE0E /* main.swift in Sources */,
			);
			runOnlyForDeploymentPostprocessing = 0;
		};
		8E646FAE22B3B9290007CE0E /* Sources */ = {
			isa = PBXSourcesBuildPhase;
			buildActionMask = 2147483647;
			files = (
				8E646FAF22B3B9290007CE0E /* DenyPtrace.c in Sources */,
				8E646FB022B3B9290007CE0E /* AppDelegate.swift in Sources */,
				8E646FB122B3B9290007CE0E /* R.generated.swift in Sources */,
				8E646FB222B3B9290007CE0E /* main.swift in Sources */,
			);
			runOnlyForDeploymentPostprocessing = 0;
		};
/* End PBXSourcesBuildPhase section */

/* Begin PBXTargetDependency section */
		4CCE42582124553C0080E92B /* PBXTargetDependency */ = {
			isa = PBXTargetDependency;
			target = 4CCE42412124553B0080E92B /* Vite */;
			targetProxy = 4CCE42572124553C0080E92B /* PBXContainerItemProxy */;
		};
		74FBDD0021C7C06100685241 /* PBXTargetDependency */ = {
			isa = PBXTargetDependency;
			target = 74FBDCF921C7C06000685241 /* PushService */;
			targetProxy = 74FBDCFF21C7C06100685241 /* PBXContainerItemProxy */;
		};
		8E1F93F522B39E6A00D5C0A8 /* PBXTargetDependency */ = {
			isa = PBXTargetDependency;
			target = 74FBDCF921C7C06000685241 /* PushService */;
			targetProxy = 8E1F93F622B39E6A00D5C0A8 /* PBXContainerItemProxy */;
		};
		8E646F9122B3B6EC0007CE0E /* PBXTargetDependency */ = {
			isa = PBXTargetDependency;
			target = 74FBDCF921C7C06000685241 /* PushService */;
			targetProxy = 8E646F9222B3B6EC0007CE0E /* PBXContainerItemProxy */;
		};
/* End PBXTargetDependency section */

/* Begin PBXVariantGroup section */
		4C1FF4F2212A74730055067D /* Localizable.strings */ = {
			isa = PBXVariantGroup;
			children = (
				4C1FF4F1212A74730055067D /* en */,
				4C1FF4F4212A76410055067D /* zh-Hans */,
			);
			name = Localizable.strings;
			sourceTree = "<group>";
		};
/* End PBXVariantGroup section */

/* Begin XCBuildConfiguration section */
		4CCE42682124553C0080E92B /* Debug */ = {
			isa = XCBuildConfiguration;
			buildSettings = {
				ALWAYS_SEARCH_USER_PATHS = NO;
				CLANG_ANALYZER_LOCALIZABILITY_NONLOCALIZED = YES;
				CLANG_ANALYZER_NONNULL = YES;
				CLANG_ANALYZER_NUMBER_OBJECT_CONVERSION = YES_AGGRESSIVE;
				CLANG_CXX_LANGUAGE_STANDARD = "gnu++14";
				CLANG_CXX_LIBRARY = "libc++";
				CLANG_ENABLE_MODULES = YES;
				CLANG_ENABLE_OBJC_ARC = YES;
				CLANG_ENABLE_OBJC_WEAK = YES;
				CLANG_WARN_BLOCK_CAPTURE_AUTORELEASING = YES;
				CLANG_WARN_BOOL_CONVERSION = YES;
				CLANG_WARN_COMMA = YES;
				CLANG_WARN_CONSTANT_CONVERSION = YES;
				CLANG_WARN_DEPRECATED_OBJC_IMPLEMENTATIONS = YES;
				CLANG_WARN_DIRECT_OBJC_ISA_USAGE = YES_ERROR;
				CLANG_WARN_DOCUMENTATION_COMMENTS = YES;
				CLANG_WARN_EMPTY_BODY = YES;
				CLANG_WARN_ENUM_CONVERSION = YES;
				CLANG_WARN_INFINITE_RECURSION = YES;
				CLANG_WARN_INT_CONVERSION = YES;
				CLANG_WARN_NON_LITERAL_NULL_CONVERSION = YES;
				CLANG_WARN_OBJC_IMPLICIT_RETAIN_SELF = YES;
				CLANG_WARN_OBJC_LITERAL_CONVERSION = YES;
				CLANG_WARN_OBJC_ROOT_CLASS = YES_ERROR;
				CLANG_WARN_RANGE_LOOP_ANALYSIS = YES;
				CLANG_WARN_STRICT_PROTOTYPES = YES;
				CLANG_WARN_SUSPICIOUS_MOVE = YES;
				CLANG_WARN_UNGUARDED_AVAILABILITY = YES_AGGRESSIVE;
				CLANG_WARN_UNREACHABLE_CODE = YES;
				CLANG_WARN__DUPLICATE_METHOD_MATCH = YES;
				CODE_SIGN_IDENTITY = "iPhone Developer";
				COPY_PHASE_STRIP = NO;
				DEBUG_INFORMATION_FORMAT = dwarf;
				ENABLE_BITCODE = NO;
				ENABLE_STRICT_OBJC_MSGSEND = YES;
				ENABLE_TESTABILITY = YES;
				GCC_C_LANGUAGE_STANDARD = gnu11;
				GCC_DYNAMIC_NO_PIC = NO;
				GCC_NO_COMMON_BLOCKS = YES;
				GCC_OPTIMIZATION_LEVEL = 0;
				GCC_PREPROCESSOR_DEFINITIONS = "$(inherited)";
				GCC_WARN_64_TO_32_BIT_CONVERSION = YES;
				GCC_WARN_ABOUT_RETURN_TYPE = YES_ERROR;
				GCC_WARN_UNDECLARED_SELECTOR = YES;
				GCC_WARN_UNINITIALIZED_AUTOS = YES_AGGRESSIVE;
				GCC_WARN_UNUSED_FUNCTION = YES;
				GCC_WARN_UNUSED_VARIABLE = YES;
				IPHONEOS_DEPLOYMENT_TARGET = 10.0;
				MTL_ENABLE_DEBUG_INFO = YES;
				ONLY_ACTIVE_ARCH = YES;
				OTHER_SWIFT_FLAGS = "";
				SDKROOT = iphoneos;
				SWIFT_ACTIVE_COMPILATION_CONDITIONS = "";
				SWIFT_OPTIMIZATION_LEVEL = "-Onone";
				SWIFT_VERSION = 4.2;
			};
			name = Debug;
		};
		4CCE42692124553C0080E92B /* Release */ = {
			isa = XCBuildConfiguration;
			buildSettings = {
				ALWAYS_SEARCH_USER_PATHS = NO;
				CLANG_ANALYZER_LOCALIZABILITY_NONLOCALIZED = YES;
				CLANG_ANALYZER_NONNULL = YES;
				CLANG_ANALYZER_NUMBER_OBJECT_CONVERSION = YES_AGGRESSIVE;
				CLANG_CXX_LANGUAGE_STANDARD = "gnu++14";
				CLANG_CXX_LIBRARY = "libc++";
				CLANG_ENABLE_MODULES = YES;
				CLANG_ENABLE_OBJC_ARC = YES;
				CLANG_ENABLE_OBJC_WEAK = YES;
				CLANG_WARN_BLOCK_CAPTURE_AUTORELEASING = YES;
				CLANG_WARN_BOOL_CONVERSION = YES;
				CLANG_WARN_COMMA = YES;
				CLANG_WARN_CONSTANT_CONVERSION = YES;
				CLANG_WARN_DEPRECATED_OBJC_IMPLEMENTATIONS = YES;
				CLANG_WARN_DIRECT_OBJC_ISA_USAGE = YES_ERROR;
				CLANG_WARN_DOCUMENTATION_COMMENTS = YES;
				CLANG_WARN_EMPTY_BODY = YES;
				CLANG_WARN_ENUM_CONVERSION = YES;
				CLANG_WARN_INFINITE_RECURSION = YES;
				CLANG_WARN_INT_CONVERSION = YES;
				CLANG_WARN_NON_LITERAL_NULL_CONVERSION = YES;
				CLANG_WARN_OBJC_IMPLICIT_RETAIN_SELF = YES;
				CLANG_WARN_OBJC_LITERAL_CONVERSION = YES;
				CLANG_WARN_OBJC_ROOT_CLASS = YES_ERROR;
				CLANG_WARN_RANGE_LOOP_ANALYSIS = YES;
				CLANG_WARN_STRICT_PROTOTYPES = YES;
				CLANG_WARN_SUSPICIOUS_MOVE = YES;
				CLANG_WARN_UNGUARDED_AVAILABILITY = YES_AGGRESSIVE;
				CLANG_WARN_UNREACHABLE_CODE = YES;
				CLANG_WARN__DUPLICATE_METHOD_MATCH = YES;
				CODE_SIGN_IDENTITY = "iPhone Developer";
				COPY_PHASE_STRIP = NO;
				DEBUG_INFORMATION_FORMAT = "dwarf-with-dsym";
				ENABLE_BITCODE = NO;
				ENABLE_NS_ASSERTIONS = NO;
				ENABLE_STRICT_OBJC_MSGSEND = YES;
				GCC_C_LANGUAGE_STANDARD = gnu11;
				GCC_NO_COMMON_BLOCKS = YES;
				GCC_PREPROCESSOR_DEFINITIONS = "";
				GCC_WARN_64_TO_32_BIT_CONVERSION = YES;
				GCC_WARN_ABOUT_RETURN_TYPE = YES_ERROR;
				GCC_WARN_UNDECLARED_SELECTOR = YES;
				GCC_WARN_UNINITIALIZED_AUTOS = YES_AGGRESSIVE;
				GCC_WARN_UNUSED_FUNCTION = YES;
				GCC_WARN_UNUSED_VARIABLE = YES;
				IPHONEOS_DEPLOYMENT_TARGET = 10.0;
				MTL_ENABLE_DEBUG_INFO = NO;
				OTHER_SWIFT_FLAGS = "";
				SDKROOT = iphoneos;
				SWIFT_ACTIVE_COMPILATION_CONDITIONS = "";
				SWIFT_COMPILATION_MODE = wholemodule;
				SWIFT_OPTIMIZATION_LEVEL = "-O";
				SWIFT_VERSION = 4.2;
				VALIDATE_PRODUCT = YES;
			};
			name = Release;
		};
		4CCE426B2124553C0080E92B /* Debug */ = {
			isa = XCBuildConfiguration;
			buildSettings = {
				ASSETCATALOG_COMPILER_APPICON_NAME = AppIcon;
				CODE_SIGN_ENTITLEMENTS = Vite/Vite.entitlements;
				CODE_SIGN_IDENTITY = "iPhone Developer";
				CODE_SIGN_STYLE = Manual;
				CURRENT_PROJECT_VERSION = 1322;
				DEVELOPMENT_TEAM = 5SR42372L5;
				ENABLE_BITCODE = NO;
				GCC_PREPROCESSOR_DEFINITIONS = "$(inherited)";
				INFOPLIST_FILE = Vite/Info.plist;
				IPHONEOS_DEPLOYMENT_TARGET = 10.0;
				LD_RUNPATH_SEARCH_PATHS = (
					"$(inherited)",
					"@executable_path/Frameworks",
				);
				LIBRARY_SEARCH_PATHS = "$(inherited)";
				OTHER_SWIFT_FLAGS = "$(inherited)";
				PRODUCT_BUNDLE_IDENTIFIER = net.vite.wallet;
				PRODUCT_NAME = "$(TARGET_NAME)";
				PROVISIONING_PROFILE_SPECIFIER = net.vite.wallet.dev;
				SWIFT_ACTIVE_COMPILATION_CONDITIONS = DEBUG;
				SWIFT_OBJC_BRIDGING_HEADER = "Vite/Vite-Bridging-Header.h";
				SWIFT_VERSION = 4.2;
				TARGETED_DEVICE_FAMILY = "1,2";
				VERSIONING_SYSTEM = "apple-generic";
			};
			name = Debug;
		};
		4CCE426C2124553C0080E92B /* Release */ = {
			isa = XCBuildConfiguration;
			buildSettings = {
				ASSETCATALOG_COMPILER_APPICON_NAME = AppIcon;
				CODE_SIGN_ENTITLEMENTS = Vite/Vite.entitlements;
				CODE_SIGN_IDENTITY = "iPhone Distribution";
				CODE_SIGN_STYLE = Manual;
				CURRENT_PROJECT_VERSION = 1322;
				DEVELOPMENT_TEAM = 5SR42372L5;
				ENABLE_BITCODE = NO;
				GCC_PREPROCESSOR_DEFINITIONS = "$(inherited)";
				INFOPLIST_FILE = Vite/Info.plist;
				IPHONEOS_DEPLOYMENT_TARGET = 10.0;
				LD_RUNPATH_SEARCH_PATHS = (
					"$(inherited)",
					"@executable_path/Frameworks",
				);
				LIBRARY_SEARCH_PATHS = "$(inherited)";
				PRODUCT_BUNDLE_IDENTIFIER = net.vite.wallet;
				PRODUCT_NAME = "$(TARGET_NAME)";
				PROVISIONING_PROFILE = "";
				PROVISIONING_PROFILE_SPECIFIER = "match AppStore net.vite.wallet";
				SWIFT_ACTIVE_COMPILATION_CONDITIONS = "";
				SWIFT_OBJC_BRIDGING_HEADER = "Vite/Vite-Bridging-Header.h";
				SWIFT_VERSION = 4.2;
				TARGETED_DEVICE_FAMILY = "1,2";
				VERSIONING_SYSTEM = "apple-generic";
			};
			name = Release;
		};
		4CCE426E2124553C0080E92B /* Debug */ = {
			isa = XCBuildConfiguration;
			baseConfigurationReference = 33A95135424604B2DA773E81 /* Pods-ViteTests.debug.xcconfig */;
			buildSettings = {
				ALWAYS_EMBED_SWIFT_STANDARD_LIBRARIES = YES;
				BUNDLE_LOADER = "$(TEST_HOST)";
				CLANG_ENABLE_MODULES = YES;
				CODE_SIGN_STYLE = Automatic;
				DEVELOPMENT_TEAM = 5SR42372L5;
				INFOPLIST_FILE = ViteTests/Info.plist;
				LD_RUNPATH_SEARCH_PATHS = (
					"$(inherited)",
					"@executable_path/Frameworks",
					"@loader_path/Frameworks",
				);
				PRODUCT_BUNDLE_IDENTIFIER = com.vite.org.ViteTests;
				PRODUCT_NAME = "$(TARGET_NAME)";
				SWIFT_OPTIMIZATION_LEVEL = "-Onone";
				SWIFT_VERSION = 4.2;
				TARGETED_DEVICE_FAMILY = "1,2";
				TEST_HOST = "$(BUILT_PRODUCTS_DIR)/Vite.app/Vite";
			};
			name = Debug;
		};
		4CCE426F2124553C0080E92B /* Release */ = {
			isa = XCBuildConfiguration;
			baseConfigurationReference = B6EDA48390C3C0344001F0F0 /* Pods-ViteTests.release.xcconfig */;
			buildSettings = {
				ALWAYS_EMBED_SWIFT_STANDARD_LIBRARIES = YES;
				BUNDLE_LOADER = "$(TEST_HOST)";
				CLANG_ENABLE_MODULES = YES;
				CODE_SIGN_STYLE = Automatic;
				DEVELOPMENT_TEAM = 5SR42372L5;
				INFOPLIST_FILE = ViteTests/Info.plist;
				LD_RUNPATH_SEARCH_PATHS = (
					"$(inherited)",
					"@executable_path/Frameworks",
					"@loader_path/Frameworks",
				);
				PRODUCT_BUNDLE_IDENTIFIER = com.vite.org.ViteTests;
				PRODUCT_NAME = "$(TARGET_NAME)";
				SWIFT_VERSION = 4.2;
				TARGETED_DEVICE_FAMILY = "1,2";
				TEST_HOST = "$(BUILT_PRODUCTS_DIR)/Vite.app/Vite";
			};
			name = Release;
		};
		74FBDD0221C7C06100685241 /* Debug */ = {
			isa = XCBuildConfiguration;
			buildSettings = {
				CLANG_ENABLE_MODULES = YES;
				CODE_SIGN_IDENTITY = "iPhone Developer";
				CODE_SIGN_STYLE = Manual;
				DEVELOPMENT_TEAM = 5SR42372L5;
				ENABLE_BITCODE = NO;
				INFOPLIST_FILE = PushService/Info.plist;
				IPHONEOS_DEPLOYMENT_TARGET = 10.0;
				LD_RUNPATH_SEARCH_PATHS = (
					"$(inherited)",
					"@executable_path/Frameworks",
					"@executable_path/../../Frameworks",
				);
				LIBRARY_SEARCH_PATHS = (
					"$(inherited)",
					"$(PROJECT_DIR)/PushService",
				);
				MTL_ENABLE_DEBUG_INFO = INCLUDE_SOURCE;
				MTL_FAST_MATH = YES;
				PRODUCT_BUNDLE_IDENTIFIER = net.vite.wallet.PushService;
				PRODUCT_NAME = "$(TARGET_NAME)";
				PROVISIONING_PROFILE_SPECIFIER = PUSH_DEBUG;
				SKIP_INSTALL = YES;
				SWIFT_OBJC_BRIDGING_HEADER = "PushService/PushService-Bridging-Header.h";
				SWIFT_OPTIMIZATION_LEVEL = "-Onone";
				SWIFT_VERSION = 4.2;
				TARGETED_DEVICE_FAMILY = "1,2";
			};
			name = Debug;
		};
		74FBDD0321C7C06100685241 /* Release */ = {
			isa = XCBuildConfiguration;
			buildSettings = {
				CLANG_ENABLE_MODULES = YES;
				CODE_SIGN_IDENTITY = "iPhone Distribution";
				CODE_SIGN_STYLE = Manual;
				DEVELOPMENT_TEAM = 5SR42372L5;
				ENABLE_BITCODE = NO;
				INFOPLIST_FILE = PushService/Info.plist;
				IPHONEOS_DEPLOYMENT_TARGET = 10.0;
				LD_RUNPATH_SEARCH_PATHS = (
					"$(inherited)",
					"@executable_path/Frameworks",
					"@executable_path/../../Frameworks",
				);
				LIBRARY_SEARCH_PATHS = (
					"$(inherited)",
					"$(PROJECT_DIR)/PushService",
				);
				MTL_FAST_MATH = YES;
				PRODUCT_BUNDLE_IDENTIFIER = net.vite.wallet.PushService;
				PRODUCT_NAME = "$(TARGET_NAME)";
				PROVISIONING_PROFILE_SPECIFIER = "match AppStore net.vite.wallet.PushService";
				SKIP_INSTALL = YES;
				SWIFT_OBJC_BRIDGING_HEADER = "PushService/PushService-Bridging-Header.h";
				SWIFT_VERSION = 4.2;
				TARGETED_DEVICE_FAMILY = "1,2";
			};
			name = Release;
		};
		8E1F940C22B39E6A00D5C0A8 /* Debug */ = {
			isa = XCBuildConfiguration;
			baseConfigurationReference = FC163815C5FDAAC0577B3462 /* Pods-ViteOfficial.debug.xcconfig */;
			buildSettings = {
				ASSETCATALOG_COMPILER_APPICON_NAME = AppIcon;
				CODE_SIGN_ENTITLEMENTS = Vite/Vite.entitlements;
				CODE_SIGN_IDENTITY = "iPhone Developer";
				CODE_SIGN_STYLE = Manual;
				CURRENT_PROJECT_VERSION = 1322;
				DEVELOPMENT_TEAM = 5SR42372L5;
				ENABLE_BITCODE = NO;
				GCC_PREPROCESSOR_DEFINITIONS = (
					"$(inherited)",
					"OFFICIAL=1",
				);
				INFOPLIST_FILE = "$(SRCROOT)/ViteOfficial/Info.plist";
				IPHONEOS_DEPLOYMENT_TARGET = 10.0;
				LD_RUNPATH_SEARCH_PATHS = (
					"$(inherited)",
					"@executable_path/Frameworks",
				);
				LIBRARY_SEARCH_PATHS = "$(inherited)";
				OTHER_SWIFT_FLAGS = "$(inherited) -Xfrontend -debug-time-function-bodies";
				PRODUCT_BUNDLE_IDENTIFIER = net.vite.wallet;
				PRODUCT_NAME = "$(TARGET_NAME)";
				PROVISIONING_PROFILE_SPECIFIER = net.vite.wallet.dev;
				SWIFT_ACTIVE_COMPILATION_CONDITIONS = "DEBUG OFFICIAL";
				SWIFT_OBJC_BRIDGING_HEADER = "Vite/Vite-Bridging-Header.h";
				SWIFT_VERSION = 4.2;
				TARGETED_DEVICE_FAMILY = "1,2";
				VERSIONING_SYSTEM = "apple-generic";
			};
			name = Debug;
		};
		8E1F940E22B39E6A00D5C0A8 /* Release */ = {
			isa = XCBuildConfiguration;
			baseConfigurationReference = 809405AD75A88451B51B58D6 /* Pods-ViteOfficial.release.xcconfig */;
			buildSettings = {
				ASSETCATALOG_COMPILER_APPICON_NAME = AppIcon;
				CODE_SIGN_ENTITLEMENTS = Vite/Vite.entitlements;
				CODE_SIGN_IDENTITY = "iPhone Distribution";
				CODE_SIGN_STYLE = Manual;
				CURRENT_PROJECT_VERSION = 1322;
				DEVELOPMENT_TEAM = 5SR42372L5;
				ENABLE_BITCODE = NO;
				GCC_PREPROCESSOR_DEFINITIONS = (
					"$(inherited)",
					"OFFICIAL=1",
				);
				INFOPLIST_FILE = "$(SRCROOT)/ViteOfficial/Info.plist";
				IPHONEOS_DEPLOYMENT_TARGET = 10.0;
				LD_RUNPATH_SEARCH_PATHS = (
					"$(inherited)",
					"@executable_path/Frameworks",
				);
				LIBRARY_SEARCH_PATHS = "$(inherited)";
				PRODUCT_BUNDLE_IDENTIFIER = net.vite.wallet;
				PRODUCT_NAME = "$(TARGET_NAME)";
				PROVISIONING_PROFILE = "";
				PROVISIONING_PROFILE_SPECIFIER = "match AppStore net.vite.wallet";
				SWIFT_ACTIVE_COMPILATION_CONDITIONS = OFFICIAL;
				SWIFT_OBJC_BRIDGING_HEADER = "Vite/Vite-Bridging-Header.h";
				SWIFT_VERSION = 4.2;
				TARGETED_DEVICE_FAMILY = "1,2";
				VERSIONING_SYSTEM = "apple-generic";
			};
			name = Release;
		};
		8E646FA422B3B6EC0007CE0E /* Debug */ = {
			isa = XCBuildConfiguration;
			buildSettings = {
				ASSETCATALOG_COMPILER_APPICON_NAME = AppIcon;
				CODE_SIGN_ENTITLEMENTS = Vite/Vite.entitlements;
				CODE_SIGN_IDENTITY = "iPhone Developer";
				CODE_SIGN_STYLE = Manual;
				CURRENT_PROJECT_VERSION = 1322;
				DEVELOPMENT_TEAM = 5SR42372L5;
				ENABLE_BITCODE = NO;
				GCC_PREPROCESSOR_DEFINITIONS = (
					"$(inherited)",
					"OFFICIAL=1",
					"TEST=1",
				);
				INFOPLIST_FILE = "$(SRCROOT)/ViteTest/Info.plist";
				IPHONEOS_DEPLOYMENT_TARGET = 10.0;
				LD_RUNPATH_SEARCH_PATHS = (
					"$(inherited)",
					"@executable_path/Frameworks",
				);
				LIBRARY_SEARCH_PATHS = "$(inherited)";
				OTHER_SWIFT_FLAGS = "$(inherited) -Xfrontend -debug-time-function-bodies";
				PRODUCT_BUNDLE_IDENTIFIER = net.vite.wallet;
				PRODUCT_NAME = "$(TARGET_NAME)";
				PROVISIONING_PROFILE_SPECIFIER = net.vite.wallet.dev;
				SWIFT_ACTIVE_COMPILATION_CONDITIONS = "DEBUG OFFICIAL TEST";
				SWIFT_OBJC_BRIDGING_HEADER = "Vite/Vite-Bridging-Header.h";
				SWIFT_VERSION = 4.2;
				TARGETED_DEVICE_FAMILY = "1,2";
				VERSIONING_SYSTEM = "apple-generic";
			};
			name = Debug;
		};
		8E646FA622B3B6EC0007CE0E /* Release */ = {
			isa = XCBuildConfiguration;
			buildSettings = {
				ASSETCATALOG_COMPILER_APPICON_NAME = AppIcon;
				CODE_SIGN_ENTITLEMENTS = Vite/Vite.entitlements;
				CODE_SIGN_IDENTITY = "iPhone Distribution";
				CODE_SIGN_STYLE = Manual;
				CURRENT_PROJECT_VERSION = 1322;
				DEVELOPMENT_TEAM = 5SR42372L5;
				ENABLE_BITCODE = NO;
				GCC_PREPROCESSOR_DEFINITIONS = (
					"$(inherited)",
					"OFFICIAL=1",
					"TEST=1",
				);
				INFOPLIST_FILE = "$(SRCROOT)/ViteTest/Info.plist";
				IPHONEOS_DEPLOYMENT_TARGET = 10.0;
				LD_RUNPATH_SEARCH_PATHS = (
					"$(inherited)",
					"@executable_path/Frameworks",
				);
				LIBRARY_SEARCH_PATHS = "$(inherited)";
				PRODUCT_BUNDLE_IDENTIFIER = net.vite.wallet;
				PRODUCT_NAME = "$(TARGET_NAME)";
				PROVISIONING_PROFILE = "";
				PROVISIONING_PROFILE_SPECIFIER = "match AppStore net.vite.wallet";
				SWIFT_ACTIVE_COMPILATION_CONDITIONS = "OFFICIAL TEST";
				SWIFT_OBJC_BRIDGING_HEADER = "Vite/Vite-Bridging-Header.h";
				SWIFT_VERSION = 4.2;
				TARGETED_DEVICE_FAMILY = "1,2";
				VERSIONING_SYSTEM = "apple-generic";
			};
			name = Release;
		};
		8E646FBE22B3B9290007CE0E /* Debug */ = {
			isa = XCBuildConfiguration;
			buildSettings = {
				ASSETCATALOG_COMPILER_APPICON_NAME = "AppIcon-dapp";
				CODE_SIGN_ENTITLEMENTS = Vite/Vite.entitlements;
				CODE_SIGN_IDENTITY = "iPhone Developer";
				CODE_SIGN_STYLE = Manual;
				CURRENT_PROJECT_VERSION = 1322;
				DEVELOPMENT_TEAM = 5SR42372L5;
				ENABLE_BITCODE = NO;
				GCC_PREPROCESSOR_DEFINITIONS = (
					"$(inherited)",
					"DAPP=1",
				);
				INFOPLIST_FILE = "$(SRCROOT)/ViteDapp/Info.plist";
				IPHONEOS_DEPLOYMENT_TARGET = 10.0;
				LD_RUNPATH_SEARCH_PATHS = (
					"$(inherited)",
					"@executable_path/Frameworks",
				);
				LIBRARY_SEARCH_PATHS = "$(inherited)";
				OTHER_SWIFT_FLAGS = "$(inherited) -Xfrontend -debug-time-function-bodies";
				PRODUCT_BUNDLE_IDENTIFIER = net.vite.wallet.debug.dapp;
				PRODUCT_NAME = "$(TARGET_NAME)";
				PROVISIONING_PROFILE_SPECIFIER = net.vite.wallet.debug.dapp.dev;
				SWIFT_ACTIVE_COMPILATION_CONDITIONS = "DEBUG DAPP";
				SWIFT_OBJC_BRIDGING_HEADER = "Vite/Vite-Bridging-Header.h";
				SWIFT_VERSION = 4.2;
				TARGETED_DEVICE_FAMILY = "1,2";
				VERSIONING_SYSTEM = "apple-generic";
			};
			name = Debug;
		};
		8E646FBF22B3B9290007CE0E /* Release */ = {
			isa = XCBuildConfiguration;
			buildSettings = {
				ASSETCATALOG_COMPILER_APPICON_NAME = "AppIcon-dapp";
				CODE_SIGN_ENTITLEMENTS = Vite/Vite.entitlements;
				CODE_SIGN_IDENTITY = "iPhone Distribution";
				CODE_SIGN_STYLE = Manual;
				CURRENT_PROJECT_VERSION = 1322;
				DEVELOPMENT_TEAM = 5SR42372L5;
				ENABLE_BITCODE = NO;
				GCC_PREPROCESSOR_DEFINITIONS = (
					"$(inherited)",
					"DAPP=1",
				);
				INFOPLIST_FILE = "$(SRCROOT)/ViteDapp/Info.plist";
				IPHONEOS_DEPLOYMENT_TARGET = 10.0;
				LD_RUNPATH_SEARCH_PATHS = (
					"$(inherited)",
					"@executable_path/Frameworks",
				);
				LIBRARY_SEARCH_PATHS = "$(inherited)";
				PRODUCT_BUNDLE_IDENTIFIER = net.vite.wallet.debug.dapp;
				PRODUCT_NAME = "$(TARGET_NAME)";
				PROVISIONING_PROFILE = "";
				PROVISIONING_PROFILE_SPECIFIER = net.vite.wallet.debug.dapp.dis;
				SWIFT_ACTIVE_COMPILATION_CONDITIONS = DAPP;
				SWIFT_OBJC_BRIDGING_HEADER = "Vite/Vite-Bridging-Header.h";
				SWIFT_VERSION = 4.2;
				TARGETED_DEVICE_FAMILY = "1,2";
				VERSIONING_SYSTEM = "apple-generic";
			};
			name = Release;
		};
/* End XCBuildConfiguration section */

/* Begin XCConfigurationList section */
		4CCE423D2124553B0080E92B /* Build configuration list for PBXProject "Vite" */ = {
			isa = XCConfigurationList;
			buildConfigurations = (
				4CCE42682124553C0080E92B /* Debug */,
				4CCE42692124553C0080E92B /* Release */,
			);
			defaultConfigurationIsVisible = 0;
			defaultConfigurationName = Debug;
		};
		4CCE426A2124553C0080E92B /* Build configuration list for PBXNativeTarget "Vite" */ = {
			isa = XCConfigurationList;
			buildConfigurations = (
				4CCE426B2124553C0080E92B /* Debug */,
				4CCE426C2124553C0080E92B /* Release */,
			);
			defaultConfigurationIsVisible = 0;
			defaultConfigurationName = Debug;
		};
		4CCE426D2124553C0080E92B /* Build configuration list for PBXNativeTarget "ViteTests" */ = {
			isa = XCConfigurationList;
			buildConfigurations = (
				4CCE426E2124553C0080E92B /* Debug */,
				4CCE426F2124553C0080E92B /* Release */,
			);
			defaultConfigurationIsVisible = 0;
			defaultConfigurationName = Debug;
		};
		74FBDD0421C7C06100685241 /* Build configuration list for PBXNativeTarget "PushService" */ = {
			isa = XCConfigurationList;
			buildConfigurations = (
				74FBDD0221C7C06100685241 /* Debug */,
				74FBDD0321C7C06100685241 /* Release */,
			);
			defaultConfigurationIsVisible = 0;
			defaultConfigurationName = Debug;
		};
		8E1F940B22B39E6A00D5C0A8 /* Build configuration list for PBXNativeTarget "ViteOfficial" */ = {
			isa = XCConfigurationList;
			buildConfigurations = (
				8E1F940C22B39E6A00D5C0A8 /* Debug */,
				8E1F940E22B39E6A00D5C0A8 /* Release */,
			);
			defaultConfigurationIsVisible = 0;
			defaultConfigurationName = Debug;
		};
		8E646FA322B3B6EC0007CE0E /* Build configuration list for PBXNativeTarget "ViteTest" */ = {
			isa = XCConfigurationList;
			buildConfigurations = (
				8E646FA422B3B6EC0007CE0E /* Debug */,
				8E646FA622B3B6EC0007CE0E /* Release */,
			);
			defaultConfigurationIsVisible = 0;
			defaultConfigurationName = Debug;
		};
		8E646FBD22B3B9290007CE0E /* Build configuration list for PBXNativeTarget "ViteDapp" */ = {
			isa = XCConfigurationList;
			buildConfigurations = (
				8E646FBE22B3B9290007CE0E /* Debug */,
				8E646FBF22B3B9290007CE0E /* Release */,
			);
			defaultConfigurationIsVisible = 0;
			defaultConfigurationName = Debug;
		};
/* End XCConfigurationList section */
	};
	rootObject = 4CCE423A2124553B0080E92B /* Project object */;
}
