// !$*UTF8*$!
{
	archiveVersion = 1;
	classes = {
	};
	objectVersion = 50;
	objects = {

/* Begin PBXBuildFile section */
		0970C99FC4C5C861FB486591 /* Pods_Vite.framework in Frameworks */ = {isa = PBXBuildFile; fileRef = 7742AD5C37CDC695C9E4CF73 /* Pods_Vite.framework */; };
		1FCD87D2C89D50D6F05BCA86 /* Pods_ViteTests.framework in Frameworks */ = {isa = PBXBuildFile; fileRef = D9ECCAAC94107661B825DB36 /* Pods_ViteTests.framework */; };
		4C0024E421258005001DF390 /* R.generated.swift in Sources */ = {isa = PBXBuildFile; fileRef = 4C0024E321258005001DF390 /* R.generated.swift */; };
		4C0024E821259DD6001DF390 /* HomeViewController.swift in Sources */ = {isa = PBXBuildFile; fileRef = 4C0024E721259DD6001DF390 /* HomeViewController.swift */; };
		4C105EBC213FCA7400D483C6 /* Colors.swift in Sources */ = {isa = PBXBuildFile; fileRef = 4C105EBB213FCA7400D483C6 /* Colors.swift */; };
		4C105EBF213FCAD500D483C6 /* UIColor.swift in Sources */ = {isa = PBXBuildFile; fileRef = 4C105EBE213FCAD500D483C6 /* UIColor.swift */; };
		4C105EC1213FCB3700D483C6 /* AppStyle.swift in Sources */ = {isa = PBXBuildFile; fileRef = 4C105EC0213FCB3700D483C6 /* AppStyle.swift */; };
		4C105EC3213FE73A00D483C6 /* LocalizationService.swift in Sources */ = {isa = PBXBuildFile; fileRef = 4C105EC2213FE73A00D483C6 /* LocalizationService.swift */; };
		4C105EC5213FEFF800D483C6 /* NotificationName.swift in Sources */ = {isa = PBXBuildFile; fileRef = 4C105EC4213FEFF800D483C6 /* NotificationName.swift */; };
		4C105EC7213FF3DC00D483C6 /* SettingDataService.swift in Sources */ = {isa = PBXBuildFile; fileRef = 4C105EC6213FF3DC00D483C6 /* SettingDataService.swift */; };
		4C105EC9213FF45A00D483C6 /*  Language.swift in Sources */ = {isa = PBXBuildFile; fileRef = 4C105EC8213FF45A00D483C6 /*  Language.swift */; };
		4C105ECC2140001100D483C6 /* LoginViewController.swift in Sources */ = {isa = PBXBuildFile; fileRef = 4C105ECB2140001100D483C6 /* LoginViewController.swift */; };
		4C105ECF2140DA5C00D483C6 /* LoginVM.swift in Sources */ = {isa = PBXBuildFile; fileRef = 4C105ECE2140DA5C00D483C6 /* LoginVM.swift */; };
		4C105ED12141401100D483C6 /* String.swift in Sources */ = {isa = PBXBuildFile; fileRef = 4C105ED02141401100D483C6 /* String.swift */; };
		4C1FF4F0212A74730055067D /* Localizable.strings in Resources */ = {isa = PBXBuildFile; fileRef = 4C1FF4F2212A74730055067D /* Localizable.strings */; };
		4C4C9D6E213EA540005542F8 /* BackupMnemonicViewController.swift in Sources */ = {isa = PBXBuildFile; fileRef = 4C4C9D6D213EA540005542F8 /* BackupMnemonicViewController.swift */; };
		4C4C9D71213F6F5D005542F8 /* BackupMnemonicVM.swift in Sources */ = {isa = PBXBuildFile; fileRef = 4C4C9D70213F6F5D005542F8 /* BackupMnemonicVM.swift */; };
		4C84D8FD21415636001B6EBD /* ImportAccountViewController.swift in Sources */ = {isa = PBXBuildFile; fileRef = 4C84D8FC21415636001B6EBD /* ImportAccountViewController.swift */; };
		4C84D8FF21415643001B6EBD /* CreateWalletAccountViewController.swift in Sources */ = {isa = PBXBuildFile; fileRef = 4C84D8FE21415642001B6EBD /* CreateWalletAccountViewController.swift */; };
		4C84D90221422453001B6EBD /* CreateWalletAccountVM.swift in Sources */ = {isa = PBXBuildFile; fileRef = 4C84D90121422453001B6EBD /* CreateWalletAccountVM.swift */; };
		4C84D904214242C6001B6EBD /* CreateWalletTipViewController.swift in Sources */ = {isa = PBXBuildFile; fileRef = 4C84D903214242C6001B6EBD /* CreateWalletTipViewController.swift */; };
		4C84D9062142533D001B6EBD /* AffirmInputMnemonicViewController.swift in Sources */ = {isa = PBXBuildFile; fileRef = 4C84D9052142533D001B6EBD /* AffirmInputMnemonicViewController.swift */; };
		4C880F58213E880F0091CE00 /* LaunchScreen.storyboard in Resources */ = {isa = PBXBuildFile; fileRef = 4C880F57213E880E0091CE00 /* LaunchScreen.storyboard */; };
		4CCE42462124553B0080E92B /* AppDelegate.swift in Sources */ = {isa = PBXBuildFile; fileRef = 4CCE42452124553B0080E92B /* AppDelegate.swift */; };
		4CCE424D2124553C0080E92B /* Assets.xcassets in Resources */ = {isa = PBXBuildFile; fileRef = 4CCE424C2124553C0080E92B /* Assets.xcassets */; };
		4CCE425B2124553C0080E92B /* ViteTests.swift in Sources */ = {isa = PBXBuildFile; fileRef = 4CCE425A2124553C0080E92B /* ViteTests.swift */; };
		4CCE42662124553C0080E92B /* ViteUITests.swift in Sources */ = {isa = PBXBuildFile; fileRef = 4CCE42652124553C0080E92B /* ViteUITests.swift */; };
		8E6F3DF82140FE99003CDFC2 /* RPCServer.swift in Sources */ = {isa = PBXBuildFile; fileRef = 8E6F3DF72140FE99003CDFC2 /* RPCServer.swift */; };
		8E6F3DFB2140FFEC003CDFC2 /* ViteServiceRequest.swift in Sources */ = {isa = PBXBuildFile; fileRef = 8E6F3DFA2140FFEC003CDFC2 /* ViteServiceRequest.swift */; };
		8E6F3DFD2141012A003CDFC2 /* SnapshotChainProvider.swift in Sources */ = {isa = PBXBuildFile; fileRef = 8E6F3DFC2141012A003CDFC2 /* SnapshotChainProvider.swift */; };
		8E6F3DFF2141025B003CDFC2 /* SnapshotChainHeightRequest.swift in Sources */ = {isa = PBXBuildFile; fileRef = 8E6F3DFE2141025B003CDFC2 /* SnapshotChainHeightRequest.swift */; };
		8E6F3E0121410424003CDFC2 /* RPCError.swift in Sources */ = {isa = PBXBuildFile; fileRef = 8E6F3E0021410424003CDFC2 /* RPCError.swift */; };
		8E6F3E04214115ED003CDFC2 /* AccountProvider.swift in Sources */ = {isa = PBXBuildFile; fileRef = 8E6F3E03214115ED003CDFC2 /* AccountProvider.swift */; };
		8E6F3E0721411650003CDFC2 /* Transaction.swift in Sources */ = {isa = PBXBuildFile; fileRef = 8E6F3E0621411650003CDFC2 /* Transaction.swift */; };
		8E6F3E0A2141199B003CDFC2 /* Address.swift in Sources */ = {isa = PBXBuildFile; fileRef = 8E6F3E092141199B003CDFC2 /* Address.swift */; };
		8E6F3E0C21412150003CDFC2 /* GetTransactionsRequest.swift in Sources */ = {isa = PBXBuildFile; fileRef = 8E6F3E0B21412150003CDFC2 /* GetTransactionsRequest.swift */; };
		8E6F3E0E2141244F003CDFC2 /* BalanceType.swift in Sources */ = {isa = PBXBuildFile; fileRef = 8E6F3E0D2141244F003CDFC2 /* BalanceType.swift */; };
		8E6F3E102141263A003CDFC2 /* Balance.swift in Sources */ = {isa = PBXBuildFile; fileRef = 8E6F3E0F2141263A003CDFC2 /* Balance.swift */; };
		8E6F3E1221421A4F003CDFC2 /* JSONTransformer.swift in Sources */ = {isa = PBXBuildFile; fileRef = 8E6F3E1121421A4F003CDFC2 /* JSONTransformer.swift */; };
		8E6F3E14214220DF003CDFC2 /* ViteNetworkTests.swift in Sources */ = {isa = PBXBuildFile; fileRef = 8E6F3E13214220DF003CDFC2 /* ViteNetworkTests.swift */; };
		D273062C8B1A826F6BC2E810 /* Pods_ViteUITests.framework in Frameworks */ = {isa = PBXBuildFile; fileRef = E5EF60202B89DEC8B075E04F /* Pods_ViteUITests.framework */; };
/* End PBXBuildFile section */

/* Begin PBXContainerItemProxy section */
		4CCE42572124553C0080E92B /* PBXContainerItemProxy */ = {
			isa = PBXContainerItemProxy;
			containerPortal = 4CCE423A2124553B0080E92B /* Project object */;
			proxyType = 1;
			remoteGlobalIDString = 4CCE42412124553B0080E92B;
			remoteInfo = Vite;
		};
		4CCE42622124553C0080E92B /* PBXContainerItemProxy */ = {
			isa = PBXContainerItemProxy;
			containerPortal = 4CCE423A2124553B0080E92B /* Project object */;
			proxyType = 1;
			remoteGlobalIDString = 4CCE42412124553B0080E92B;
			remoteInfo = Vite;
		};
/* End PBXContainerItemProxy section */

/* Begin PBXFileReference section */
		4C0024E221257CD9001DF390 /* Vite.entitlements */ = {isa = PBXFileReference; lastKnownFileType = text.plist.entitlements; path = Vite.entitlements; sourceTree = "<group>"; };
		4C0024E321258005001DF390 /* R.generated.swift */ = {isa = PBXFileReference; fileEncoding = 4; lastKnownFileType = sourcecode.swift; path = R.generated.swift; sourceTree = SOURCE_ROOT; };
		4C0024E721259DD6001DF390 /* HomeViewController.swift */ = {isa = PBXFileReference; lastKnownFileType = sourcecode.swift; path = HomeViewController.swift; sourceTree = "<group>"; };
		4C105EBB213FCA7400D483C6 /* Colors.swift */ = {isa = PBXFileReference; lastKnownFileType = sourcecode.swift; path = Colors.swift; sourceTree = "<group>"; };
		4C105EBE213FCAD500D483C6 /* UIColor.swift */ = {isa = PBXFileReference; lastKnownFileType = sourcecode.swift; path = UIColor.swift; sourceTree = "<group>"; };
		4C105EC0213FCB3700D483C6 /* AppStyle.swift */ = {isa = PBXFileReference; lastKnownFileType = sourcecode.swift; path = AppStyle.swift; sourceTree = "<group>"; };
		4C105EC2213FE73A00D483C6 /* LocalizationService.swift */ = {isa = PBXFileReference; lastKnownFileType = sourcecode.swift; path = LocalizationService.swift; sourceTree = "<group>"; };
		4C105EC4213FEFF800D483C6 /* NotificationName.swift */ = {isa = PBXFileReference; lastKnownFileType = sourcecode.swift; path = NotificationName.swift; sourceTree = "<group>"; };
		4C105EC6213FF3DC00D483C6 /* SettingDataService.swift */ = {isa = PBXFileReference; lastKnownFileType = sourcecode.swift; path = SettingDataService.swift; sourceTree = "<group>"; };
		4C105EC8213FF45A00D483C6 /*  Language.swift */ = {isa = PBXFileReference; lastKnownFileType = sourcecode.swift; path = " Language.swift"; sourceTree = "<group>"; };
		4C105ECB2140001100D483C6 /* LoginViewController.swift */ = {isa = PBXFileReference; lastKnownFileType = sourcecode.swift; path = LoginViewController.swift; sourceTree = "<group>"; };
		4C105ECE2140DA5C00D483C6 /* LoginVM.swift */ = {isa = PBXFileReference; lastKnownFileType = sourcecode.swift; path = LoginVM.swift; sourceTree = "<group>"; };
		4C105ED02141401100D483C6 /* String.swift */ = {isa = PBXFileReference; lastKnownFileType = sourcecode.swift; path = String.swift; sourceTree = "<group>"; };
		4C1FF4F1212A74730055067D /* en */ = {isa = PBXFileReference; lastKnownFileType = text.plist.strings; name = en; path = en.lproj/Localizable.strings; sourceTree = "<group>"; };
		4C1FF4F4212A76410055067D /* zh-Hans */ = {isa = PBXFileReference; lastKnownFileType = text.plist.strings; name = "zh-Hans"; path = "zh-Hans.lproj/Localizable.strings"; sourceTree = "<group>"; };
		4C4C9D6D213EA540005542F8 /* BackupMnemonicViewController.swift */ = {isa = PBXFileReference; lastKnownFileType = sourcecode.swift; path = BackupMnemonicViewController.swift; sourceTree = "<group>"; };
		4C4C9D70213F6F5D005542F8 /* BackupMnemonicVM.swift */ = {isa = PBXFileReference; lastKnownFileType = sourcecode.swift; path = BackupMnemonicVM.swift; sourceTree = "<group>"; };
		4C84D8FC21415636001B6EBD /* ImportAccountViewController.swift */ = {isa = PBXFileReference; lastKnownFileType = sourcecode.swift; path = ImportAccountViewController.swift; sourceTree = "<group>"; };
		4C84D8FE21415642001B6EBD /* CreateWalletAccountViewController.swift */ = {isa = PBXFileReference; fileEncoding = 4; lastKnownFileType = sourcecode.swift; path = CreateWalletAccountViewController.swift; sourceTree = "<group>"; };
		4C84D90121422453001B6EBD /* CreateWalletAccountVM.swift */ = {isa = PBXFileReference; lastKnownFileType = sourcecode.swift; path = CreateWalletAccountVM.swift; sourceTree = "<group>"; };
		4C84D903214242C6001B6EBD /* CreateWalletTipViewController.swift */ = {isa = PBXFileReference; lastKnownFileType = sourcecode.swift; path = CreateWalletTipViewController.swift; sourceTree = "<group>"; };
		4C84D9052142533D001B6EBD /* AffirmInputMnemonicViewController.swift */ = {isa = PBXFileReference; lastKnownFileType = sourcecode.swift; path = AffirmInputMnemonicViewController.swift; sourceTree = "<group>"; };
		4C880F57213E880E0091CE00 /* LaunchScreen.storyboard */ = {isa = PBXFileReference; fileEncoding = 4; lastKnownFileType = file.storyboard; path = LaunchScreen.storyboard; sourceTree = "<group>"; };
		4CCE42422124553B0080E92B /* Vite.app */ = {isa = PBXFileReference; explicitFileType = wrapper.application; includeInIndex = 0; path = Vite.app; sourceTree = BUILT_PRODUCTS_DIR; };
		4CCE42452124553B0080E92B /* AppDelegate.swift */ = {isa = PBXFileReference; lastKnownFileType = sourcecode.swift; path = AppDelegate.swift; sourceTree = "<group>"; };
		4CCE424C2124553C0080E92B /* Assets.xcassets */ = {isa = PBXFileReference; lastKnownFileType = folder.assetcatalog; path = Assets.xcassets; sourceTree = "<group>"; };
		4CCE42512124553C0080E92B /* Info.plist */ = {isa = PBXFileReference; lastKnownFileType = text.plist.xml; path = Info.plist; sourceTree = "<group>"; };
		4CCE42562124553C0080E92B /* ViteTests.xctest */ = {isa = PBXFileReference; explicitFileType = wrapper.cfbundle; includeInIndex = 0; path = ViteTests.xctest; sourceTree = BUILT_PRODUCTS_DIR; };
		4CCE425A2124553C0080E92B /* ViteTests.swift */ = {isa = PBXFileReference; lastKnownFileType = sourcecode.swift; path = ViteTests.swift; sourceTree = "<group>"; };
		4CCE425C2124553C0080E92B /* Info.plist */ = {isa = PBXFileReference; lastKnownFileType = text.plist.xml; path = Info.plist; sourceTree = "<group>"; };
		4CCE42612124553C0080E92B /* ViteUITests.xctest */ = {isa = PBXFileReference; explicitFileType = wrapper.cfbundle; includeInIndex = 0; path = ViteUITests.xctest; sourceTree = BUILT_PRODUCTS_DIR; };
		4CCE42652124553C0080E92B /* ViteUITests.swift */ = {isa = PBXFileReference; lastKnownFileType = sourcecode.swift; path = ViteUITests.swift; sourceTree = "<group>"; };
		4CCE42672124553C0080E92B /* Info.plist */ = {isa = PBXFileReference; lastKnownFileType = text.plist.xml; path = Info.plist; sourceTree = "<group>"; };
		7742AD5C37CDC695C9E4CF73 /* Pods_Vite.framework */ = {isa = PBXFileReference; explicitFileType = wrapper.framework; includeInIndex = 0; path = Pods_Vite.framework; sourceTree = BUILT_PRODUCTS_DIR; };
		8C959221E3DAE4FAF07176D1 /* Pods-Vite.debug.xcconfig */ = {isa = PBXFileReference; includeInIndex = 1; lastKnownFileType = text.xcconfig; name = "Pods-Vite.debug.xcconfig"; path = "Pods/Target Support Files/Pods-Vite/Pods-Vite.debug.xcconfig"; sourceTree = "<group>"; };
		8E6F3DF72140FE99003CDFC2 /* RPCServer.swift */ = {isa = PBXFileReference; lastKnownFileType = sourcecode.swift; path = RPCServer.swift; sourceTree = "<group>"; };
		8E6F3DFA2140FFEC003CDFC2 /* ViteServiceRequest.swift */ = {isa = PBXFileReference; lastKnownFileType = sourcecode.swift; path = ViteServiceRequest.swift; sourceTree = "<group>"; };
		8E6F3DFC2141012A003CDFC2 /* SnapshotChainProvider.swift */ = {isa = PBXFileReference; lastKnownFileType = sourcecode.swift; path = SnapshotChainProvider.swift; sourceTree = "<group>"; };
		8E6F3DFE2141025B003CDFC2 /* SnapshotChainHeightRequest.swift */ = {isa = PBXFileReference; lastKnownFileType = sourcecode.swift; path = SnapshotChainHeightRequest.swift; sourceTree = "<group>"; };
		8E6F3E0021410424003CDFC2 /* RPCError.swift */ = {isa = PBXFileReference; lastKnownFileType = sourcecode.swift; path = RPCError.swift; sourceTree = "<group>"; };
		8E6F3E03214115ED003CDFC2 /* AccountProvider.swift */ = {isa = PBXFileReference; lastKnownFileType = sourcecode.swift; path = AccountProvider.swift; sourceTree = "<group>"; };
		8E6F3E0621411650003CDFC2 /* Transaction.swift */ = {isa = PBXFileReference; lastKnownFileType = sourcecode.swift; path = Transaction.swift; sourceTree = "<group>"; };
		8E6F3E092141199B003CDFC2 /* Address.swift */ = {isa = PBXFileReference; lastKnownFileType = sourcecode.swift; path = Address.swift; sourceTree = "<group>"; };
		8E6F3E0B21412150003CDFC2 /* GetTransactionsRequest.swift */ = {isa = PBXFileReference; lastKnownFileType = sourcecode.swift; path = GetTransactionsRequest.swift; sourceTree = "<group>"; };
		8E6F3E0D2141244F003CDFC2 /* BalanceType.swift */ = {isa = PBXFileReference; lastKnownFileType = sourcecode.swift; path = BalanceType.swift; sourceTree = "<group>"; };
		8E6F3E0F2141263A003CDFC2 /* Balance.swift */ = {isa = PBXFileReference; lastKnownFileType = sourcecode.swift; path = Balance.swift; sourceTree = "<group>"; };
		8E6F3E1121421A4F003CDFC2 /* JSONTransformer.swift */ = {isa = PBXFileReference; lastKnownFileType = sourcecode.swift; path = JSONTransformer.swift; sourceTree = "<group>"; };
		8E6F3E13214220DF003CDFC2 /* ViteNetworkTests.swift */ = {isa = PBXFileReference; lastKnownFileType = sourcecode.swift; path = ViteNetworkTests.swift; sourceTree = "<group>"; };
		90D19E345292B3451EF0C77B /* Pods-ViteTests.debug.xcconfig */ = {isa = PBXFileReference; includeInIndex = 1; lastKnownFileType = text.xcconfig; name = "Pods-ViteTests.debug.xcconfig"; path = "Pods/Target Support Files/Pods-ViteTests/Pods-ViteTests.debug.xcconfig"; sourceTree = "<group>"; };
		9CDD7A55935285C97D7AB255 /* Pods-ViteTests.release.xcconfig */ = {isa = PBXFileReference; includeInIndex = 1; lastKnownFileType = text.xcconfig; name = "Pods-ViteTests.release.xcconfig"; path = "Pods/Target Support Files/Pods-ViteTests/Pods-ViteTests.release.xcconfig"; sourceTree = "<group>"; };
		B5C0FE724D993EC85BD39D8F /* Pods-Vite.release.xcconfig */ = {isa = PBXFileReference; includeInIndex = 1; lastKnownFileType = text.xcconfig; name = "Pods-Vite.release.xcconfig"; path = "Pods/Target Support Files/Pods-Vite/Pods-Vite.release.xcconfig"; sourceTree = "<group>"; };
		D83E6CF5AD50F3015A693D0D /* Pods-ViteUITests.debug.xcconfig */ = {isa = PBXFileReference; includeInIndex = 1; lastKnownFileType = text.xcconfig; name = "Pods-ViteUITests.debug.xcconfig"; path = "Pods/Target Support Files/Pods-ViteUITests/Pods-ViteUITests.debug.xcconfig"; sourceTree = "<group>"; };
		D9ECCAAC94107661B825DB36 /* Pods_ViteTests.framework */ = {isa = PBXFileReference; explicitFileType = wrapper.framework; includeInIndex = 0; path = Pods_ViteTests.framework; sourceTree = BUILT_PRODUCTS_DIR; };
		E5EF60202B89DEC8B075E04F /* Pods_ViteUITests.framework */ = {isa = PBXFileReference; explicitFileType = wrapper.framework; includeInIndex = 0; path = Pods_ViteUITests.framework; sourceTree = BUILT_PRODUCTS_DIR; };
		ED2FE67C927C72B4CA67FD50 /* Pods-ViteUITests.release.xcconfig */ = {isa = PBXFileReference; includeInIndex = 1; lastKnownFileType = text.xcconfig; name = "Pods-ViteUITests.release.xcconfig"; path = "Pods/Target Support Files/Pods-ViteUITests/Pods-ViteUITests.release.xcconfig"; sourceTree = "<group>"; };
/* End PBXFileReference section */

/* Begin PBXFrameworksBuildPhase section */
		4CCE423F2124553B0080E92B /* Frameworks */ = {
			isa = PBXFrameworksBuildPhase;
			buildActionMask = 2147483647;
			files = (
				0970C99FC4C5C861FB486591 /* Pods_Vite.framework in Frameworks */,
			);
			runOnlyForDeploymentPostprocessing = 0;
		};
		4CCE42532124553C0080E92B /* Frameworks */ = {
			isa = PBXFrameworksBuildPhase;
			buildActionMask = 2147483647;
			files = (
				1FCD87D2C89D50D6F05BCA86 /* Pods_ViteTests.framework in Frameworks */,
			);
			runOnlyForDeploymentPostprocessing = 0;
		};
		4CCE425E2124553C0080E92B /* Frameworks */ = {
			isa = PBXFrameworksBuildPhase;
			buildActionMask = 2147483647;
			files = (
				D273062C8B1A826F6BC2E810 /* Pods_ViteUITests.framework in Frameworks */,
			);
			runOnlyForDeploymentPostprocessing = 0;
		};
/* End PBXFrameworksBuildPhase section */

/* Begin PBXGroup section */
		3769396FEE468F6F2DD10DB6 /* Pods */ = {
			isa = PBXGroup;
			children = (
				8C959221E3DAE4FAF07176D1 /* Pods-Vite.debug.xcconfig */,
				B5C0FE724D993EC85BD39D8F /* Pods-Vite.release.xcconfig */,
				90D19E345292B3451EF0C77B /* Pods-ViteTests.debug.xcconfig */,
				9CDD7A55935285C97D7AB255 /* Pods-ViteTests.release.xcconfig */,
				D83E6CF5AD50F3015A693D0D /* Pods-ViteUITests.debug.xcconfig */,
				ED2FE67C927C72B4CA67FD50 /* Pods-ViteUITests.release.xcconfig */,
			);
			name = Pods;
			sourceTree = "<group>";
		};
		4C105EBD213FCABB00D483C6 /* Extensions */ = {
			isa = PBXGroup;
			children = (
				4C105EBE213FCAD500D483C6 /* UIColor.swift */,
				4C105ED02141401100D483C6 /* String.swift */,
			);
			path = Extensions;
			sourceTree = "<group>";
		};
		4C105ECA213FFFFE00D483C6 /* Login */ = {
			isa = PBXGroup;
			children = (
				4C105ECD2140DA4A00D483C6 /* VM */,
				4C105ECB2140001100D483C6 /* LoginViewController.swift */,
			);
			path = Login;
			sourceTree = "<group>";
		};
		4C105ECD2140DA4A00D483C6 /* VM */ = {
			isa = PBXGroup;
			children = (
				4C105ECE2140DA5C00D483C6 /* LoginVM.swift */,
			);
			path = VM;
			sourceTree = "<group>";
		};
		4C1FF4EC212A73FB0055067D /* Resource */ = {
			isa = PBXGroup;
			children = (
				4C1FF4ED212A73FB0055067D /* Localization */,
			);
			path = Resource;
			sourceTree = "<group>";
		};
		4C1FF4ED212A73FB0055067D /* Localization */ = {
			isa = PBXGroup;
			children = (
				4C1FF4F2212A74730055067D /* Localizable.strings */,
			);
			path = Localization;
			sourceTree = "<group>";
		};
		4C4C9D65213E9629005542F8 /* Business */ = {
			isa = PBXGroup;
			children = (
				4C84D8F921415610001B6EBD /* Create */,
				4C84D8F821415610001B6EBD /* Import */,
				4C105ECA213FFFFE00D483C6 /* Login */,
				4C4C9D66213E9662005542F8 /* Mnemonic */,
			);
			path = Business;
			sourceTree = "<group>";
		};
		4C4C9D66213E9662005542F8 /* Mnemonic */ = {
			isa = PBXGroup;
			children = (
				4C4C9D6F213F6F44005542F8 /* VM */,
				4C4C9D6D213EA540005542F8 /* BackupMnemonicViewController.swift */,
				4C84D9052142533D001B6EBD /* AffirmInputMnemonicViewController.swift */,
			);
			path = Mnemonic;
			sourceTree = "<group>";
		};
		4C4C9D67213E96EC005542F8 /* Domain */ = {
			isa = PBXGroup;
			children = (
				4C105EC8213FF45A00D483C6 /*  Language.swift */,
			);
			path = Domain;
			sourceTree = "<group>";
		};
		4C4C9D68213E96EC005542F8 /* Components */ = {
			isa = PBXGroup;
			children = (
				4C105EC2213FE73A00D483C6 /* LocalizationService.swift */,
				4C105EC4213FEFF800D483C6 /* NotificationName.swift */,
				4C105EC6213FF3DC00D483C6 /* SettingDataService.swift */,
			);
			path = Components;
			sourceTree = "<group>";
		};
		4C4C9D69213E96EC005542F8 /* UGCKit */ = {
			isa = PBXGroup;
			children = (
			);
			path = UGCKit;
			sourceTree = "<group>";
		};
		4C4C9D6A213E96EC005542F8 /* Foundation */ = {
			isa = PBXGroup;
			children = (
				4C105EBD213FCABB00D483C6 /* Extensions */,
			);
			path = Foundation;
			sourceTree = "<group>";
		};
		4C4C9D6B213E96EC005542F8 /* Style */ = {
			isa = PBXGroup;
			children = (
				4C105EBB213FCA7400D483C6 /* Colors.swift */,
				4C105EC0213FCB3700D483C6 /* AppStyle.swift */,
			);
			path = Style;
			sourceTree = "<group>";
		};
		4C4C9D6C213E96EC005542F8 /* Vendors */ = {
			isa = PBXGroup;
			children = (
			);
			path = Vendors;
			sourceTree = "<group>";
		};
		4C4C9D6F213F6F44005542F8 /* VM */ = {
			isa = PBXGroup;
			children = (
				4C4C9D70213F6F5D005542F8 /* BackupMnemonicVM.swift */,
			);
			path = VM;
			sourceTree = "<group>";
		};
		4C84D8F821415610001B6EBD /* Import */ = {
			isa = PBXGroup;
			children = (
				4C84D8FC21415636001B6EBD /* ImportAccountViewController.swift */,
			);
			path = Import;
			sourceTree = "<group>";
		};
		4C84D8F921415610001B6EBD /* Create */ = {
			isa = PBXGroup;
			children = (
				4C84D9002142240C001B6EBD /* VM */,
				4C84D8FE21415642001B6EBD /* CreateWalletAccountViewController.swift */,
				4C84D903214242C6001B6EBD /* CreateWalletTipViewController.swift */,
			);
			path = Create;
			sourceTree = "<group>";
		};
		4C84D9002142240C001B6EBD /* VM */ = {
			isa = PBXGroup;
			children = (
				4C84D90121422453001B6EBD /* CreateWalletAccountVM.swift */,
			);
			path = VM;
			sourceTree = "<group>";
		};
		4CCE42392124553B0080E92B = {
			isa = PBXGroup;
			children = (
				4CCE42442124553B0080E92B /* Vite */,
				4CCE42592124553C0080E92B /* ViteTests */,
				4CCE42642124553C0080E92B /* ViteUITests */,
				4CCE42432124553B0080E92B /* Products */,
				3769396FEE468F6F2DD10DB6 /* Pods */,
				63EB5F834DEBA43A777880E2 /* Frameworks */,
			);
			sourceTree = "<group>";
		};
		4CCE42432124553B0080E92B /* Products */ = {
			isa = PBXGroup;
			children = (
				4CCE42422124553B0080E92B /* Vite.app */,
				4CCE42562124553C0080E92B /* ViteTests.xctest */,
				4CCE42612124553C0080E92B /* ViteUITests.xctest */,
			);
			name = Products;
			sourceTree = "<group>";
		};
		4CCE42442124553B0080E92B /* Vite */ = {
			isa = PBXGroup;
			children = (
				4C0024E221257CD9001DF390 /* Vite.entitlements */,
				4C4C9D68213E96EC005542F8 /* Components */,
				4C4C9D67213E96EC005542F8 /* Domain */,
				4C4C9D6A213E96EC005542F8 /* Foundation */,
				4C4C9D6B213E96EC005542F8 /* Style */,
				4C4C9D69213E96EC005542F8 /* UGCKit */,
				4C4C9D6C213E96EC005542F8 /* Vendors */,
				4C4C9D65213E9629005542F8 /* Business */,
				8E6F3DF92140FEA5003CDFC2 /* Network */,
				8E6F3E0821411664003CDFC2 /* Models */,
				4CCE42452124553B0080E92B /* AppDelegate.swift */,
				4C0024E721259DD6001DF390 /* HomeViewController.swift */,
				4C0024E321258005001DF390 /* R.generated.swift */,
				4CCE424C2124553C0080E92B /* Assets.xcassets */,
				4C1FF4EC212A73FB0055067D /* Resource */,
				4CCE42512124553C0080E92B /* Info.plist */,
				4C880F57213E880E0091CE00 /* LaunchScreen.storyboard */,
			);
			path = Vite;
			sourceTree = "<group>";
		};
		4CCE42592124553C0080E92B /* ViteTests */ = {
			isa = PBXGroup;
			children = (
				4CCE425A2124553C0080E92B /* ViteTests.swift */,
				8E6F3E13214220DF003CDFC2 /* ViteNetworkTests.swift */,
				4CCE425C2124553C0080E92B /* Info.plist */,
			);
			path = ViteTests;
			sourceTree = "<group>";
		};
		4CCE42642124553C0080E92B /* ViteUITests */ = {
			isa = PBXGroup;
			children = (
				4CCE42652124553C0080E92B /* ViteUITests.swift */,
				4CCE42672124553C0080E92B /* Info.plist */,
			);
			path = ViteUITests;
			sourceTree = "<group>";
		};
		63EB5F834DEBA43A777880E2 /* Frameworks */ = {
			isa = PBXGroup;
			children = (
				7742AD5C37CDC695C9E4CF73 /* Pods_Vite.framework */,
				D9ECCAAC94107661B825DB36 /* Pods_ViteTests.framework */,
				E5EF60202B89DEC8B075E04F /* Pods_ViteUITests.framework */,
			);
			name = Frameworks;
			sourceTree = "<group>";
		};
		8E6F3DF92140FEA5003CDFC2 /* Network */ = {
			isa = PBXGroup;
			children = (
				8E6F3E0021410424003CDFC2 /* RPCError.swift */,
				8E6F3DF72140FE99003CDFC2 /* RPCServer.swift */,
				8E6F3E1121421A4F003CDFC2 /* JSONTransformer.swift */,
				8E6F3DFA2140FFEC003CDFC2 /* ViteServiceRequest.swift */,
				8E6F3E05214115F6003CDFC2 /* Account */,
				8E6F3E0221410D65003CDFC2 /* SnapshotChain */,
			);
			path = Network;
			sourceTree = "<group>";
		};
		8E6F3E0221410D65003CDFC2 /* SnapshotChain */ = {
			isa = PBXGroup;
			children = (
				8E6F3DFC2141012A003CDFC2 /* SnapshotChainProvider.swift */,
				8E6F3DFE2141025B003CDFC2 /* SnapshotChainHeightRequest.swift */,
			);
			path = SnapshotChain;
			sourceTree = "<group>";
		};
		8E6F3E05214115F6003CDFC2 /* Account */ = {
			isa = PBXGroup;
			children = (
				8E6F3E03214115ED003CDFC2 /* AccountProvider.swift */,
				8E6F3E0B21412150003CDFC2 /* GetTransactionsRequest.swift */,
			);
			path = Account;
			sourceTree = "<group>";
		};
		8E6F3E0821411664003CDFC2 /* Models */ = {
			isa = PBXGroup;
			children = (
				8E6F3E0D2141244F003CDFC2 /* BalanceType.swift */,
				8E6F3E0621411650003CDFC2 /* Transaction.swift */,
				8E6F3E092141199B003CDFC2 /* Address.swift */,
				8E6F3E0F2141263A003CDFC2 /* Balance.swift */,
			);
			path = Models;
			sourceTree = "<group>";
		};
/* End PBXGroup section */

/* Begin PBXNativeTarget section */
		4CCE42412124553B0080E92B /* Vite */ = {
			isa = PBXNativeTarget;
			buildConfigurationList = 4CCE426A2124553C0080E92B /* Build configuration list for PBXNativeTarget "Vite" */;
			buildPhases = (
				E05B29AE1F8249FC79DBC713 /* [CP] Check Pods Manifest.lock */,
				4CCE423E2124553B0080E92B /* Sources */,
				4CCE423F2124553B0080E92B /* Frameworks */,
				4CCE42402124553B0080E92B /* Resources */,
				4CFDEBFD4EE83103235125DB /* [CP] Embed Pods Frameworks */,
				4C0024D821257569001DF390 /* Run R.Swift */,
				4C0024DB21257868001DF390 /* Run SwiftLint */,
			);
			buildRules = (
			);
			dependencies = (
			);
			name = Vite;
			productName = Vite;
			productReference = 4CCE42422124553B0080E92B /* Vite.app */;
			productType = "com.apple.product-type.application";
		};
		4CCE42552124553C0080E92B /* ViteTests */ = {
			isa = PBXNativeTarget;
			buildConfigurationList = 4CCE426D2124553C0080E92B /* Build configuration list for PBXNativeTarget "ViteTests" */;
			buildPhases = (
				6F9F10D8102F07718250F347 /* [CP] Check Pods Manifest.lock */,
				4CCE42522124553C0080E92B /* Sources */,
				4CCE42532124553C0080E92B /* Frameworks */,
				4CCE42542124553C0080E92B /* Resources */,
			);
			buildRules = (
			);
			dependencies = (
				4CCE42582124553C0080E92B /* PBXTargetDependency */,
			);
			name = ViteTests;
			productName = ViteTests;
			productReference = 4CCE42562124553C0080E92B /* ViteTests.xctest */;
			productType = "com.apple.product-type.bundle.unit-test";
		};
		4CCE42602124553C0080E92B /* ViteUITests */ = {
			isa = PBXNativeTarget;
			buildConfigurationList = 4CCE42702124553C0080E92B /* Build configuration list for PBXNativeTarget "ViteUITests" */;
			buildPhases = (
				E798777C7DAA296E51AD873F /* [CP] Check Pods Manifest.lock */,
				4CCE425D2124553C0080E92B /* Sources */,
				4CCE425E2124553C0080E92B /* Frameworks */,
				4CCE425F2124553C0080E92B /* Resources */,
			);
			buildRules = (
			);
			dependencies = (
				4CCE42632124553C0080E92B /* PBXTargetDependency */,
			);
			name = ViteUITests;
			productName = ViteUITests;
			productReference = 4CCE42612124553C0080E92B /* ViteUITests.xctest */;
			productType = "com.apple.product-type.bundle.ui-testing";
		};
/* End PBXNativeTarget section */

/* Begin PBXProject section */
		4CCE423A2124553B0080E92B /* Project object */ = {
			isa = PBXProject;
			attributes = {
				CLASSPREFIX = Vite;
				LastSwiftUpdateCheck = 0940;
				LastUpgradeCheck = 0940;
				ORGANIZATIONNAME = "vite labs";
				TargetAttributes = {
					4CCE42412124553B0080E92B = {
						CreatedOnToolsVersion = 9.4.1;
						SystemCapabilities = {
							com.apple.Keychain = {
								enabled = 1;
							};
							com.apple.Push = {
								enabled = 0;
							};
						};
					};
					4CCE42552124553C0080E92B = {
						CreatedOnToolsVersion = 9.4.1;
						TestTargetID = 4CCE42412124553B0080E92B;
					};
					4CCE42602124553C0080E92B = {
						CreatedOnToolsVersion = 9.4.1;
						TestTargetID = 4CCE42412124553B0080E92B;
					};
				};
			};
			buildConfigurationList = 4CCE423D2124553B0080E92B /* Build configuration list for PBXProject "Vite" */;
			compatibilityVersion = "Xcode 9.3";
			developmentRegion = en;
			hasScannedForEncodings = 0;
			knownRegions = (
				en,
				Base,
				"zh-Hans",
			);
			mainGroup = 4CCE42392124553B0080E92B;
			productRefGroup = 4CCE42432124553B0080E92B /* Products */;
			projectDirPath = "";
			projectRoot = "";
			targets = (
				4CCE42412124553B0080E92B /* Vite */,
				4CCE42552124553C0080E92B /* ViteTests */,
				4CCE42602124553C0080E92B /* ViteUITests */,
			);
		};
/* End PBXProject section */

/* Begin PBXResourcesBuildPhase section */
		4CCE42402124553B0080E92B /* Resources */ = {
			isa = PBXResourcesBuildPhase;
			buildActionMask = 2147483647;
			files = (
				4C880F58213E880F0091CE00 /* LaunchScreen.storyboard in Resources */,
				4C1FF4F0212A74730055067D /* Localizable.strings in Resources */,
				4CCE424D2124553C0080E92B /* Assets.xcassets in Resources */,
			);
			runOnlyForDeploymentPostprocessing = 0;
		};
		4CCE42542124553C0080E92B /* Resources */ = {
			isa = PBXResourcesBuildPhase;
			buildActionMask = 2147483647;
			files = (
			);
			runOnlyForDeploymentPostprocessing = 0;
		};
		4CCE425F2124553C0080E92B /* Resources */ = {
			isa = PBXResourcesBuildPhase;
			buildActionMask = 2147483647;
			files = (
			);
			runOnlyForDeploymentPostprocessing = 0;
		};
/* End PBXResourcesBuildPhase section */

/* Begin PBXShellScriptBuildPhase section */
		4C0024D821257569001DF390 /* Run R.Swift */ = {
			isa = PBXShellScriptBuildPhase;
			buildActionMask = 2147483647;
			files = (
			);
			inputPaths = (
			);
			name = "Run R.Swift";
			outputPaths = (
			);
			runOnlyForDeploymentPostprocessing = 0;
			shellPath = /bin/sh;
			shellScript = "\"$PODS_ROOT/R.swift/rswift\" generate \"$SRCROOT\"";
		};
		4C0024DB21257868001DF390 /* Run SwiftLint */ = {
			isa = PBXShellScriptBuildPhase;
			buildActionMask = 2147483647;
			files = (
			);
			inputPaths = (
			);
			name = "Run SwiftLint";
			outputPaths = (
			);
			runOnlyForDeploymentPostprocessing = 0;
			shellPath = /bin/sh;
			shellScript = "\"${PODS_ROOT}/SwiftLint/swiftlint\"";
		};
		4CFDEBFD4EE83103235125DB /* [CP] Embed Pods Frameworks */ = {
			isa = PBXShellScriptBuildPhase;
			buildActionMask = 2147483647;
			files = (
			);
			inputPaths = (
				"${SRCROOT}/Pods/Target Support Files/Pods-Vite/Pods-Vite-frameworks.sh",
				"${BUILT_PRODUCTS_DIR}/APIKit/APIKit.framework",
				"${BUILT_PRODUCTS_DIR}/Alamofire/Alamofire.framework",
				"${BUILT_PRODUCTS_DIR}/BigInt/BigInt.framework",
				"${BUILT_PRODUCTS_DIR}/CryptoSwift/CryptoSwift.framework",
				"${BUILT_PRODUCTS_DIR}/Differentiator/Differentiator.framework",
				"${BUILT_PRODUCTS_DIR}/Eureka/Eureka.framework",
				"${BUILT_PRODUCTS_DIR}/JSONRPCKit/JSONRPCKit.framework",
				"${BUILT_PRODUCTS_DIR}/KeychainSwift/KeychainSwift.framework",
				"${BUILT_PRODUCTS_DIR}/MBProgressHUD/MBProgressHUD.framework",
				"${BUILT_PRODUCTS_DIR}/Moya/Moya.framework",
				"${BUILT_PRODUCTS_DIR}/NSObject+Rx/NSObject_Rx.framework",
				"${BUILT_PRODUCTS_DIR}/ObjectMapper/ObjectMapper.framework",
				"${BUILT_PRODUCTS_DIR}/PromiseKit/PromiseKit.framework",
				"${BUILT_PRODUCTS_DIR}/QRCodeReaderViewController/QRCodeReaderViewController.framework",
				"${BUILT_PRODUCTS_DIR}/R.swift.Library/Rswift.framework",
				"${BUILT_PRODUCTS_DIR}/Result/Result.framework",
				"${BUILT_PRODUCTS_DIR}/RxCocoa/RxCocoa.framework",
				"${BUILT_PRODUCTS_DIR}/RxDataSources/RxDataSources.framework",
				"${BUILT_PRODUCTS_DIR}/RxGesture/RxGesture.framework",
				"${BUILT_PRODUCTS_DIR}/RxSwift/RxSwift.framework",
				"${BUILT_PRODUCTS_DIR}/SipHash/SipHash.framework",
				"${BUILT_PRODUCTS_DIR}/SnapKit/SnapKit.framework",
				"${BUILT_PRODUCTS_DIR}/Vite-keystore/Vite_keystore.framework",
				"${BUILT_PRODUCTS_DIR}/scrypt/scrypt.framework",
				"${BUILT_PRODUCTS_DIR}/secp256k1.swift/secp256k1.framework",
			);
			name = "[CP] Embed Pods Frameworks";
			outputPaths = (
				"${TARGET_BUILD_DIR}/${FRAMEWORKS_FOLDER_PATH}/APIKit.framework",
				"${TARGET_BUILD_DIR}/${FRAMEWORKS_FOLDER_PATH}/Alamofire.framework",
				"${TARGET_BUILD_DIR}/${FRAMEWORKS_FOLDER_PATH}/BigInt.framework",
				"${TARGET_BUILD_DIR}/${FRAMEWORKS_FOLDER_PATH}/CryptoSwift.framework",
				"${TARGET_BUILD_DIR}/${FRAMEWORKS_FOLDER_PATH}/Differentiator.framework",
				"${TARGET_BUILD_DIR}/${FRAMEWORKS_FOLDER_PATH}/Eureka.framework",
				"${TARGET_BUILD_DIR}/${FRAMEWORKS_FOLDER_PATH}/JSONRPCKit.framework",
				"${TARGET_BUILD_DIR}/${FRAMEWORKS_FOLDER_PATH}/KeychainSwift.framework",
				"${TARGET_BUILD_DIR}/${FRAMEWORKS_FOLDER_PATH}/MBProgressHUD.framework",
				"${TARGET_BUILD_DIR}/${FRAMEWORKS_FOLDER_PATH}/Moya.framework",
				"${TARGET_BUILD_DIR}/${FRAMEWORKS_FOLDER_PATH}/NSObject_Rx.framework",
				"${TARGET_BUILD_DIR}/${FRAMEWORKS_FOLDER_PATH}/ObjectMapper.framework",
				"${TARGET_BUILD_DIR}/${FRAMEWORKS_FOLDER_PATH}/PromiseKit.framework",
				"${TARGET_BUILD_DIR}/${FRAMEWORKS_FOLDER_PATH}/QRCodeReaderViewController.framework",
				"${TARGET_BUILD_DIR}/${FRAMEWORKS_FOLDER_PATH}/Rswift.framework",
				"${TARGET_BUILD_DIR}/${FRAMEWORKS_FOLDER_PATH}/Result.framework",
				"${TARGET_BUILD_DIR}/${FRAMEWORKS_FOLDER_PATH}/RxCocoa.framework",
				"${TARGET_BUILD_DIR}/${FRAMEWORKS_FOLDER_PATH}/RxDataSources.framework",
				"${TARGET_BUILD_DIR}/${FRAMEWORKS_FOLDER_PATH}/RxGesture.framework",
				"${TARGET_BUILD_DIR}/${FRAMEWORKS_FOLDER_PATH}/RxSwift.framework",
				"${TARGET_BUILD_DIR}/${FRAMEWORKS_FOLDER_PATH}/SipHash.framework",
				"${TARGET_BUILD_DIR}/${FRAMEWORKS_FOLDER_PATH}/SnapKit.framework",
				"${TARGET_BUILD_DIR}/${FRAMEWORKS_FOLDER_PATH}/Vite_keystore.framework",
				"${TARGET_BUILD_DIR}/${FRAMEWORKS_FOLDER_PATH}/scrypt.framework",
				"${TARGET_BUILD_DIR}/${FRAMEWORKS_FOLDER_PATH}/secp256k1.framework",
			);
			runOnlyForDeploymentPostprocessing = 0;
			shellPath = /bin/sh;
			shellScript = "\"${SRCROOT}/Pods/Target Support Files/Pods-Vite/Pods-Vite-frameworks.sh\"\n";
			showEnvVarsInLog = 0;
		};
		6F9F10D8102F07718250F347 /* [CP] Check Pods Manifest.lock */ = {
			isa = PBXShellScriptBuildPhase;
			buildActionMask = 2147483647;
			files = (
			);
			inputPaths = (
				"${PODS_PODFILE_DIR_PATH}/Podfile.lock",
				"${PODS_ROOT}/Manifest.lock",
			);
			name = "[CP] Check Pods Manifest.lock";
			outputPaths = (
				"$(DERIVED_FILE_DIR)/Pods-ViteTests-checkManifestLockResult.txt",
			);
			runOnlyForDeploymentPostprocessing = 0;
			shellPath = /bin/sh;
			shellScript = "diff \"${PODS_PODFILE_DIR_PATH}/Podfile.lock\" \"${PODS_ROOT}/Manifest.lock\" > /dev/null\nif [ $? != 0 ] ; then\n    # print error to STDERR\n    echo \"error: The sandbox is not in sync with the Podfile.lock. Run 'pod install' or update your CocoaPods installation.\" >&2\n    exit 1\nfi\n# This output is used by Xcode 'outputs' to avoid re-running this script phase.\necho \"SUCCESS\" > \"${SCRIPT_OUTPUT_FILE_0}\"\n";
			showEnvVarsInLog = 0;
		};
		E05B29AE1F8249FC79DBC713 /* [CP] Check Pods Manifest.lock */ = {
			isa = PBXShellScriptBuildPhase;
			buildActionMask = 2147483647;
			files = (
			);
			inputPaths = (
				"${PODS_PODFILE_DIR_PATH}/Podfile.lock",
				"${PODS_ROOT}/Manifest.lock",
			);
			name = "[CP] Check Pods Manifest.lock";
			outputPaths = (
				"$(DERIVED_FILE_DIR)/Pods-Vite-checkManifestLockResult.txt",
			);
			runOnlyForDeploymentPostprocessing = 0;
			shellPath = /bin/sh;
			shellScript = "diff \"${PODS_PODFILE_DIR_PATH}/Podfile.lock\" \"${PODS_ROOT}/Manifest.lock\" > /dev/null\nif [ $? != 0 ] ; then\n    # print error to STDERR\n    echo \"error: The sandbox is not in sync with the Podfile.lock. Run 'pod install' or update your CocoaPods installation.\" >&2\n    exit 1\nfi\n# This output is used by Xcode 'outputs' to avoid re-running this script phase.\necho \"SUCCESS\" > \"${SCRIPT_OUTPUT_FILE_0}\"\n";
			showEnvVarsInLog = 0;
		};
		E798777C7DAA296E51AD873F /* [CP] Check Pods Manifest.lock */ = {
			isa = PBXShellScriptBuildPhase;
			buildActionMask = 2147483647;
			files = (
			);
			inputPaths = (
				"${PODS_PODFILE_DIR_PATH}/Podfile.lock",
				"${PODS_ROOT}/Manifest.lock",
			);
			name = "[CP] Check Pods Manifest.lock";
			outputPaths = (
				"$(DERIVED_FILE_DIR)/Pods-ViteUITests-checkManifestLockResult.txt",
			);
			runOnlyForDeploymentPostprocessing = 0;
			shellPath = /bin/sh;
			shellScript = "diff \"${PODS_PODFILE_DIR_PATH}/Podfile.lock\" \"${PODS_ROOT}/Manifest.lock\" > /dev/null\nif [ $? != 0 ] ; then\n    # print error to STDERR\n    echo \"error: The sandbox is not in sync with the Podfile.lock. Run 'pod install' or update your CocoaPods installation.\" >&2\n    exit 1\nfi\n# This output is used by Xcode 'outputs' to avoid re-running this script phase.\necho \"SUCCESS\" > \"${SCRIPT_OUTPUT_FILE_0}\"\n";
			showEnvVarsInLog = 0;
		};
/* End PBXShellScriptBuildPhase section */

/* Begin PBXSourcesBuildPhase section */
		4CCE423E2124553B0080E92B /* Sources */ = {
			isa = PBXSourcesBuildPhase;
			buildActionMask = 2147483647;
			files = (
				4C84D904214242C6001B6EBD /* CreateWalletTipViewController.swift in Sources */,
				4C105ECF2140DA5C00D483C6 /* LoginVM.swift in Sources */,
				8E6F3DFF2141025B003CDFC2 /* SnapshotChainHeightRequest.swift in Sources */,
				4C4C9D6E213EA540005542F8 /* BackupMnemonicViewController.swift in Sources */,
				4C105EBF213FCAD500D483C6 /* UIColor.swift in Sources */,
				4C105EC9213FF45A00D483C6 /*  Language.swift in Sources */,
				8E6F3E04214115ED003CDFC2 /* AccountProvider.swift in Sources */,
				8E6F3E1221421A4F003CDFC2 /* JSONTransformer.swift in Sources */,
				8E6F3DFB2140FFEC003CDFC2 /* ViteServiceRequest.swift in Sources */,
				4C105EBC213FCA7400D483C6 /* Colors.swift in Sources */,
				8E6F3E102141263A003CDFC2 /* Balance.swift in Sources */,
				4C105EC5213FEFF800D483C6 /* NotificationName.swift in Sources */,
				4C105EC1213FCB3700D483C6 /* AppStyle.swift in Sources */,
				4C105EC7213FF3DC00D483C6 /* SettingDataService.swift in Sources */,
				4CCE42462124553B0080E92B /* AppDelegate.swift in Sources */,
				8E6F3E0721411650003CDFC2 /* Transaction.swift in Sources */,
				8E6F3E0E2141244F003CDFC2 /* BalanceType.swift in Sources */,
				4C0024E421258005001DF390 /* R.generated.swift in Sources */,
				4C0024E821259DD6001DF390 /* HomeViewController.swift in Sources */,
				4C84D8FD21415636001B6EBD /* ImportAccountViewController.swift in Sources */,
				8E6F3E0A2141199B003CDFC2 /* Address.swift in Sources */,
				8E6F3E0121410424003CDFC2 /* RPCError.swift in Sources */,
				8E6F3E0C21412150003CDFC2 /* GetTransactionsRequest.swift in Sources */,
				8E6F3DF82140FE99003CDFC2 /* RPCServer.swift in Sources */,
				4C4C9D71213F6F5D005542F8 /* BackupMnemonicVM.swift in Sources */,
				4C105ED12141401100D483C6 /* String.swift in Sources */,
				4C84D8FF21415643001B6EBD /* CreateWalletAccountViewController.swift in Sources */,
				4C105ECC2140001100D483C6 /* LoginViewController.swift in Sources */,
				4C84D9062142533D001B6EBD /* AffirmInputMnemonicViewController.swift in Sources */,
				4C105EC3213FE73A00D483C6 /* LocalizationService.swift in Sources */,
				4C84D90221422453001B6EBD /* CreateWalletAccountVM.swift in Sources */,
				8E6F3DFD2141012A003CDFC2 /* SnapshotChainProvider.swift in Sources */,
			);
			runOnlyForDeploymentPostprocessing = 0;
		};
		4CCE42522124553C0080E92B /* Sources */ = {
			isa = PBXSourcesBuildPhase;
			buildActionMask = 2147483647;
			files = (
				8E6F3E14214220DF003CDFC2 /* ViteNetworkTests.swift in Sources */,
				4CCE425B2124553C0080E92B /* ViteTests.swift in Sources */,
			);
			runOnlyForDeploymentPostprocessing = 0;
		};
		4CCE425D2124553C0080E92B /* Sources */ = {
			isa = PBXSourcesBuildPhase;
			buildActionMask = 2147483647;
			files = (
				4CCE42662124553C0080E92B /* ViteUITests.swift in Sources */,
			);
			runOnlyForDeploymentPostprocessing = 0;
		};
/* End PBXSourcesBuildPhase section */

/* Begin PBXTargetDependency section */
		4CCE42582124553C0080E92B /* PBXTargetDependency */ = {
			isa = PBXTargetDependency;
			target = 4CCE42412124553B0080E92B /* Vite */;
			targetProxy = 4CCE42572124553C0080E92B /* PBXContainerItemProxy */;
		};
		4CCE42632124553C0080E92B /* PBXTargetDependency */ = {
			isa = PBXTargetDependency;
			target = 4CCE42412124553B0080E92B /* Vite */;
			targetProxy = 4CCE42622124553C0080E92B /* PBXContainerItemProxy */;
		};
/* End PBXTargetDependency section */

/* Begin PBXVariantGroup section */
		4C1FF4F2212A74730055067D /* Localizable.strings */ = {
			isa = PBXVariantGroup;
			children = (
				4C1FF4F1212A74730055067D /* en */,
				4C1FF4F4212A76410055067D /* zh-Hans */,
			);
			name = Localizable.strings;
			sourceTree = "<group>";
		};
/* End PBXVariantGroup section */

/* Begin XCBuildConfiguration section */
		4CCE42682124553C0080E92B /* Debug */ = {
			isa = XCBuildConfiguration;
			buildSettings = {
				ALWAYS_SEARCH_USER_PATHS = NO;
				CLANG_ANALYZER_LOCALIZABILITY_NONLOCALIZED = YES;
				CLANG_ANALYZER_NONNULL = YES;
				CLANG_ANALYZER_NUMBER_OBJECT_CONVERSION = YES_AGGRESSIVE;
				CLANG_CXX_LANGUAGE_STANDARD = "gnu++14";
				CLANG_CXX_LIBRARY = "libc++";
				CLANG_ENABLE_MODULES = YES;
				CLANG_ENABLE_OBJC_ARC = YES;
				CLANG_ENABLE_OBJC_WEAK = YES;
				CLANG_WARN_BLOCK_CAPTURE_AUTORELEASING = YES;
				CLANG_WARN_BOOL_CONVERSION = YES;
				CLANG_WARN_COMMA = YES;
				CLANG_WARN_CONSTANT_CONVERSION = YES;
				CLANG_WARN_DEPRECATED_OBJC_IMPLEMENTATIONS = YES;
				CLANG_WARN_DIRECT_OBJC_ISA_USAGE = YES_ERROR;
				CLANG_WARN_DOCUMENTATION_COMMENTS = YES;
				CLANG_WARN_EMPTY_BODY = YES;
				CLANG_WARN_ENUM_CONVERSION = YES;
				CLANG_WARN_INFINITE_RECURSION = YES;
				CLANG_WARN_INT_CONVERSION = YES;
				CLANG_WARN_NON_LITERAL_NULL_CONVERSION = YES;
				CLANG_WARN_OBJC_IMPLICIT_RETAIN_SELF = YES;
				CLANG_WARN_OBJC_LITERAL_CONVERSION = YES;
				CLANG_WARN_OBJC_ROOT_CLASS = YES_ERROR;
				CLANG_WARN_RANGE_LOOP_ANALYSIS = YES;
				CLANG_WARN_STRICT_PROTOTYPES = YES;
				CLANG_WARN_SUSPICIOUS_MOVE = YES;
				CLANG_WARN_UNGUARDED_AVAILABILITY = YES_AGGRESSIVE;
				CLANG_WARN_UNREACHABLE_CODE = YES;
				CLANG_WARN__DUPLICATE_METHOD_MATCH = YES;
				CODE_SIGN_IDENTITY = "iPhone Developer";
				COPY_PHASE_STRIP = NO;
				DEBUG_INFORMATION_FORMAT = dwarf;
				ENABLE_STRICT_OBJC_MSGSEND = YES;
				ENABLE_TESTABILITY = YES;
				GCC_C_LANGUAGE_STANDARD = gnu11;
				GCC_DYNAMIC_NO_PIC = NO;
				GCC_NO_COMMON_BLOCKS = YES;
				GCC_OPTIMIZATION_LEVEL = 0;
				GCC_PREPROCESSOR_DEFINITIONS = (
					"DEBUG=1",
					"$(inherited)",
				);
				GCC_WARN_64_TO_32_BIT_CONVERSION = YES;
				GCC_WARN_ABOUT_RETURN_TYPE = YES_ERROR;
				GCC_WARN_UNDECLARED_SELECTOR = YES;
				GCC_WARN_UNINITIALIZED_AUTOS = YES_AGGRESSIVE;
				GCC_WARN_UNUSED_FUNCTION = YES;
				GCC_WARN_UNUSED_VARIABLE = YES;
				IPHONEOS_DEPLOYMENT_TARGET = 10.0;
				MTL_ENABLE_DEBUG_INFO = YES;
				ONLY_ACTIVE_ARCH = YES;
				SDKROOT = iphoneos;
				SWIFT_ACTIVE_COMPILATION_CONDITIONS = DEBUG;
				SWIFT_OPTIMIZATION_LEVEL = "-Onone";
			};
			name = Debug;
		};
		4CCE42692124553C0080E92B /* Release */ = {
			isa = XCBuildConfiguration;
			buildSettings = {
				ALWAYS_SEARCH_USER_PATHS = NO;
				CLANG_ANALYZER_LOCALIZABILITY_NONLOCALIZED = YES;
				CLANG_ANALYZER_NONNULL = YES;
				CLANG_ANALYZER_NUMBER_OBJECT_CONVERSION = YES_AGGRESSIVE;
				CLANG_CXX_LANGUAGE_STANDARD = "gnu++14";
				CLANG_CXX_LIBRARY = "libc++";
				CLANG_ENABLE_MODULES = YES;
				CLANG_ENABLE_OBJC_ARC = YES;
				CLANG_ENABLE_OBJC_WEAK = YES;
				CLANG_WARN_BLOCK_CAPTURE_AUTORELEASING = YES;
				CLANG_WARN_BOOL_CONVERSION = YES;
				CLANG_WARN_COMMA = YES;
				CLANG_WARN_CONSTANT_CONVERSION = YES;
				CLANG_WARN_DEPRECATED_OBJC_IMPLEMENTATIONS = YES;
				CLANG_WARN_DIRECT_OBJC_ISA_USAGE = YES_ERROR;
				CLANG_WARN_DOCUMENTATION_COMMENTS = YES;
				CLANG_WARN_EMPTY_BODY = YES;
				CLANG_WARN_ENUM_CONVERSION = YES;
				CLANG_WARN_INFINITE_RECURSION = YES;
				CLANG_WARN_INT_CONVERSION = YES;
				CLANG_WARN_NON_LITERAL_NULL_CONVERSION = YES;
				CLANG_WARN_OBJC_IMPLICIT_RETAIN_SELF = YES;
				CLANG_WARN_OBJC_LITERAL_CONVERSION = YES;
				CLANG_WARN_OBJC_ROOT_CLASS = YES_ERROR;
				CLANG_WARN_RANGE_LOOP_ANALYSIS = YES;
				CLANG_WARN_STRICT_PROTOTYPES = YES;
				CLANG_WARN_SUSPICIOUS_MOVE = YES;
				CLANG_WARN_UNGUARDED_AVAILABILITY = YES_AGGRESSIVE;
				CLANG_WARN_UNREACHABLE_CODE = YES;
				CLANG_WARN__DUPLICATE_METHOD_MATCH = YES;
				CODE_SIGN_IDENTITY = "iPhone Developer";
				COPY_PHASE_STRIP = NO;
				DEBUG_INFORMATION_FORMAT = "dwarf-with-dsym";
				ENABLE_NS_ASSERTIONS = NO;
				ENABLE_STRICT_OBJC_MSGSEND = YES;
				GCC_C_LANGUAGE_STANDARD = gnu11;
				GCC_NO_COMMON_BLOCKS = YES;
				GCC_WARN_64_TO_32_BIT_CONVERSION = YES;
				GCC_WARN_ABOUT_RETURN_TYPE = YES_ERROR;
				GCC_WARN_UNDECLARED_SELECTOR = YES;
				GCC_WARN_UNINITIALIZED_AUTOS = YES_AGGRESSIVE;
				GCC_WARN_UNUSED_FUNCTION = YES;
				GCC_WARN_UNUSED_VARIABLE = YES;
				IPHONEOS_DEPLOYMENT_TARGET = 10.0;
				MTL_ENABLE_DEBUG_INFO = NO;
				SDKROOT = iphoneos;
				SWIFT_COMPILATION_MODE = wholemodule;
				SWIFT_OPTIMIZATION_LEVEL = "-O";
				VALIDATE_PRODUCT = YES;
			};
			name = Release;
		};
		4CCE426B2124553C0080E92B /* Debug */ = {
			isa = XCBuildConfiguration;
			baseConfigurationReference = 8C959221E3DAE4FAF07176D1 /* Pods-Vite.debug.xcconfig */;
			buildSettings = {
				ASSETCATALOG_COMPILER_APPICON_NAME = AppIcon;
				CODE_SIGN_ENTITLEMENTS = Vite/Vite.entitlements;
				CODE_SIGN_STYLE = Manual;
				DEVELOPMENT_TEAM = "";
				INFOPLIST_FILE = Vite/Info.plist;
				IPHONEOS_DEPLOYMENT_TARGET = 10.0;
				LD_RUNPATH_SEARCH_PATHS = (
					"$(inherited)",
					"@executable_path/Frameworks",
				);
				PRODUCT_BUNDLE_IDENTIFIER = "org.vite.demo-keychain";
				PRODUCT_NAME = "$(TARGET_NAME)";
				PROVISIONING_PROFILE_SPECIFIER = "";
				SWIFT_VERSION = 4.0;
				TARGETED_DEVICE_FAMILY = "1,2";
			};
			name = Debug;
		};
		4CCE426C2124553C0080E92B /* Release */ = {
			isa = XCBuildConfiguration;
			baseConfigurationReference = B5C0FE724D993EC85BD39D8F /* Pods-Vite.release.xcconfig */;
			buildSettings = {
				ASSETCATALOG_COMPILER_APPICON_NAME = AppIcon;
				CODE_SIGN_ENTITLEMENTS = Vite/Vite.entitlements;
				CODE_SIGN_IDENTITY = "iPhone Distribution";
				CODE_SIGN_STYLE = Manual;
				DEVELOPMENT_TEAM = AFT6GLPY7D;
				INFOPLIST_FILE = Vite/Info.plist;
				IPHONEOS_DEPLOYMENT_TARGET = 10.0;
				LD_RUNPATH_SEARCH_PATHS = (
					"$(inherited)",
					"@executable_path/Frameworks",
				);
				PRODUCT_BUNDLE_IDENTIFIER = "org.vite.demo-keychain";
				PRODUCT_NAME = "$(TARGET_NAME)";
				PROVISIONING_PROFILE = "9db5cd5c-e50f-41c7-83c4-659ec7350fc5";
				PROVISIONING_PROFILE_SPECIFIER = "org.vite.demo-keychain.adhoc";
				SWIFT_VERSION = 4.0;
				TARGETED_DEVICE_FAMILY = "1,2";
			};
			name = Release;
		};
		4CCE426E2124553C0080E92B /* Debug */ = {
			isa = XCBuildConfiguration;
			baseConfigurationReference = 90D19E345292B3451EF0C77B /* Pods-ViteTests.debug.xcconfig */;
			buildSettings = {
				ALWAYS_EMBED_SWIFT_STANDARD_LIBRARIES = YES;
				BUNDLE_LOADER = "$(TEST_HOST)";
				CODE_SIGN_STYLE = Automatic;
				INFOPLIST_FILE = ViteTests/Info.plist;
				LD_RUNPATH_SEARCH_PATHS = (
					"$(inherited)",
					"@executable_path/Frameworks",
					"@loader_path/Frameworks",
				);
				PRODUCT_BUNDLE_IDENTIFIER = com.vite.org.ViteTests;
				PRODUCT_NAME = "$(TARGET_NAME)";
				SWIFT_VERSION = 4.0;
				TARGETED_DEVICE_FAMILY = "1,2";
				TEST_HOST = "$(BUILT_PRODUCTS_DIR)/Vite.app/Vite";
			};
			name = Debug;
		};
		4CCE426F2124553C0080E92B /* Release */ = {
			isa = XCBuildConfiguration;
			baseConfigurationReference = 9CDD7A55935285C97D7AB255 /* Pods-ViteTests.release.xcconfig */;
			buildSettings = {
				ALWAYS_EMBED_SWIFT_STANDARD_LIBRARIES = YES;
				BUNDLE_LOADER = "$(TEST_HOST)";
				CODE_SIGN_STYLE = Automatic;
				INFOPLIST_FILE = ViteTests/Info.plist;
				LD_RUNPATH_SEARCH_PATHS = (
					"$(inherited)",
					"@executable_path/Frameworks",
					"@loader_path/Frameworks",
				);
				PRODUCT_BUNDLE_IDENTIFIER = com.vite.org.ViteTests;
				PRODUCT_NAME = "$(TARGET_NAME)";
				SWIFT_VERSION = 4.0;
				TARGETED_DEVICE_FAMILY = "1,2";
				TEST_HOST = "$(BUILT_PRODUCTS_DIR)/Vite.app/Vite";
			};
			name = Release;
		};
		4CCE42712124553C0080E92B /* Debug */ = {
			isa = XCBuildConfiguration;
			baseConfigurationReference = D83E6CF5AD50F3015A693D0D /* Pods-ViteUITests.debug.xcconfig */;
			buildSettings = {
				ALWAYS_EMBED_SWIFT_STANDARD_LIBRARIES = YES;
				CODE_SIGN_STYLE = Automatic;
				INFOPLIST_FILE = ViteUITests/Info.plist;
				LD_RUNPATH_SEARCH_PATHS = (
					"$(inherited)",
					"@executable_path/Frameworks",
					"@loader_path/Frameworks",
				);
				PRODUCT_BUNDLE_IDENTIFIER = com.vite.org.ViteUITests;
				PRODUCT_NAME = "$(TARGET_NAME)";
				SWIFT_VERSION = 4.0;
				TARGETED_DEVICE_FAMILY = "1,2";
				TEST_TARGET_NAME = Vite;
			};
			name = Debug;
		};
		4CCE42722124553C0080E92B /* Release */ = {
			isa = XCBuildConfiguration;
			baseConfigurationReference = ED2FE67C927C72B4CA67FD50 /* Pods-ViteUITests.release.xcconfig */;
			buildSettings = {
				ALWAYS_EMBED_SWIFT_STANDARD_LIBRARIES = YES;
				CODE_SIGN_STYLE = Automatic;
				INFOPLIST_FILE = ViteUITests/Info.plist;
				LD_RUNPATH_SEARCH_PATHS = (
					"$(inherited)",
					"@executable_path/Frameworks",
					"@loader_path/Frameworks",
				);
				PRODUCT_BUNDLE_IDENTIFIER = com.vite.org.ViteUITests;
				PRODUCT_NAME = "$(TARGET_NAME)";
				SWIFT_VERSION = 4.0;
				TARGETED_DEVICE_FAMILY = "1,2";
				TEST_TARGET_NAME = Vite;
			};
			name = Release;
		};
/* End XCBuildConfiguration section */

/* Begin XCConfigurationList section */
		4CCE423D2124553B0080E92B /* Build configuration list for PBXProject "Vite" */ = {
			isa = XCConfigurationList;
			buildConfigurations = (
				4CCE42682124553C0080E92B /* Debug */,
				4CCE42692124553C0080E92B /* Release */,
			);
			defaultConfigurationIsVisible = 0;
			defaultConfigurationName = Release;
		};
		4CCE426A2124553C0080E92B /* Build configuration list for PBXNativeTarget "Vite" */ = {
			isa = XCConfigurationList;
			buildConfigurations = (
				4CCE426B2124553C0080E92B /* Debug */,
				4CCE426C2124553C0080E92B /* Release */,
			);
			defaultConfigurationIsVisible = 0;
			defaultConfigurationName = Release;
		};
		4CCE426D2124553C0080E92B /* Build configuration list for PBXNativeTarget "ViteTests" */ = {
			isa = XCConfigurationList;
			buildConfigurations = (
				4CCE426E2124553C0080E92B /* Debug */,
				4CCE426F2124553C0080E92B /* Release */,
			);
			defaultConfigurationIsVisible = 0;
			defaultConfigurationName = Release;
		};
		4CCE42702124553C0080E92B /* Build configuration list for PBXNativeTarget "ViteUITests" */ = {
			isa = XCConfigurationList;
			buildConfigurations = (
				4CCE42712124553C0080E92B /* Debug */,
				4CCE42722124553C0080E92B /* Release */,
			);
			defaultConfigurationIsVisible = 0;
			defaultConfigurationName = Release;
		};
/* End XCConfigurationList section */
	};
	rootObject = 4CCE423A2124553B0080E92B /* Project object */;
}
